<?xml version="1.0" encoding="utf-8"?>
<Project ToolsVersion="4.0" xmlns="http://schemas.microsoft.com/developer/msbuild/2003">
  <ItemGroup>
    <Filter Include="Header Files">
      <UniqueIdentifier>{93995380-89BD-4b04-88EB-625FBE52EBFB}</UniqueIdentifier>
      <Extensions>h;hh;hpp;hxx;h++;hm;inl;inc;ipp;xsd</Extensions>
    </Filter>
    <Filter Include="Resource Files">
      <UniqueIdentifier>{67DA6AB6-F800-4c08-8B7A-83BB121AAD01}</UniqueIdentifier>
      <Extensions>rc;ico;cur;bmp;dlg;rc2;rct;bin;rgs;gif;jpg;jpeg;jpe;resx;tiff;tif;png;wav;mfcribbon-ms</Extensions>
    </Filter>
    <Filter Include="Module">
      <UniqueIdentifier>{4FC737F1-C7A5-4376-A066-2A32D752A2FF}</UniqueIdentifier>
      <Extensions>cpp;c;cc;cxx;c++;cppm;ixx;def;odl;idl;hpj;bat;asm;asmx</Extensions>
    </Filter>
    <Filter Include="Process">
      <UniqueIdentifier>{16487fed-7345-4df5-a0ba-69a83ad58489}</UniqueIdentifier>
    </Filter>
    <Filter Include="Generated">
      <UniqueIdentifier>{40e3e100-e3be-4e23-a512-6699e732b64a}</UniqueIdentifier>
    </Filter>
    <Filter Include="HandMade">
      <UniqueIdentifier>{cc620307-ccaa-4210-bf81-c78710671a4e}</UniqueIdentifier>
    </Filter>
    <Filter Include="IDL">
      <UniqueIdentifier>{ca84dae1-a3d9-48c2-b9e0-bd1e820efd14}</UniqueIdentifier>
    </Filter>
    <Filter Include="Source Files">
      <UniqueIdentifier>{2a35854e-7c23-449d-9637-d063384fa2c2}</UniqueIdentifier>
      <Extensions>cpp;c;cc;cxx;def;odl;idl;hpj;bat;asm;asmx</Extensions>
    </Filter>
  </ItemGroup>
  <ItemGroup>
    <ClInclude Include="..\Core\Test\TestORB\module\DynamicI1.h">
      <Filter>Module</Filter>
    </ClInclude>
    <ClInclude Include="..\Core\Test\TestORB\module\DynamicI3.h">
      <Filter>Module</Filter>
    </ClInclude>
    <ClInclude Include="..\Core\Test\TestORB\module\ImplI1.h">
      <Filter>Module</Filter>
    </ClInclude>
    <ClInclude Include="..\Core\Test\TestORB\module\PortableI1.h">
      <Filter>Module</Filter>
    </ClInclude>
    <ClInclude Include="..\Core\Test\TestORB\module\PortableI3.h">
      <Filter>Module</Filter>
    </ClInclude>
    <ClInclude Include="..\Core\Test\TestORB\include\I1_factory_dynamic.h">
      <Filter>Header Files</Filter>
    </ClInclude>
    <ClInclude Include="..\Core\Test\TestORB\include\I1_factory_portable.h">
      <Filter>Header Files</Filter>
    </ClInclude>
    <ClInclude Include="..\Core\Test\TestORB\include\I1_static.h">
      <Filter>Header Files</Filter>
    </ClInclude>
    <ClInclude Include="..\Core\Test\TestORB\include\I1_factory_tied.h">
      <Filter>Header Files</Filter>
    </ClInclude>
    <ClInclude Include="..\Core\Test\TestORB\include\I3_factory_dynamic.h">
      <Filter>Header Files</Filter>
    </ClInclude>
    <ClInclude Include="..\Core\Test\TestORB\include\I3_factory_portable.h">
      <Filter>Header Files</Filter>
    </ClInclude>
    <ClInclude Include="..\Core\Test\TestORB\include\I3_static.h">
      <Filter>Header Files</Filter>
    </ClInclude>
    <ClInclude Include="..\Core\Test\TestORB\include\I3_factory_tied.h">
      <Filter>Header Files</Filter>
    </ClInclude>
    <ClInclude Include="..\Core\Test\TestORB\include\TestORB.h">
      <Filter>Header Files</Filter>
    </ClInclude>
    <ClInclude Include="generated\Test_I1.h">
      <Filter>Generated</Filter>
    </ClInclude>
    <ClInclude Include="generated\Test_I1_factory.h">
      <Filter>Generated</Filter>
    </ClInclude>
    <ClInclude Include="generated\Test_I1_factory_s.h">
      <Filter>Generated</Filter>
    </ClInclude>
    <ClInclude Include="generated\Test_I1_s.h">
      <Filter>Generated</Filter>
    </ClInclude>
    <ClInclude Include="generated\Test_I2.h">
      <Filter>Generated</Filter>
    </ClInclude>
    <ClInclude Include="generated\Test_I2_s.h">
      <Filter>Generated</Filter>
    </ClInclude>
    <ClInclude Include="generated\Test_I3.h">
      <Filter>Generated</Filter>
    </ClInclude>
    <ClInclude Include="generated\Test_I3_factory.h">
      <Filter>Generated</Filter>
    </ClInclude>
    <ClInclude Include="generated\Test_I3_factory_s.h">
      <Filter>Generated</Filter>
    </ClInclude>
    <ClInclude Include="generated\Test_I3_s.h">
      <Filter>Generated</Filter>
    </ClInclude>
    <ClInclude Include="..\Core\Test\TestORB\handmade\Test_I1.h">
      <Filter>HandMade</Filter>
    </ClInclude>
    <ClInclude Include="..\Core\Test\TestORB\handmade\Test_I1_factory.h">
      <Filter>HandMade</Filter>
    </ClInclude>
    <ClInclude Include="..\Core\Test\TestORB\handmade\Test_I1_factory_s.h">
      <Filter>HandMade</Filter>
    </ClInclude>
    <ClInclude Include="..\Core\Test\TestORB\handmade\Test_I1_s.h">
      <Filter>HandMade</Filter>
    </ClInclude>
    <ClInclude Include="..\Core\Test\TestORB\handmade\Test_I2.h">
      <Filter>HandMade</Filter>
    </ClInclude>
    <ClInclude Include="..\Core\Test\TestORB\handmade\Test_I2_s.h">
      <Filter>HandMade</Filter>
    </ClInclude>
    <ClInclude Include="..\Core\Test\TestORB\handmade\Test_I3.h">
      <Filter>HandMade</Filter>
    </ClInclude>
    <ClInclude Include="..\Core\Test\TestORB\handmade\Test_I3_factory.h">
      <Filter>HandMade</Filter>
    </ClInclude>
    <ClInclude Include="..\Core\Test\TestORB\handmade\Test_I3_factory_s.h">
      <Filter>HandMade</Filter>
    </ClInclude>
    <ClInclude Include="..\Core\Test\TestORB\handmade\Test_I3_s.h">
      <Filter>HandMade</Filter>
    </ClInclude>
  </ItemGroup>
  <ItemGroup>
    <ClCompile Include="..\Core\Test\TestORB\module\I1_factory_dynamic.cpp">
      <Filter>Module</Filter>
    </ClCompile>
    <ClCompile Include="..\Core\Test\TestORB\module\I1_factory_portable.cpp">
      <Filter>Module</Filter>
    </ClCompile>
    <ClCompile Include="..\Core\Test\TestORB\module\I1_static.cpp">
      <Filter>Module</Filter>
    </ClCompile>
    <ClCompile Include="..\Core\Test\TestORB\module\I1_factory_tied.cpp">
      <Filter>Module</Filter>
    </ClCompile>
    <ClCompile Include="..\Core\Test\TestORB\module\I3_factory_dynamic.cpp">
      <Filter>Module</Filter>
    </ClCompile>
    <ClCompile Include="..\Core\Test\TestORB\module\I3_factory_portable.cpp">
      <Filter>Module</Filter>
    </ClCompile>
    <ClCompile Include="..\Core\Test\TestORB\module\I3_static.cpp">
      <Filter>Module</Filter>
    </ClCompile>
    <ClCompile Include="..\Core\Test\TestORB\module\I3_factory_tied.cpp">
      <Filter>Module</Filter>
    </ClCompile>
    <ClCompile Include="..\Core\Test\TestORB\module\ImplI1.cpp">
      <Filter>Module</Filter>
    </ClCompile>
    <ClCompile Include="..\Core\Test\TestORB\process\Test.cpp">
      <Filter>Process</Filter>
    </ClCompile>
    <ClCompile Include="..\Core\Test\TestORB\process\TestORB.cpp">
      <Filter>Process</Filter>
    </ClCompile>
    <ClCompile Include="generated\Test_I1.cpp">
      <Filter>Generated</Filter>
    </ClCompile>
    <ClCompile Include="generated\Test_I1_factory.cpp">
      <Filter>Generated</Filter>
    </ClCompile>
    <ClCompile Include="generated\Test_I1_factory_p.cpp">
      <Filter>Generated</Filter>
    </ClCompile>
    <ClCompile Include="generated\Test_I1_p.cpp">
      <Filter>Generated</Filter>
    </ClCompile>
    <ClCompile Include="generated\Test_I2.cpp">
      <Filter>Generated</Filter>
    </ClCompile>
    <ClCompile Include="generated\Test_I2_p.cpp">
      <Filter>Generated</Filter>
    </ClCompile>
    <ClCompile Include="generated\Test_I3.cpp">
      <Filter>Generated</Filter>
    </ClCompile>
    <ClCompile Include="generated\Test_I3_factory.cpp">
      <Filter>Generated</Filter>
    </ClCompile>
    <ClCompile Include="generated\Test_I3_factory_p.cpp">
      <Filter>Generated</Filter>
    </ClCompile>
    <ClCompile Include="generated\Test_I3_p.cpp">
      <Filter>Generated</Filter>
    </ClCompile>
    <ClCompile Include="..\Core\Test\TestORB\handmade\Test_I1.cpp">
      <Filter>HandMade</Filter>
    </ClCompile>
    <ClCompile Include="..\Core\Test\TestORB\handmade\Test_I1_factory.cpp">
      <Filter>HandMade</Filter>
    </ClCompile>
    <ClCompile Include="..\Core\Test\TestORB\handmade\Test_I1_factory_p.cpp">
      <Filter>HandMade</Filter>
    </ClCompile>
    <ClCompile Include="..\Core\Test\TestORB\handmade\Test_I1_p.cpp">
      <Filter>HandMade</Filter>
    </ClCompile>
    <ClCompile Include="..\Core\Test\TestORB\handmade\Test_I2.cpp">
      <Filter>HandMade</Filter>
    </ClCompile>
    <ClCompile Include="..\Core\Test\TestORB\handmade\Test_I2_p.cpp">
      <Filter>HandMade</Filter>
    </ClCompile>
    <ClCompile Include="..\Core\Test\TestORB\handmade\Test_I3.cpp">
      <Filter>HandMade</Filter>
    </ClCompile>
    <ClCompile Include="..\Core\Test\TestORB\handmade\Test_I3_factory.cpp">
      <Filter>HandMade</Filter>
    </ClCompile>
    <ClCompile Include="..\Core\Test\TestORB\handmade\Test_I3_factory_p.cpp">
      <Filter>HandMade</Filter>
    </ClCompile>
    <ClCompile Include="..\Core\Test\TestORB\handmade\Test_I3_p.cpp">
      <Filter>HandMade</Filter>
    </ClCompile>
    <ClCompile Include="..\Core\Source\exports.cpp">
      <Filter>Source Files</Filter>
    </ClCompile>
  </ItemGroup>
  <ItemGroup>
    <CustomBuild Include="..\Core\Test\TestORB\idl\Test_I1.idl">
      <Filter>IDL</Filter>
    </CustomBuild>
    <CustomBuild Include="..\Core\Test\TestORB\idl\Test_I1_factory.idl">
      <Filter>IDL</Filter>
    </CustomBuild>
    <CustomBuild Include="..\Core\Test\TestORB\idl\Test_I2.idl">
      <Filter>IDL</Filter>
    </CustomBuild>
    <CustomBuild Include="..\Core\Test\TestORB\idl\Test_I3.idl">
      <Filter>IDL</Filter>
    </CustomBuild>
    <CustomBuild Include="..\Core\Test\TestORB\idl\Test_I3_factory.idl">
      <Filter>IDL</Filter>
    </CustomBuild>
  </ItemGroup>
</Project>