
Microsoft Visual Studio Solution File, Format Version 12.00
# Visual Studio Version 16
VisualStudioVersion = 16.0.30320.27
MinimumVisualStudioVersion = 10.0.40219.1
Project("{8BC9CEB8-8B4A-11D0-8D11-00A0C91BC942}") = "Nirvana", "Nirvana\Nirvana.vcxproj", "{E820686C-5A7C-484B-846C-6198E4BB7C65}"
EndProject
Project("{8BC9CEB8-8B4A-11D0-8D11-00A0C91BC942}") = "TestWindows", "TestWindows\TestWindows.vcxproj", "{DF0F7940-E8AB-42AF-BF34-9EB65EF7C059}"
EndProject
Project("{8BC9CEB8-8B4A-11D0-8D11-00A0C91BC942}") = "TestCore", "TestCore\TestCore.vcxproj", "{D5A19ED7-DF97-4202-AE2A-F4E33FE8679C}"
EndProject
Project("{8BC9CEB8-8B4A-11D0-8D11-00A0C91BC942}") = "LibCore", "LibCore\LibCore.vcxproj", "{3D48B775-2793-4249-BCE4-57736373EC32}"
EndProject
Project("{8BC9CEB8-8B4A-11D0-8D11-00A0C91BC942}") = "LibWindows", "LibWindows\LibWindows.vcxproj", "{3F85577E-CFD2-4FB9-9C3C-6DA6BBA3CDA5}"
EndProject
Global
	GlobalSection(SolutionConfigurationPlatforms) = preSolution
		Debug|x64 = Debug|x64
		Debug|x86 = Debug|x86
		Release|x64 = Release|x64
		Release|x86 = Release|x86
	EndGlobalSection
	GlobalSection(ProjectConfigurationPlatforms) = postSolution
		{E820686C-5A7C-484B-846C-6198E4BB7C65}.Debug|x64.ActiveCfg = Debug|x64
		{E820686C-5A7C-484B-846C-6198E4BB7C65}.Debug|x86.ActiveCfg = Debug|Win32
		{E820686C-5A7C-484B-846C-6198E4BB7C65}.Release|x64.ActiveCfg = Release|x64
		{E820686C-5A7C-484B-846C-6198E4BB7C65}.Release|x86.ActiveCfg = Release|Win32
		{DF0F7940-E8AB-42AF-BF34-9EB65EF7C059}.Debug|x64.ActiveCfg = Debug|x64
		{DF0F7940-E8AB-42AF-BF34-9EB65EF7C059}.Debug|x64.Build.0 = Debug|x64
		{DF0F7940-E8AB-42AF-BF34-9EB65EF7C059}.Debug|x86.ActiveCfg = Debug|Win32
		{DF0F7940-E8AB-42AF-BF34-9EB65EF7C059}.Debug|x86.Build.0 = Debug|Win32
		{DF0F7940-E8AB-42AF-BF34-9EB65EF7C059}.Release|x64.ActiveCfg = Release|x64
		{DF0F7940-E8AB-42AF-BF34-9EB65EF7C059}.Release|x64.Build.0 = Release|x64
		{DF0F7940-E8AB-42AF-BF34-9EB65EF7C059}.Release|x86.ActiveCfg = Release|Win32
		{DF0F7940-E8AB-42AF-BF34-9EB65EF7C059}.Release|x86.Build.0 = Release|Win32
		{D5A19ED7-DF97-4202-AE2A-F4E33FE8679C}.Debug|x64.ActiveCfg = Debug|x64
		{D5A19ED7-DF97-4202-AE2A-F4E33FE8679C}.Debug|x64.Build.0 = Debug|x64
		{D5A19ED7-DF97-4202-AE2A-F4E33FE8679C}.Debug|x86.ActiveCfg = Debug|Win32
		{D5A19ED7-DF97-4202-AE2A-F4E33FE8679C}.Debug|x86.Build.0 = Debug|Win32
		{D5A19ED7-DF97-4202-AE2A-F4E33FE8679C}.Release|x64.ActiveCfg = Release|x64
		{D5A19ED7-DF97-4202-AE2A-F4E33FE8679C}.Release|x64.Build.0 = Release|x64
		{D5A19ED7-DF97-4202-AE2A-F4E33FE8679C}.Release|x86.ActiveCfg = Release|Win32
		{D5A19ED7-DF97-4202-AE2A-F4E33FE8679C}.Release|x86.Build.0 = Release|Win32
		{3D48B775-2793-4249-BCE4-57736373EC32}.Debug|x64.ActiveCfg = Debug|x64
		{3D48B775-2793-4249-BCE4-57736373EC32}.Debug|x64.Build.0 = Debug|x64
		{3D48B775-2793-4249-BCE4-57736373EC32}.Debug|x86.ActiveCfg = Debug|Win32
		{3D48B775-2793-4249-BCE4-57736373EC32}.Debug|x86.Build.0 = Debug|Win32
		{3D48B775-2793-4249-BCE4-57736373EC32}.Release|x64.ActiveCfg = Release|x64
		{3D48B775-2793-4249-BCE4-57736373EC32}.Release|x64.Build.0 = Release|x64
		{3D48B775-2793-4249-BCE4-57736373EC32}.Release|x86.ActiveCfg = Release|Win32
		{3D48B775-2793-4249-BCE4-57736373EC32}.Release|x86.Build.0 = Release|Win32
		{3F85577E-CFD2-4FB9-9C3C-6DA6BBA3CDA5}.Debug|x64.ActiveCfg = Debug|x64
		{3F85577E-CFD2-4FB9-9C3C-6DA6BBA3CDA5}.Debug|x64.Build.0 = Debug|x64
		{3F85577E-CFD2-4FB9-9C3C-6DA6BBA3CDA5}.Debug|x86.ActiveCfg = Debug|Win32
		{3F85577E-CFD2-4FB9-9C3C-6DA6BBA3CDA5}.Debug|x86.Build.0 = Debug|Win32
		{3F85577E-CFD2-4FB9-9C3C-6DA6BBA3CDA5}.Release|x64.ActiveCfg = Release|x64
		{3F85577E-CFD2-4FB9-9C3C-6DA6BBA3CDA5}.Release|x64.Build.0 = Release|x64
		{3F85577E-CFD2-4FB9-9C3C-6DA6BBA3CDA5}.Release|x86.ActiveCfg = Release|Win32
		{3F85577E-CFD2-4FB9-9C3C-6DA6BBA3CDA5}.Release|x86.Build.0 = Release|Win32
	EndGlobalSection
	GlobalSection(SolutionProperties) = preSolution
		HideSolutionNode = FALSE
	EndGlobalSection
	GlobalSection(ExtensibilityGlobals) = postSolution
		SolutionGuid = {DD251D1E-6058-4127-9CB4-68E3B53A60AA}
	EndGlobalSection
EndGlobal
