
Microsoft Visual Studio Solution File, Format Version 12.00
# Visual Studio Version 16
VisualStudioVersion = 16.0.30320.27
MinimumVisualStudioVersion = 10.0.40219.1
Project("{2150E333-8FDC-42A3-9474-1A3956D46DE8}") = "Core", "Core", "{FF4338E9-9E9D-4B2C-BFF0-69F2F9F5E6FC}"
	ProjectSection(SolutionItems) = preProject
		Core\Core\readme.md = Core\Core\readme.md
	EndProjectSection
EndProject
Project("{8BC9CEB8-8B4A-11D0-8D11-00A0C91BC942}") = "LibCore", "Core\LibCore\LibCore.vcxproj", "{3D48B775-2793-4249-BCE4-57736373EC32}"
EndProject
Project("{8BC9CEB8-8B4A-11D0-8D11-00A0C91BC942}") = "TestCore", "Core\TestCore\TestCore.vcxproj", "{D5A19ED7-DF97-4202-AE2A-F4E33FE8679C}"
	ProjectSection(ProjectDependencies) = postProject
		{3F85577E-CFD2-4FB9-9C3C-6DA6BBA3CDA5} = {3F85577E-CFD2-4FB9-9C3C-6DA6BBA3CDA5}
	EndProjectSection
EndProject
Project("{8BC9CEB8-8B4A-11D0-8D11-00A0C91BC942}") = "Nirvana", "Core\Nirvana\Nirvana.vcxproj", "{E820686C-5A7C-484B-846C-6198E4BB7C65}"
	ProjectSection(ProjectDependencies) = postProject
		{3F85577E-CFD2-4FB9-9C3C-6DA6BBA3CDA5} = {3F85577E-CFD2-4FB9-9C3C-6DA6BBA3CDA5}
	EndProjectSection
EndProject
Project("{2150E333-8FDC-42A3-9474-1A3956D46DE8}") = "Port", "Port", "{97F41E2D-837C-4523-9ED2-3D75034C1D12}"
EndProject
Project("{2150E333-8FDC-42A3-9474-1A3956D46DE8}") = "Windows", "Windows", "{58C66CB0-7DC2-40C7-BB19-3C0EA2780FC6}"
	ProjectSection(SolutionItems) = preProject
		Port\Windows\Windows\readme.md = Port\Windows\Windows\readme.md
	EndProjectSection
EndProject
Project("{8BC9CEB8-8B4A-11D0-8D11-00A0C91BC942}") = "LibWindows", "Port\Windows\LibWindows\LibWindows.vcxproj", "{3F85577E-CFD2-4FB9-9C3C-6DA6BBA3CDA5}"
EndProject
Project("{8BC9CEB8-8B4A-11D0-8D11-00A0C91BC942}") = "ReleaseSemaphore", "Port\Windows\ReleaseSemaphore\ReleaseSemaphore.vcxproj", "{1B422A79-C732-4F3F-B001-23D0453515F2}"
EndProject
Project("{8BC9CEB8-8B4A-11D0-8D11-00A0C91BC942}") = "TestWindows", "Port\Windows\TestWindows\TestWindows.vcxproj", "{DF0F7940-E8AB-42AF-BF34-9EB65EF7C059}"
EndProject
Project("{8BC9CEB8-8B4A-11D0-8D11-00A0C91BC942}") = "TestWindowsAPI", "Port\Windows\TestWindowsAPI\TestWindowsAPI.vcxproj", "{FECA81D6-DF8E-49FB-9A72-DD6BCAB4DCC5}"
EndProject
Project("{2150E333-8FDC-42A3-9474-1A3956D46DE8}") = "Library", "Library", "{6AED9205-3618-4F2C-8528-C3D54B64FBDE}"
EndProject
Project("{8BC9CEB8-8B4A-11D0-8D11-00A0C91BC942}") = "googletest", "Library.VC\googletest\googletest.vcxproj", "{5D537823-C595-4FB0-8056-9E6CE6A58EA7}"
	ProjectSection(ProjectDependencies) = postProject
		{810A987D-BFF4-4112-A59F-B8EAE9FCCD65} = {810A987D-BFF4-4112-A59F-B8EAE9FCCD65}
	EndProjectSection
EndProject
Project("{2150E333-8FDC-42A3-9474-1A3956D46DE8}") = "Nirvana", "Nirvana", "{7DDCA35A-F478-4AC4-9306-C8D4AA1576BE}"
EndProject
Project("{8BC9CEB8-8B4A-11D0-8D11-00A0C91BC942}") = "CoreImport", "Library.VC\Nirvana\CoreImport\CoreImport.vcxproj", "{0D8B0020-62E3-472F-BE10-5400BC8183CA}"
EndProject
Project("{8BC9CEB8-8B4A-11D0-8D11-00A0C91BC942}") = "LibMock", "Library.VC\Nirvana\LibMock\LibMock.vcxproj", "{AE347E10-438A-4A2B-8D7F-47B40D85BE40}"
EndProject
Project("{8BC9CEB8-8B4A-11D0-8D11-00A0C91BC942}") = "Library", "Library.VC\Nirvana\Library\Library.vcxproj", "{810A987D-BFF4-4112-A59F-B8EAE9FCCD65}"
EndProject
Project("{8BC9CEB8-8B4A-11D0-8D11-00A0C91BC942}") = "TestLibrary", "Library.VC\Nirvana\TestLibrary\TestLibrary.vcxproj", "{E39BE139-4A09-4ED6-8432-8E759940EC67}"
EndProject
Project("{8BC9CEB8-8B4A-11D0-8D11-00A0C91BC942}") = "TestSTL", "Library.VC\Nirvana\TestSTL\TestSTL.vcxproj", "{86F95AA8-7AED-4631-A1C1-A5F010D0E127}"
EndProject
Project("{8BC9CEB8-8B4A-11D0-8D11-00A0C91BC942}") = "CRTL", "Library.VC\Nirvana\CRTL\CRTL.vcxproj", "{ED89B7CD-543A-4D5B-AAB8-E2DA7148D7F0}"
EndProject
Project("{8BC9CEB8-8B4A-11D0-8D11-00A0C91BC942}") = "GTest", "Core\GTest\GTest.vcxproj", "{F763282F-C2F4-40F4-9CAC-8DCEFA4C5D94}"
EndProject
Project("{8BC9CEB8-8B4A-11D0-8D11-00A0C91BC942}") = "TestSystem", "Core\TestSystem\TestSystem.vcxproj", "{A543850D-7786-42D0-BABC-AD6C6ED2A2F8}"
	ProjectSection(ProjectDependencies) = postProject
		{3F85577E-CFD2-4FB9-9C3C-6DA6BBA3CDA5} = {3F85577E-CFD2-4FB9-9C3C-6DA6BBA3CDA5}
	EndProjectSection
EndProject
Project("{8BC9CEB8-8B4A-11D0-8D11-00A0C91BC942}") = "TestSysORB", "Core\TestSysORB\TestSysORB.vcxproj", "{7E3246D9-7E7A-4FA4-9297-B0CCB1BB98A3}"
EndProject
Project("{2150E333-8FDC-42A3-9474-1A3956D46DE8}") = "Solution Items", "Solution Items", "{7A0478C1-51CA-41AD-A330-C3E6E58E9A67}"
	ProjectSection(SolutionItems) = preProject
		cpp.hint = cpp.hint
		readme.md = readme.md
	EndProjectSection
EndProject
Project("{8BC9CEB8-8B4A-11D0-8D11-00A0C91BC942}") = "nidl2cpp", "nidl2cpp.vc\nidl2cpp\nidl2cpp.vcxproj", "{9F79EE0A-C429-42CB-8253-309B4CED8D39}"
EndProject
Global
	GlobalSection(SolutionConfigurationPlatforms) = preSolution
		Debug LLVM|x64 = Debug LLVM|x64
		Debug LLVM|x86 = Debug LLVM|x86
		Debug|x64 = Debug|x64
		Debug|x86 = Debug|x86
		Release LLVM|x64 = Release LLVM|x64
		Release LLVM|x86 = Release LLVM|x86
		Release|x64 = Release|x64
		Release|x86 = Release|x86
	EndGlobalSection
	GlobalSection(ProjectConfigurationPlatforms) = postSolution
		{3D48B775-2793-4249-BCE4-57736373EC32}.Debug LLVM|x64.ActiveCfg = Debug LLVM|x64
		{3D48B775-2793-4249-BCE4-57736373EC32}.Debug LLVM|x64.Build.0 = Debug LLVM|x64
		{3D48B775-2793-4249-BCE4-57736373EC32}.Debug LLVM|x86.ActiveCfg = Debug LLVM|Win32
		{3D48B775-2793-4249-BCE4-57736373EC32}.Debug LLVM|x86.Build.0 = Debug LLVM|Win32
		{3D48B775-2793-4249-BCE4-57736373EC32}.Debug|x64.ActiveCfg = Debug|x64
		{3D48B775-2793-4249-BCE4-57736373EC32}.Debug|x64.Build.0 = Debug|x64
		{3D48B775-2793-4249-BCE4-57736373EC32}.Debug|x86.ActiveCfg = Debug|Win32
		{3D48B775-2793-4249-BCE4-57736373EC32}.Debug|x86.Build.0 = Debug|Win32
		{3D48B775-2793-4249-BCE4-57736373EC32}.Release LLVM|x64.ActiveCfg = Release LLVM|x64
		{3D48B775-2793-4249-BCE4-57736373EC32}.Release LLVM|x64.Build.0 = Release LLVM|x64
		{3D48B775-2793-4249-BCE4-57736373EC32}.Release LLVM|x86.ActiveCfg = Release LLVM|Win32
		{3D48B775-2793-4249-BCE4-57736373EC32}.Release LLVM|x86.Build.0 = Release LLVM|Win32
		{3D48B775-2793-4249-BCE4-57736373EC32}.Release|x64.ActiveCfg = Release|x64
		{3D48B775-2793-4249-BCE4-57736373EC32}.Release|x64.Build.0 = Release|x64
		{3D48B775-2793-4249-BCE4-57736373EC32}.Release|x86.ActiveCfg = Release|Win32
		{3D48B775-2793-4249-BCE4-57736373EC32}.Release|x86.Build.0 = Release|Win32
		{D5A19ED7-DF97-4202-AE2A-F4E33FE8679C}.Debug LLVM|x64.ActiveCfg = Debug LLVM|x64
		{D5A19ED7-DF97-4202-AE2A-F4E33FE8679C}.Debug LLVM|x64.Build.0 = Debug LLVM|x64
		{D5A19ED7-DF97-4202-AE2A-F4E33FE8679C}.Debug LLVM|x86.ActiveCfg = Debug LLVM|Win32
		{D5A19ED7-DF97-4202-AE2A-F4E33FE8679C}.Debug LLVM|x86.Build.0 = Debug LLVM|Win32
		{D5A19ED7-DF97-4202-AE2A-F4E33FE8679C}.Debug|x64.ActiveCfg = Debug|x64
		{D5A19ED7-DF97-4202-AE2A-F4E33FE8679C}.Debug|x64.Build.0 = Debug|x64
		{D5A19ED7-DF97-4202-AE2A-F4E33FE8679C}.Debug|x86.ActiveCfg = Debug|Win32
		{D5A19ED7-DF97-4202-AE2A-F4E33FE8679C}.Debug|x86.Build.0 = Debug|Win32
		{D5A19ED7-DF97-4202-AE2A-F4E33FE8679C}.Release LLVM|x64.ActiveCfg = Release LLVM|x64
		{D5A19ED7-DF97-4202-AE2A-F4E33FE8679C}.Release LLVM|x64.Build.0 = Release LLVM|x64
		{D5A19ED7-DF97-4202-AE2A-F4E33FE8679C}.Release LLVM|x86.ActiveCfg = Release LLVM|Win32
		{D5A19ED7-DF97-4202-AE2A-F4E33FE8679C}.Release LLVM|x86.Build.0 = Release LLVM|Win32
		{D5A19ED7-DF97-4202-AE2A-F4E33FE8679C}.Release|x64.ActiveCfg = Release|x64
		{D5A19ED7-DF97-4202-AE2A-F4E33FE8679C}.Release|x64.Build.0 = Release|x64
		{D5A19ED7-DF97-4202-AE2A-F4E33FE8679C}.Release|x86.ActiveCfg = Release|Win32
		{D5A19ED7-DF97-4202-AE2A-F4E33FE8679C}.Release|x86.Build.0 = Release|Win32
		{E820686C-5A7C-484B-846C-6198E4BB7C65}.Debug LLVM|x64.ActiveCfg = Debug LLVM|x64
		{E820686C-5A7C-484B-846C-6198E4BB7C65}.Debug LLVM|x64.Build.0 = Debug LLVM|x64
		{E820686C-5A7C-484B-846C-6198E4BB7C65}.Debug LLVM|x86.ActiveCfg = Debug LLVM|Win32
		{E820686C-5A7C-484B-846C-6198E4BB7C65}.Debug LLVM|x86.Build.0 = Debug LLVM|Win32
		{E820686C-5A7C-484B-846C-6198E4BB7C65}.Debug|x64.ActiveCfg = Debug|x64
		{E820686C-5A7C-484B-846C-6198E4BB7C65}.Debug|x64.Build.0 = Debug|x64
		{E820686C-5A7C-484B-846C-6198E4BB7C65}.Debug|x86.ActiveCfg = Debug|Win32
		{E820686C-5A7C-484B-846C-6198E4BB7C65}.Debug|x86.Build.0 = Debug|Win32
		{E820686C-5A7C-484B-846C-6198E4BB7C65}.Release LLVM|x64.ActiveCfg = Release LLVM|x64
		{E820686C-5A7C-484B-846C-6198E4BB7C65}.Release LLVM|x64.Build.0 = Release LLVM|x64
		{E820686C-5A7C-484B-846C-6198E4BB7C65}.Release LLVM|x86.ActiveCfg = Release LLVM|Win32
		{E820686C-5A7C-484B-846C-6198E4BB7C65}.Release LLVM|x86.Build.0 = Release LLVM|Win32
		{E820686C-5A7C-484B-846C-6198E4BB7C65}.Release|x64.ActiveCfg = Release|x64
		{E820686C-5A7C-484B-846C-6198E4BB7C65}.Release|x64.Build.0 = Release|x64
		{E820686C-5A7C-484B-846C-6198E4BB7C65}.Release|x86.ActiveCfg = Release|Win32
		{E820686C-5A7C-484B-846C-6198E4BB7C65}.Release|x86.Build.0 = Release|Win32
		{3F85577E-CFD2-4FB9-9C3C-6DA6BBA3CDA5}.Debug LLVM|x64.ActiveCfg = Debug LLVM|x64
		{3F85577E-CFD2-4FB9-9C3C-6DA6BBA3CDA5}.Debug LLVM|x64.Build.0 = Debug LLVM|x64
		{3F85577E-CFD2-4FB9-9C3C-6DA6BBA3CDA5}.Debug LLVM|x86.ActiveCfg = Debug LLVM|Win32
		{3F85577E-CFD2-4FB9-9C3C-6DA6BBA3CDA5}.Debug LLVM|x86.Build.0 = Debug LLVM|Win32
		{3F85577E-CFD2-4FB9-9C3C-6DA6BBA3CDA5}.Debug|x64.ActiveCfg = Debug|x64
		{3F85577E-CFD2-4FB9-9C3C-6DA6BBA3CDA5}.Debug|x64.Build.0 = Debug|x64
		{3F85577E-CFD2-4FB9-9C3C-6DA6BBA3CDA5}.Debug|x86.ActiveCfg = Debug|Win32
		{3F85577E-CFD2-4FB9-9C3C-6DA6BBA3CDA5}.Debug|x86.Build.0 = Debug|Win32
		{3F85577E-CFD2-4FB9-9C3C-6DA6BBA3CDA5}.Release LLVM|x64.ActiveCfg = Release LLVM|x64
		{3F85577E-CFD2-4FB9-9C3C-6DA6BBA3CDA5}.Release LLVM|x64.Build.0 = Release LLVM|x64
		{3F85577E-CFD2-4FB9-9C3C-6DA6BBA3CDA5}.Release LLVM|x86.ActiveCfg = Release LLVM|Win32
		{3F85577E-CFD2-4FB9-9C3C-6DA6BBA3CDA5}.Release LLVM|x86.Build.0 = Release LLVM|Win32
		{3F85577E-CFD2-4FB9-9C3C-6DA6BBA3CDA5}.Release|x64.ActiveCfg = Release|x64
		{3F85577E-CFD2-4FB9-9C3C-6DA6BBA3CDA5}.Release|x64.Build.0 = Release|x64
		{3F85577E-CFD2-4FB9-9C3C-6DA6BBA3CDA5}.Release|x86.ActiveCfg = Release|Win32
		{3F85577E-CFD2-4FB9-9C3C-6DA6BBA3CDA5}.Release|x86.Build.0 = Release|Win32
		{1B422A79-C732-4F3F-B001-23D0453515F2}.Debug LLVM|x64.ActiveCfg = Debug LLVM|x64
		{1B422A79-C732-4F3F-B001-23D0453515F2}.Debug LLVM|x64.Build.0 = Debug LLVM|x64
		{1B422A79-C732-4F3F-B001-23D0453515F2}.Debug LLVM|x86.ActiveCfg = Debug LLVM|Win32
		{1B422A79-C732-4F3F-B001-23D0453515F2}.Debug LLVM|x86.Build.0 = Debug LLVM|Win32
		{1B422A79-C732-4F3F-B001-23D0453515F2}.Debug|x64.ActiveCfg = Debug|x64
		{1B422A79-C732-4F3F-B001-23D0453515F2}.Debug|x64.Build.0 = Debug|x64
		{1B422A79-C732-4F3F-B001-23D0453515F2}.Debug|x86.ActiveCfg = Debug|Win32
		{1B422A79-C732-4F3F-B001-23D0453515F2}.Debug|x86.Build.0 = Debug|Win32
		{1B422A79-C732-4F3F-B001-23D0453515F2}.Release LLVM|x64.ActiveCfg = Release LLVM|x64
		{1B422A79-C732-4F3F-B001-23D0453515F2}.Release LLVM|x64.Build.0 = Release LLVM|x64
		{1B422A79-C732-4F3F-B001-23D0453515F2}.Release LLVM|x86.ActiveCfg = Release LLVM|Win32
		{1B422A79-C732-4F3F-B001-23D0453515F2}.Release LLVM|x86.Build.0 = Release LLVM|Win32
		{1B422A79-C732-4F3F-B001-23D0453515F2}.Release|x64.ActiveCfg = Release|x64
		{1B422A79-C732-4F3F-B001-23D0453515F2}.Release|x64.Build.0 = Release|x64
		{1B422A79-C732-4F3F-B001-23D0453515F2}.Release|x86.ActiveCfg = Release|Win32
		{1B422A79-C732-4F3F-B001-23D0453515F2}.Release|x86.Build.0 = Release|Win32
		{DF0F7940-E8AB-42AF-BF34-9EB65EF7C059}.Debug LLVM|x64.ActiveCfg = Debug LLVM|x64
		{DF0F7940-E8AB-42AF-BF34-9EB65EF7C059}.Debug LLVM|x64.Build.0 = Debug LLVM|x64
		{DF0F7940-E8AB-42AF-BF34-9EB65EF7C059}.Debug LLVM|x86.ActiveCfg = Debug LLVM|Win32
		{DF0F7940-E8AB-42AF-BF34-9EB65EF7C059}.Debug LLVM|x86.Build.0 = Debug LLVM|Win32
		{DF0F7940-E8AB-42AF-BF34-9EB65EF7C059}.Debug|x64.ActiveCfg = Debug|x64
		{DF0F7940-E8AB-42AF-BF34-9EB65EF7C059}.Debug|x64.Build.0 = Debug|x64
		{DF0F7940-E8AB-42AF-BF34-9EB65EF7C059}.Debug|x86.ActiveCfg = Debug|Win32
		{DF0F7940-E8AB-42AF-BF34-9EB65EF7C059}.Debug|x86.Build.0 = Debug|Win32
		{DF0F7940-E8AB-42AF-BF34-9EB65EF7C059}.Release LLVM|x64.ActiveCfg = Release LLVM|x64
		{DF0F7940-E8AB-42AF-BF34-9EB65EF7C059}.Release LLVM|x64.Build.0 = Release LLVM|x64
		{DF0F7940-E8AB-42AF-BF34-9EB65EF7C059}.Release LLVM|x86.ActiveCfg = Release LLVM|Win32
		{DF0F7940-E8AB-42AF-BF34-9EB65EF7C059}.Release LLVM|x86.Build.0 = Release LLVM|Win32
		{DF0F7940-E8AB-42AF-BF34-9EB65EF7C059}.Release|x64.ActiveCfg = Release|x64
		{DF0F7940-E8AB-42AF-BF34-9EB65EF7C059}.Release|x64.Build.0 = Release|x64
		{DF0F7940-E8AB-42AF-BF34-9EB65EF7C059}.Release|x86.ActiveCfg = Release|Win32
		{DF0F7940-E8AB-42AF-BF34-9EB65EF7C059}.Release|x86.Build.0 = Release|Win32
		{FECA81D6-DF8E-49FB-9A72-DD6BCAB4DCC5}.Debug LLVM|x64.ActiveCfg = Debug LLVM|x64
		{FECA81D6-DF8E-49FB-9A72-DD6BCAB4DCC5}.Debug LLVM|x64.Build.0 = Debug LLVM|x64
		{FECA81D6-DF8E-49FB-9A72-DD6BCAB4DCC5}.Debug LLVM|x86.ActiveCfg = Debug LLVM|Win32
		{FECA81D6-DF8E-49FB-9A72-DD6BCAB4DCC5}.Debug LLVM|x86.Build.0 = Debug LLVM|Win32
		{FECA81D6-DF8E-49FB-9A72-DD6BCAB4DCC5}.Debug|x64.ActiveCfg = Debug|x64
		{FECA81D6-DF8E-49FB-9A72-DD6BCAB4DCC5}.Debug|x64.Build.0 = Debug|x64
		{FECA81D6-DF8E-49FB-9A72-DD6BCAB4DCC5}.Debug|x86.ActiveCfg = Debug|Win32
		{FECA81D6-DF8E-49FB-9A72-DD6BCAB4DCC5}.Debug|x86.Build.0 = Debug|Win32
		{FECA81D6-DF8E-49FB-9A72-DD6BCAB4DCC5}.Release LLVM|x64.ActiveCfg = Release LLVM|x64
		{FECA81D6-DF8E-49FB-9A72-DD6BCAB4DCC5}.Release LLVM|x64.Build.0 = Release LLVM|x64
		{FECA81D6-DF8E-49FB-9A72-DD6BCAB4DCC5}.Release LLVM|x86.ActiveCfg = Release LLVM|Win32
		{FECA81D6-DF8E-49FB-9A72-DD6BCAB4DCC5}.Release LLVM|x86.Build.0 = Release LLVM|Win32
		{FECA81D6-DF8E-49FB-9A72-DD6BCAB4DCC5}.Release|x64.ActiveCfg = Release|x64
		{FECA81D6-DF8E-49FB-9A72-DD6BCAB4DCC5}.Release|x64.Build.0 = Release|x64
		{FECA81D6-DF8E-49FB-9A72-DD6BCAB4DCC5}.Release|x86.ActiveCfg = Release|Win32
		{FECA81D6-DF8E-49FB-9A72-DD6BCAB4DCC5}.Release|x86.Build.0 = Release|Win32
		{5D537823-C595-4FB0-8056-9E6CE6A58EA7}.Debug LLVM|x64.ActiveCfg = Debug LLVM|x64
		{5D537823-C595-4FB0-8056-9E6CE6A58EA7}.Debug LLVM|x64.Build.0 = Debug LLVM|x64
		{5D537823-C595-4FB0-8056-9E6CE6A58EA7}.Debug LLVM|x86.ActiveCfg = Debug LLVM|Win32
		{5D537823-C595-4FB0-8056-9E6CE6A58EA7}.Debug LLVM|x86.Build.0 = Debug LLVM|Win32
		{5D537823-C595-4FB0-8056-9E6CE6A58EA7}.Debug|x64.ActiveCfg = Debug|x64
		{5D537823-C595-4FB0-8056-9E6CE6A58EA7}.Debug|x64.Build.0 = Debug|x64
		{5D537823-C595-4FB0-8056-9E6CE6A58EA7}.Debug|x86.ActiveCfg = Debug|Win32
		{5D537823-C595-4FB0-8056-9E6CE6A58EA7}.Debug|x86.Build.0 = Debug|Win32
		{5D537823-C595-4FB0-8056-9E6CE6A58EA7}.Release LLVM|x64.ActiveCfg = Release LLVM|x64
		{5D537823-C595-4FB0-8056-9E6CE6A58EA7}.Release LLVM|x64.Build.0 = Release LLVM|x64
		{5D537823-C595-4FB0-8056-9E6CE6A58EA7}.Release LLVM|x86.ActiveCfg = Release LLVM|Win32
		{5D537823-C595-4FB0-8056-9E6CE6A58EA7}.Release LLVM|x86.Build.0 = Release LLVM|Win32
		{5D537823-C595-4FB0-8056-9E6CE6A58EA7}.Release|x64.ActiveCfg = Release|x64
		{5D537823-C595-4FB0-8056-9E6CE6A58EA7}.Release|x64.Build.0 = Release|x64
		{5D537823-C595-4FB0-8056-9E6CE6A58EA7}.Release|x86.ActiveCfg = Release|Win32
		{5D537823-C595-4FB0-8056-9E6CE6A58EA7}.Release|x86.Build.0 = Release|Win32
		{0D8B0020-62E3-472F-BE10-5400BC8183CA}.Debug LLVM|x64.ActiveCfg = Debug LLVM|x64
		{0D8B0020-62E3-472F-BE10-5400BC8183CA}.Debug LLVM|x64.Build.0 = Debug LLVM|x64
		{0D8B0020-62E3-472F-BE10-5400BC8183CA}.Debug LLVM|x86.ActiveCfg = Debug LLVM|Win32
		{0D8B0020-62E3-472F-BE10-5400BC8183CA}.Debug LLVM|x86.Build.0 = Debug LLVM|Win32
		{0D8B0020-62E3-472F-BE10-5400BC8183CA}.Debug|x64.ActiveCfg = Debug|x64
		{0D8B0020-62E3-472F-BE10-5400BC8183CA}.Debug|x64.Build.0 = Debug|x64
		{0D8B0020-62E3-472F-BE10-5400BC8183CA}.Debug|x86.ActiveCfg = Debug|Win32
		{0D8B0020-62E3-472F-BE10-5400BC8183CA}.Debug|x86.Build.0 = Debug|Win32
		{0D8B0020-62E3-472F-BE10-5400BC8183CA}.Release LLVM|x64.ActiveCfg = Release LLVM|x64
		{0D8B0020-62E3-472F-BE10-5400BC8183CA}.Release LLVM|x64.Build.0 = Release LLVM|x64
		{0D8B0020-62E3-472F-BE10-5400BC8183CA}.Release LLVM|x86.ActiveCfg = Release LLVM|Win32
		{0D8B0020-62E3-472F-BE10-5400BC8183CA}.Release LLVM|x86.Build.0 = Release LLVM|Win32
		{0D8B0020-62E3-472F-BE10-5400BC8183CA}.Release|x64.ActiveCfg = Release|x64
		{0D8B0020-62E3-472F-BE10-5400BC8183CA}.Release|x64.Build.0 = Release|x64
		{0D8B0020-62E3-472F-BE10-5400BC8183CA}.Release|x86.ActiveCfg = Release|Win32
		{0D8B0020-62E3-472F-BE10-5400BC8183CA}.Release|x86.Build.0 = Release|Win32
		{AE347E10-438A-4A2B-8D7F-47B40D85BE40}.Debug LLVM|x64.ActiveCfg = Debug LLVM|x64
		{AE347E10-438A-4A2B-8D7F-47B40D85BE40}.Debug LLVM|x64.Build.0 = Debug LLVM|x64
		{AE347E10-438A-4A2B-8D7F-47B40D85BE40}.Debug LLVM|x86.ActiveCfg = Debug LLVM|Win32
		{AE347E10-438A-4A2B-8D7F-47B40D85BE40}.Debug LLVM|x86.Build.0 = Debug LLVM|Win32
		{AE347E10-438A-4A2B-8D7F-47B40D85BE40}.Debug|x64.ActiveCfg = Debug|x64
		{AE347E10-438A-4A2B-8D7F-47B40D85BE40}.Debug|x64.Build.0 = Debug|x64
		{AE347E10-438A-4A2B-8D7F-47B40D85BE40}.Debug|x86.ActiveCfg = Debug|Win32
		{AE347E10-438A-4A2B-8D7F-47B40D85BE40}.Debug|x86.Build.0 = Debug|Win32
		{AE347E10-438A-4A2B-8D7F-47B40D85BE40}.Release LLVM|x64.ActiveCfg = Release LLVM|x64
		{AE347E10-438A-4A2B-8D7F-47B40D85BE40}.Release LLVM|x64.Build.0 = Release LLVM|x64
		{AE347E10-438A-4A2B-8D7F-47B40D85BE40}.Release LLVM|x86.ActiveCfg = Release LLVM|Win32
		{AE347E10-438A-4A2B-8D7F-47B40D85BE40}.Release LLVM|x86.Build.0 = Release LLVM|Win32
		{AE347E10-438A-4A2B-8D7F-47B40D85BE40}.Release|x64.ActiveCfg = Release|x64
		{AE347E10-438A-4A2B-8D7F-47B40D85BE40}.Release|x64.Build.0 = Release|x64
		{AE347E10-438A-4A2B-8D7F-47B40D85BE40}.Release|x86.ActiveCfg = Release|Win32
		{AE347E10-438A-4A2B-8D7F-47B40D85BE40}.Release|x86.Build.0 = Release|Win32
		{810A987D-BFF4-4112-A59F-B8EAE9FCCD65}.Debug LLVM|x64.ActiveCfg = Debug LLVM|x64
		{810A987D-BFF4-4112-A59F-B8EAE9FCCD65}.Debug LLVM|x64.Build.0 = Debug LLVM|x64
		{810A987D-BFF4-4112-A59F-B8EAE9FCCD65}.Debug LLVM|x86.ActiveCfg = Debug LLVM|Win32
		{810A987D-BFF4-4112-A59F-B8EAE9FCCD65}.Debug LLVM|x86.Build.0 = Debug LLVM|Win32
		{810A987D-BFF4-4112-A59F-B8EAE9FCCD65}.Debug|x64.ActiveCfg = Debug|x64
		{810A987D-BFF4-4112-A59F-B8EAE9FCCD65}.Debug|x64.Build.0 = Debug|x64
		{810A987D-BFF4-4112-A59F-B8EAE9FCCD65}.Debug|x86.ActiveCfg = Debug|Win32
		{810A987D-BFF4-4112-A59F-B8EAE9FCCD65}.Debug|x86.Build.0 = Debug|Win32
		{810A987D-BFF4-4112-A59F-B8EAE9FCCD65}.Release LLVM|x64.ActiveCfg = Release LLVM|x64
		{810A987D-BFF4-4112-A59F-B8EAE9FCCD65}.Release LLVM|x64.Build.0 = Release LLVM|x64
		{810A987D-BFF4-4112-A59F-B8EAE9FCCD65}.Release LLVM|x86.ActiveCfg = Release LLVM|Win32
		{810A987D-BFF4-4112-A59F-B8EAE9FCCD65}.Release LLVM|x86.Build.0 = Release LLVM|Win32
		{810A987D-BFF4-4112-A59F-B8EAE9FCCD65}.Release|x64.ActiveCfg = Release|x64
		{810A987D-BFF4-4112-A59F-B8EAE9FCCD65}.Release|x64.Build.0 = Release|x64
		{810A987D-BFF4-4112-A59F-B8EAE9FCCD65}.Release|x86.ActiveCfg = Release|Win32
		{810A987D-BFF4-4112-A59F-B8EAE9FCCD65}.Release|x86.Build.0 = Release|Win32
		{E39BE139-4A09-4ED6-8432-8E759940EC67}.Debug LLVM|x64.ActiveCfg = Debug LLVM|x64
		{E39BE139-4A09-4ED6-8432-8E759940EC67}.Debug LLVM|x64.Build.0 = Debug LLVM|x64
		{E39BE139-4A09-4ED6-8432-8E759940EC67}.Debug LLVM|x86.ActiveCfg = Debug LLVM|Win32
		{E39BE139-4A09-4ED6-8432-8E759940EC67}.Debug LLVM|x86.Build.0 = Debug LLVM|Win32
		{E39BE139-4A09-4ED6-8432-8E759940EC67}.Debug|x64.ActiveCfg = Debug|x64
		{E39BE139-4A09-4ED6-8432-8E759940EC67}.Debug|x64.Build.0 = Debug|x64
		{E39BE139-4A09-4ED6-8432-8E759940EC67}.Debug|x86.ActiveCfg = Debug|Win32
		{E39BE139-4A09-4ED6-8432-8E759940EC67}.Debug|x86.Build.0 = Debug|Win32
		{E39BE139-4A09-4ED6-8432-8E759940EC67}.Release LLVM|x64.ActiveCfg = Release LLVM|x64
		{E39BE139-4A09-4ED6-8432-8E759940EC67}.Release LLVM|x64.Build.0 = Release LLVM|x64
		{E39BE139-4A09-4ED6-8432-8E759940EC67}.Release LLVM|x86.ActiveCfg = Release LLVM|Win32
		{E39BE139-4A09-4ED6-8432-8E759940EC67}.Release LLVM|x86.Build.0 = Release LLVM|Win32
		{E39BE139-4A09-4ED6-8432-8E759940EC67}.Release|x64.ActiveCfg = Release|x64
		{E39BE139-4A09-4ED6-8432-8E759940EC67}.Release|x64.Build.0 = Release|x64
		{E39BE139-4A09-4ED6-8432-8E759940EC67}.Release|x86.ActiveCfg = Release|Win32
		{E39BE139-4A09-4ED6-8432-8E759940EC67}.Release|x86.Build.0 = Release|Win32
		{86F95AA8-7AED-4631-A1C1-A5F010D0E127}.Debug LLVM|x64.ActiveCfg = Debug LLVM|x64
		{86F95AA8-7AED-4631-A1C1-A5F010D0E127}.Debug LLVM|x64.Build.0 = Debug LLVM|x64
		{86F95AA8-7AED-4631-A1C1-A5F010D0E127}.Debug LLVM|x86.ActiveCfg = Debug LLVM|Win32
		{86F95AA8-7AED-4631-A1C1-A5F010D0E127}.Debug LLVM|x86.Build.0 = Debug LLVM|Win32
		{86F95AA8-7AED-4631-A1C1-A5F010D0E127}.Debug|x64.ActiveCfg = Debug|x64
		{86F95AA8-7AED-4631-A1C1-A5F010D0E127}.Debug|x64.Build.0 = Debug|x64
		{86F95AA8-7AED-4631-A1C1-A5F010D0E127}.Debug|x86.ActiveCfg = Debug|Win32
		{86F95AA8-7AED-4631-A1C1-A5F010D0E127}.Debug|x86.Build.0 = Debug|Win32
		{86F95AA8-7AED-4631-A1C1-A5F010D0E127}.Release LLVM|x64.ActiveCfg = Release LLVM|x64
		{86F95AA8-7AED-4631-A1C1-A5F010D0E127}.Release LLVM|x64.Build.0 = Release LLVM|x64
		{86F95AA8-7AED-4631-A1C1-A5F010D0E127}.Release LLVM|x86.ActiveCfg = Release LLVM|Win32
		{86F95AA8-7AED-4631-A1C1-A5F010D0E127}.Release LLVM|x86.Build.0 = Release LLVM|Win32
		{86F95AA8-7AED-4631-A1C1-A5F010D0E127}.Release|x64.ActiveCfg = Release|x64
		{86F95AA8-7AED-4631-A1C1-A5F010D0E127}.Release|x64.Build.0 = Release|x64
		{86F95AA8-7AED-4631-A1C1-A5F010D0E127}.Release|x86.ActiveCfg = Release|Win32
		{86F95AA8-7AED-4631-A1C1-A5F010D0E127}.Release|x86.Build.0 = Release|Win32
		{ED89B7CD-543A-4D5B-AAB8-E2DA7148D7F0}.Debug LLVM|x64.ActiveCfg = Debug LLVM|x64
		{ED89B7CD-543A-4D5B-AAB8-E2DA7148D7F0}.Debug LLVM|x64.Build.0 = Debug LLVM|x64
		{ED89B7CD-543A-4D5B-AAB8-E2DA7148D7F0}.Debug LLVM|x86.ActiveCfg = Debug LLVM|Win32
		{ED89B7CD-543A-4D5B-AAB8-E2DA7148D7F0}.Debug LLVM|x86.Build.0 = Debug LLVM|Win32
		{ED89B7CD-543A-4D5B-AAB8-E2DA7148D7F0}.Debug|x64.ActiveCfg = Debug|x64
		{ED89B7CD-543A-4D5B-AAB8-E2DA7148D7F0}.Debug|x64.Build.0 = Debug|x64
		{ED89B7CD-543A-4D5B-AAB8-E2DA7148D7F0}.Debug|x86.ActiveCfg = Debug|Win32
		{ED89B7CD-543A-4D5B-AAB8-E2DA7148D7F0}.Debug|x86.Build.0 = Debug|Win32
		{ED89B7CD-543A-4D5B-AAB8-E2DA7148D7F0}.Release LLVM|x64.ActiveCfg = Release LLVM|x64
		{ED89B7CD-543A-4D5B-AAB8-E2DA7148D7F0}.Release LLVM|x64.Build.0 = Release LLVM|x64
		{ED89B7CD-543A-4D5B-AAB8-E2DA7148D7F0}.Release LLVM|x86.ActiveCfg = Release LLVM|Win32
		{ED89B7CD-543A-4D5B-AAB8-E2DA7148D7F0}.Release LLVM|x86.Build.0 = Release LLVM|Win32
		{ED89B7CD-543A-4D5B-AAB8-E2DA7148D7F0}.Release|x64.ActiveCfg = Release|x64
		{ED89B7CD-543A-4D5B-AAB8-E2DA7148D7F0}.Release|x64.Build.0 = Release|x64
		{ED89B7CD-543A-4D5B-AAB8-E2DA7148D7F0}.Release|x86.ActiveCfg = Release|Win32
		{ED89B7CD-543A-4D5B-AAB8-E2DA7148D7F0}.Release|x86.Build.0 = Release|Win32
		{F763282F-C2F4-40F4-9CAC-8DCEFA4C5D94}.Debug LLVM|x64.ActiveCfg = Debug LLVM|x64
		{F763282F-C2F4-40F4-9CAC-8DCEFA4C5D94}.Debug LLVM|x64.Build.0 = Debug LLVM|x64
		{F763282F-C2F4-40F4-9CAC-8DCEFA4C5D94}.Debug LLVM|x86.ActiveCfg = Debug LLVM|Win32
		{F763282F-C2F4-40F4-9CAC-8DCEFA4C5D94}.Debug LLVM|x86.Build.0 = Debug LLVM|Win32
		{F763282F-C2F4-40F4-9CAC-8DCEFA4C5D94}.Debug|x64.ActiveCfg = Debug|x64
		{F763282F-C2F4-40F4-9CAC-8DCEFA4C5D94}.Debug|x64.Build.0 = Debug|x64
		{F763282F-C2F4-40F4-9CAC-8DCEFA4C5D94}.Debug|x86.ActiveCfg = Debug|Win32
		{F763282F-C2F4-40F4-9CAC-8DCEFA4C5D94}.Debug|x86.Build.0 = Debug|Win32
		{F763282F-C2F4-40F4-9CAC-8DCEFA4C5D94}.Release LLVM|x64.ActiveCfg = Release LLVM|x64
		{F763282F-C2F4-40F4-9CAC-8DCEFA4C5D94}.Release LLVM|x64.Build.0 = Release LLVM|x64
		{F763282F-C2F4-40F4-9CAC-8DCEFA4C5D94}.Release LLVM|x86.ActiveCfg = Release LLVM|Win32
		{F763282F-C2F4-40F4-9CAC-8DCEFA4C5D94}.Release LLVM|x86.Build.0 = Release LLVM|Win32
		{F763282F-C2F4-40F4-9CAC-8DCEFA4C5D94}.Release|x64.ActiveCfg = Release|x64
		{F763282F-C2F4-40F4-9CAC-8DCEFA4C5D94}.Release|x64.Build.0 = Release|x64
		{F763282F-C2F4-40F4-9CAC-8DCEFA4C5D94}.Release|x86.ActiveCfg = Release|Win32
		{F763282F-C2F4-40F4-9CAC-8DCEFA4C5D94}.Release|x86.Build.0 = Release|Win32
		{A543850D-7786-42D0-BABC-AD6C6ED2A2F8}.Debug LLVM|x64.ActiveCfg = Debug LLVM|x64
		{A543850D-7786-42D0-BABC-AD6C6ED2A2F8}.Debug LLVM|x64.Build.0 = Debug LLVM|x64
		{A543850D-7786-42D0-BABC-AD6C6ED2A2F8}.Debug LLVM|x86.ActiveCfg = Debug LLVM|Win32
		{A543850D-7786-42D0-BABC-AD6C6ED2A2F8}.Debug LLVM|x86.Build.0 = Debug LLVM|Win32
		{A543850D-7786-42D0-BABC-AD6C6ED2A2F8}.Debug|x64.ActiveCfg = Debug|x64
		{A543850D-7786-42D0-BABC-AD6C6ED2A2F8}.Debug|x64.Build.0 = Debug|x64
		{A543850D-7786-42D0-BABC-AD6C6ED2A2F8}.Debug|x86.ActiveCfg = Debug|Win32
		{A543850D-7786-42D0-BABC-AD6C6ED2A2F8}.Debug|x86.Build.0 = Debug|Win32
		{A543850D-7786-42D0-BABC-AD6C6ED2A2F8}.Release LLVM|x64.ActiveCfg = Release LLVM|x64
		{A543850D-7786-42D0-BABC-AD6C6ED2A2F8}.Release LLVM|x64.Build.0 = Release LLVM|x64
		{A543850D-7786-42D0-BABC-AD6C6ED2A2F8}.Release LLVM|x86.ActiveCfg = Release LLVM|Win32
		{A543850D-7786-42D0-BABC-AD6C6ED2A2F8}.Release LLVM|x86.Build.0 = Release LLVM|Win32
		{A543850D-7786-42D0-BABC-AD6C6ED2A2F8}.Release|x64.ActiveCfg = Release|x64
		{A543850D-7786-42D0-BABC-AD6C6ED2A2F8}.Release|x64.Build.0 = Release|x64
		{A543850D-7786-42D0-BABC-AD6C6ED2A2F8}.Release|x86.ActiveCfg = Release|Win32
		{A543850D-7786-42D0-BABC-AD6C6ED2A2F8}.Release|x86.Build.0 = Release|Win32
		{7E3246D9-7E7A-4FA4-9297-B0CCB1BB98A3}.Debug LLVM|x64.ActiveCfg = Debug LLVM|x64
		{7E3246D9-7E7A-4FA4-9297-B0CCB1BB98A3}.Debug LLVM|x64.Build.0 = Debug LLVM|x64
		{7E3246D9-7E7A-4FA4-9297-B0CCB1BB98A3}.Debug LLVM|x86.ActiveCfg = Debug LLVM|Win32
		{7E3246D9-7E7A-4FA4-9297-B0CCB1BB98A3}.Debug LLVM|x86.Build.0 = Debug LLVM|Win32
		{7E3246D9-7E7A-4FA4-9297-B0CCB1BB98A3}.Debug|x64.ActiveCfg = Debug|x64
		{7E3246D9-7E7A-4FA4-9297-B0CCB1BB98A3}.Debug|x64.Build.0 = Debug|x64
		{7E3246D9-7E7A-4FA4-9297-B0CCB1BB98A3}.Debug|x86.ActiveCfg = Debug|Win32
		{7E3246D9-7E7A-4FA4-9297-B0CCB1BB98A3}.Debug|x86.Build.0 = Debug|Win32
		{7E3246D9-7E7A-4FA4-9297-B0CCB1BB98A3}.Release LLVM|x64.ActiveCfg = Release LLVM|x64
		{7E3246D9-7E7A-4FA4-9297-B0CCB1BB98A3}.Release LLVM|x64.Build.0 = Release LLVM|x64
		{7E3246D9-7E7A-4FA4-9297-B0CCB1BB98A3}.Release LLVM|x86.ActiveCfg = Release LLVM|Win32
		{7E3246D9-7E7A-4FA4-9297-B0CCB1BB98A3}.Release LLVM|x86.Build.0 = Release LLVM|Win32
		{7E3246D9-7E7A-4FA4-9297-B0CCB1BB98A3}.Release|x64.ActiveCfg = Release|x64
		{7E3246D9-7E7A-4FA4-9297-B0CCB1BB98A3}.Release|x64.Build.0 = Release|x64
		{7E3246D9-7E7A-4FA4-9297-B0CCB1BB98A3}.Release|x86.ActiveCfg = Release|Win32
		{7E3246D9-7E7A-4FA4-9297-B0CCB1BB98A3}.Release|x86.Build.0 = Release|Win32
		{9F79EE0A-C429-42CB-8253-309B4CED8D39}.Debug LLVM|x64.ActiveCfg = Debug LLVM|x64
		{9F79EE0A-C429-42CB-8253-309B4CED8D39}.Debug LLVM|x64.Build.0 = Debug LLVM|x64
		{9F79EE0A-C429-42CB-8253-309B4CED8D39}.Debug LLVM|x86.ActiveCfg = Debug LLVM|Win32
		{9F79EE0A-C429-42CB-8253-309B4CED8D39}.Debug LLVM|x86.Build.0 = Debug LLVM|Win32
		{9F79EE0A-C429-42CB-8253-309B4CED8D39}.Debug|x64.ActiveCfg = Debug|x64
		{9F79EE0A-C429-42CB-8253-309B4CED8D39}.Debug|x64.Build.0 = Debug|x64
		{9F79EE0A-C429-42CB-8253-309B4CED8D39}.Debug|x86.ActiveCfg = Debug|Win32
		{9F79EE0A-C429-42CB-8253-309B4CED8D39}.Debug|x86.Build.0 = Debug|Win32
		{9F79EE0A-C429-42CB-8253-309B4CED8D39}.Release LLVM|x64.ActiveCfg = Release LLVM|x64
		{9F79EE0A-C429-42CB-8253-309B4CED8D39}.Release LLVM|x64.Build.0 = Release LLVM|x64
		{9F79EE0A-C429-42CB-8253-309B4CED8D39}.Release LLVM|x86.ActiveCfg = Release LLVM|Win32
		{9F79EE0A-C429-42CB-8253-309B4CED8D39}.Release LLVM|x86.Build.0 = Release LLVM|Win32
		{9F79EE0A-C429-42CB-8253-309B4CED8D39}.Release|x64.ActiveCfg = Release|x64
		{9F79EE0A-C429-42CB-8253-309B4CED8D39}.Release|x64.Build.0 = Release|x64
		{9F79EE0A-C429-42CB-8253-309B4CED8D39}.Release|x86.ActiveCfg = Release|Win32
		{9F79EE0A-C429-42CB-8253-309B4CED8D39}.Release|x86.Build.0 = Release|Win32
	EndGlobalSection
	GlobalSection(SolutionProperties) = preSolution
		HideSolutionNode = FALSE
	EndGlobalSection
	GlobalSection(NestedProjects) = preSolution
		{3D48B775-2793-4249-BCE4-57736373EC32} = {FF4338E9-9E9D-4B2C-BFF0-69F2F9F5E6FC}
		{D5A19ED7-DF97-4202-AE2A-F4E33FE8679C} = {FF4338E9-9E9D-4B2C-BFF0-69F2F9F5E6FC}
		{E820686C-5A7C-484B-846C-6198E4BB7C65} = {FF4338E9-9E9D-4B2C-BFF0-69F2F9F5E6FC}
		{58C66CB0-7DC2-40C7-BB19-3C0EA2780FC6} = {97F41E2D-837C-4523-9ED2-3D75034C1D12}
		{3F85577E-CFD2-4FB9-9C3C-6DA6BBA3CDA5} = {58C66CB0-7DC2-40C7-BB19-3C0EA2780FC6}
		{1B422A79-C732-4F3F-B001-23D0453515F2} = {58C66CB0-7DC2-40C7-BB19-3C0EA2780FC6}
		{DF0F7940-E8AB-42AF-BF34-9EB65EF7C059} = {58C66CB0-7DC2-40C7-BB19-3C0EA2780FC6}
		{FECA81D6-DF8E-49FB-9A72-DD6BCAB4DCC5} = {58C66CB0-7DC2-40C7-BB19-3C0EA2780FC6}
		{5D537823-C595-4FB0-8056-9E6CE6A58EA7} = {6AED9205-3618-4F2C-8528-C3D54B64FBDE}
		{7DDCA35A-F478-4AC4-9306-C8D4AA1576BE} = {6AED9205-3618-4F2C-8528-C3D54B64FBDE}
		{0D8B0020-62E3-472F-BE10-5400BC8183CA} = {7DDCA35A-F478-4AC4-9306-C8D4AA1576BE}
		{AE347E10-438A-4A2B-8D7F-47B40D85BE40} = {7DDCA35A-F478-4AC4-9306-C8D4AA1576BE}
		{810A987D-BFF4-4112-A59F-B8EAE9FCCD65} = {7DDCA35A-F478-4AC4-9306-C8D4AA1576BE}
		{E39BE139-4A09-4ED6-8432-8E759940EC67} = {7DDCA35A-F478-4AC4-9306-C8D4AA1576BE}
		{86F95AA8-7AED-4631-A1C1-A5F010D0E127} = {7DDCA35A-F478-4AC4-9306-C8D4AA1576BE}
		{ED89B7CD-543A-4D5B-AAB8-E2DA7148D7F0} = {7DDCA35A-F478-4AC4-9306-C8D4AA1576BE}
		{F763282F-C2F4-40F4-9CAC-8DCEFA4C5D94} = {FF4338E9-9E9D-4B2C-BFF0-69F2F9F5E6FC}
		{A543850D-7786-42D0-BABC-AD6C6ED2A2F8} = {FF4338E9-9E9D-4B2C-BFF0-69F2F9F5E6FC}
		{7E3246D9-7E7A-4FA4-9297-B0CCB1BB98A3} = {FF4338E9-9E9D-4B2C-BFF0-69F2F9F5E6FC}
	EndGlobalSection
	GlobalSection(ExtensibilityGlobals) = postSolution
		SolutionGuid = {DD251D1E-6058-4127-9CB4-68E3B53A60AA}
	EndGlobalSection
EndGlobal
