<?xml version="1.0" encoding="utf-8"?>
<Project ToolsVersion="4.0" xmlns="http://schemas.microsoft.com/developer/msbuild/2003">
  <ItemGroup>
    <Filter Include="Source Files">
      <UniqueIdentifier>{4FC737F1-C7A5-4376-A066-2A32D752A2FF}</UniqueIdentifier>
      <Extensions>cpp;c;cc;cxx;def;odl;idl;hpj;bat;asm;asmx</Extensions>
    </Filter>
    <Filter Include="Header Files">
      <UniqueIdentifier>{93995380-89BD-4b04-88EB-625FBE52EBFB}</UniqueIdentifier>
      <Extensions>h;hh;hpp;hxx;hm;inl;inc;ipp;xsd</Extensions>
    </Filter>
    <Filter Include="Resource Files">
      <UniqueIdentifier>{67DA6AB6-F800-4c08-8B7A-83BB121AAD01}</UniqueIdentifier>
      <Extensions>rc;ico;cur;bmp;dlg;rc2;rct;bin;rgs;gif;jpg;jpeg;jpe;resx;tiff;tif;png;wav;mfcribbon-ms</Extensions>
    </Filter>
    <Filter Include="ORB">
      <UniqueIdentifier>{2257ae80-76b4-44c2-add2-3eb2c3e6dfc5}</UniqueIdentifier>
    </Filter>
    <Filter Include="ORB\Header Files">
      <UniqueIdentifier>{0e8342c0-94f7-4d78-ac3e-19956bd92002}</UniqueIdentifier>
      <Extensions>h;hh;hpp;hxx;hm;inl;inc;ipp;xsd</Extensions>
    </Filter>
    <Filter Include="ORB\Source Files">
      <UniqueIdentifier>{cbc529be-ae00-4986-85c3-46cb9b20d92f}</UniqueIdentifier>
      <Extensions>cpp;c;cc;cxx;def;odl;idl;hpj;bat;asm;asmx</Extensions>
    </Filter>
    <Filter Include="IDL">
      <UniqueIdentifier>{3b611adf-7eff-4c6d-b4bb-e8315703fea6}</UniqueIdentifier>
    </Filter>
    <Filter Include="ORB\IDL">
      <UniqueIdentifier>{bfe55d61-26c0-4016-abf6-69f7ffc3f298}</UniqueIdentifier>
    </Filter>
    <Filter Include="parallel-hashmap">
      <UniqueIdentifier>{43efe92b-a3a1-43ed-816f-170488d5d871}</UniqueIdentifier>
    </Filter>
    <Filter Include="ORB\IDL\Internal">
      <UniqueIdentifier>{39dec286-9fe1-4035-a5bb-d6a89fe36d65}</UniqueIdentifier>
    </Filter>
    <Filter Include="NameService">
      <UniqueIdentifier>{f03dd1ac-9511-49db-b87b-bb510c3d2d6c}</UniqueIdentifier>
    </Filter>
    <Filter Include="NameService\Header Files">
      <UniqueIdentifier>{97e2881a-c967-45cb-bebb-fe64904a67ae}</UniqueIdentifier>
    </Filter>
    <Filter Include="NameService\Source Files">
      <UniqueIdentifier>{513c6ce9-5574-4573-8a93-6c07058f3d51}</UniqueIdentifier>
    </Filter>
    <Filter Include="ORB\IDL\CCM">
      <UniqueIdentifier>{1fbe624b-81bb-4ac8-ac8a-31688b3a00c6}</UniqueIdentifier>
    </Filter>
    <Filter Include="Generated">
      <UniqueIdentifier>{bf6c975f-c5bd-441f-af1a-7db57e2a380f}</UniqueIdentifier>
    </Filter>
  </ItemGroup>
  <ItemGroup>
    <ClInclude Include="..\Core\Source\BackOff.h">
      <Filter>Header Files</Filter>
    </ClInclude>
    <ClInclude Include="..\Core\Source\unrecoverable_error.h">
      <Filter>Header Files</Filter>
    </ClInclude>
    <ClInclude Include="..\Core\Source\ExecContext.h">
      <Filter>Header Files</Filter>
    </ClInclude>
    <ClInclude Include="..\Core\Source\ExecDomain.h">
      <Filter>Header Files</Filter>
    </ClInclude>
    <ClInclude Include="..\Core\Source\Heap.h">
      <Filter>Header Files</Filter>
    </ClInclude>
    <ClInclude Include="..\Core\Source\HeapDirectory.h">
      <Filter>Header Files</Filter>
    </ClInclude>
    <ClInclude Include="..\Core\Source\PriorityQueue.h">
      <Filter>Header Files</Filter>
    </ClInclude>
    <ClInclude Include="..\Core\Source\ProtDomain.h">
      <Filter>Header Files</Filter>
    </ClInclude>
    <ClInclude Include="..\Core\Source\RandomGen.h">
      <Filter>Header Files</Filter>
    </ClInclude>
    <ClInclude Include="..\Core\Source\SchedulerImpl.h">
      <Filter>Header Files</Filter>
    </ClInclude>
    <ClInclude Include="..\Core\Source\SyncDomain.h">
      <Filter>Header Files</Filter>
    </ClInclude>
    <ClInclude Include="..\Core\Source\SysDomain.h">
      <Filter>Header Files</Filter>
    </ClInclude>
    <ClInclude Include="..\Core\Source\Thread.h">
      <Filter>Header Files</Filter>
    </ClInclude>
    <ClInclude Include="..\Core\Source\Scheduler.h">
      <Filter>Header Files</Filter>
    </ClInclude>
    <ClInclude Include="..\Core\Source\Executor.h">
      <Filter>Header Files</Filter>
    </ClInclude>
    <ClInclude Include="..\Core\Source\Stack.h">
      <Filter>Header Files</Filter>
    </ClInclude>
    <ClInclude Include="..\Core\Source\TaggedPtr.h">
      <Filter>Header Files</Filter>
    </ClInclude>
    <ClInclude Include="..\Core\Source\AtomicCounter.h">
      <Filter>Header Files</Filter>
    </ClInclude>
    <ClInclude Include="..\Core\Source\Array.h">
      <Filter>Header Files</Filter>
    </ClInclude>
    <ClInclude Include="..\Core\Source\CoreInterface.h">
      <Filter>Header Files</Filter>
    </ClInclude>
    <ClInclude Include="..\Core\Source\Runnable.h">
      <Filter>Header Files</Filter>
    </ClInclude>
    <ClInclude Include="..\Core\Source\Synchronized.h">
      <Filter>Header Files</Filter>
    </ClInclude>
    <ClInclude Include="..\Core\Source\ORB\CoreServant.h">
      <Filter>ORB\Header Files</Filter>
    </ClInclude>
    <ClInclude Include="..\Core\Source\ORB\LocalObject.h">
      <Filter>ORB\Header Files</Filter>
    </ClInclude>
    <ClInclude Include="..\Core\Source\ORB\POA_Root.h">
      <Filter>ORB\Header Files</Filter>
    </ClInclude>
    <ClInclude Include="..\Core\Source\ORB\ServantProxyLocal.h">
      <Filter>ORB\Header Files</Filter>
    </ClInclude>
    <ClInclude Include="..\Core\Source\ORB\ProxyManager.h">
      <Filter>ORB\Header Files</Filter>
    </ClInclude>
    <ClInclude Include="..\Core\Source\ORB\ServantProxyObject.h">
      <Filter>ORB\Header Files</Filter>
    </ClInclude>
    <ClInclude Include="..\Core\Source\ORB\ServantBase.h">
      <Filter>ORB\Header Files</Filter>
    </ClInclude>
    <ClInclude Include="..\Core\Source\ORB\RequestLocal.h">
      <Filter>ORB\Header Files</Filter>
    </ClInclude>
    <ClInclude Include="..\Core\Source\ORB\ServantProxyBase.h">
      <Filter>ORB\Header Files</Filter>
    </ClInclude>
    <ClInclude Include="..\Core\Source\SkipList.h">
      <Filter>Header Files</Filter>
    </ClInclude>
    <ClInclude Include="..\Core\Source\UserObject.h">
      <Filter>Header Files</Filter>
    </ClInclude>
    <ClInclude Include="..\Core\Source\RuntimeSupportContext.h">
      <Filter>Header Files</Filter>
    </ClInclude>
    <ClInclude Include="..\Core\Source\UserAllocator.h">
      <Filter>Header Files</Filter>
    </ClInclude>
    <ClInclude Include="..\Core\Source\ThreadWorker.h">
      <Filter>Header Files</Filter>
    </ClInclude>
    <ClInclude Include="..\Core\Source\SyncContext.h">
      <Filter>Header Files</Filter>
    </ClInclude>
    <ClInclude Include="..\Core\Source\ORB\ObjectFactory.h">
      <Filter>ORB\Header Files</Filter>
    </ClInclude>
    <ClInclude Include="..\Core\Source\Binder.h">
      <Filter>Header Files</Filter>
    </ClInclude>
    <ClInclude Include="..\Core\Source\LifeCyclePseudo.h">
      <Filter>Header Files</Filter>
    </ClInclude>
    <ClInclude Include="..\Core\Source\WaitList.h">
      <Filter>Header Files</Filter>
    </ClInclude>
    <ClInclude Include="..\Core\Source\SkipListWithPool.h">
      <Filter>Header Files</Filter>
    </ClInclude>
    <ClInclude Include="..\Core\Source\ORB\ESIOP.h">
      <Filter>ORB\Header Files</Filter>
    </ClInclude>
    <ClInclude Include="..\Core\Source\StartupProt.h">
      <Filter>Header Files</Filter>
    </ClInclude>
    <ClInclude Include="..\Core\Source\StartupSys.h">
      <Filter>Header Files</Filter>
    </ClInclude>
    <ClInclude Include="..\Core\Source\Startup.h">
      <Filter>Header Files</Filter>
    </ClInclude>
    <ClInclude Include="..\Core\Source\Section.h">
      <Filter>Header Files</Filter>
    </ClInclude>
    <ClInclude Include="..\Core\Source\Module.h">
      <Filter>Header Files</Filter>
    </ClInclude>
    <ClInclude Include="..\Core\Source\initterm.h">
      <Filter>Header Files</Filter>
    </ClInclude>
    <ClInclude Include="..\Core\Source\ORB\LifeCycleStack.h">
      <Filter>ORB\Header Files</Filter>
    </ClInclude>
    <ClInclude Include="..\Core\Source\ORB\tc_impex.h">
      <Filter>ORB\Header Files</Filter>
    </ClInclude>
    <ClInclude Include="..\Core\Source\WaitableRef.h">
      <Filter>Header Files</Filter>
    </ClInclude>
    <ClInclude Include="..\Core\Source\ClassLibrary.h">
      <Filter>Header Files</Filter>
    </ClInclude>
    <ClInclude Include="..\Core\Source\Singleton.h">
      <Filter>Header Files</Filter>
    </ClInclude>
    <ClInclude Include="..\Core\Source\Chrono.h">
      <Filter>Header Files</Filter>
    </ClInclude>
    <ClInclude Include="..\Core\Source\RuntimeGlobal.h">
      <Filter>Header Files</Filter>
    </ClInclude>
    <ClInclude Include="..\Core\Source\parallel-hashmap\parallel_hashmap\btree.h">
      <Filter>parallel-hashmap</Filter>
    </ClInclude>
    <ClInclude Include="..\Core\Source\parallel-hashmap\parallel_hashmap\meminfo.h">
      <Filter>parallel-hashmap</Filter>
    </ClInclude>
    <ClInclude Include="..\Core\Source\parallel-hashmap\parallel_hashmap\phmap.h">
      <Filter>parallel-hashmap</Filter>
    </ClInclude>
    <ClInclude Include="..\Core\Source\parallel-hashmap\parallel_hashmap\phmap_base.h">
      <Filter>parallel-hashmap</Filter>
    </ClInclude>
    <ClInclude Include="..\Core\Source\parallel-hashmap\parallel_hashmap\phmap_bits.h">
      <Filter>parallel-hashmap</Filter>
    </ClInclude>
    <ClInclude Include="..\Core\Source\parallel-hashmap\parallel_hashmap\phmap_config.h">
      <Filter>parallel-hashmap</Filter>
    </ClInclude>
    <ClInclude Include="..\Core\Source\parallel-hashmap\parallel_hashmap\phmap_dump.h">
      <Filter>parallel-hashmap</Filter>
    </ClInclude>
    <ClInclude Include="..\Core\Source\parallel-hashmap\parallel_hashmap\phmap_fwd_decl.h">
      <Filter>parallel-hashmap</Filter>
    </ClInclude>
    <ClInclude Include="..\Core\Source\parallel-hashmap\parallel_hashmap\phmap_utils.h">
      <Filter>parallel-hashmap</Filter>
    </ClInclude>
    <ClInclude Include="..\Core\Source\MemContext.h">
      <Filter>Header Files</Filter>
    </ClInclude>
    <ClInclude Include="..\Core\Source\HeapDynamic.h">
      <Filter>Header Files</Filter>
    </ClInclude>
    <ClInclude Include="..\Core\Source\Event.h">
      <Filter>Header Files</Filter>
    </ClInclude>
    <ClInclude Include="..\Core\Source\IO_Request.h">
      <Filter>Header Files</Filter>
    </ClInclude>
    <ClInclude Include="..\Core\Source\FileAccessDirect.h">
      <Filter>Header Files</Filter>
    </ClInclude>
    <ClInclude Include="..\Core\Source\StaticallyAllocated.h">
      <Filter>Header Files</Filter>
    </ClInclude>
    <ClInclude Include="..\Core\Source\PreallocatedStack.h">
      <Filter>Header Files</Filter>
    </ClInclude>
    <ClInclude Include="..\Core\Source\Binary.h">
      <Filter>Header Files</Filter>
    </ClInclude>
    <ClInclude Include="..\Core\Source\StringView.h">
      <Filter>Header Files</Filter>
    </ClInclude>
    <ClInclude Include="..\Core\Source\ObjectPool.h">
      <Filter>Header Files</Filter>
    </ClInclude>
    <ClInclude Include="..\Core\Source\Console.h">
      <Filter>Header Files</Filter>
    </ClInclude>
    <ClInclude Include="..\Core\Source\ThreadBackground.h">
      <Filter>Header Files</Filter>
    </ClInclude>
    <ClInclude Include="..\Core\Source\ORB\RqHelper.h">
      <Filter>ORB\Header Files</Filter>
    </ClInclude>
    <ClInclude Include="..\Core\Source\ORB\HashOctetSeq.h">
      <Filter>ORB\Header Files</Filter>
    </ClInclude>
    <ClInclude Include="..\Core\Source\SharedAllocator.h">
      <Filter>Header Files</Filter>
    </ClInclude>
    <ClInclude Include="..\Core\Source\ORB\Services.h">
      <Filter>ORB\Header Files</Filter>
    </ClInclude>
    <ClInclude Include="..\Core\Source\Signals.h">
      <Filter>Header Files</Filter>
    </ClInclude>
    <ClInclude Include="..\Core\Source\TLS.h">
      <Filter>Header Files</Filter>
    </ClInclude>
    <ClInclude Include="..\Core\Source\BitmapOps.h">
      <Filter>Header Files</Filter>
    </ClInclude>
    <ClInclude Include="..\Core\Source\ORB\TC_Fixed.h">
      <Filter>ORB\Header Files</Filter>
    </ClInclude>
    <ClInclude Include="..\Core\Source\ORB\TC_Base.h">
      <Filter>ORB\Header Files</Filter>
    </ClInclude>
    <ClInclude Include="..\Core\Source\ORB\POA_Base.h">
      <Filter>ORB\Header Files</Filter>
    </ClInclude>
    <ClInclude Include="..\Core\Source\ORB\POA_System.h">
      <Filter>ORB\Header Files</Filter>
    </ClInclude>
    <ClInclude Include="..\Core\Source\ORB\POA_Implicit.h">
      <Filter>ORB\Header Files</Filter>
    </ClInclude>
    <ClInclude Include="..\Core\Source\ORB\StreamIn.h">
      <Filter>ORB\Header Files</Filter>
    </ClInclude>
    <ClInclude Include="..\Core\Source\ORB\DomainProt.h">
      <Filter>ORB\Header Files</Filter>
    </ClInclude>
    <ClInclude Include="..\Core\Source\ORB\StreamOut.h">
      <Filter>ORB\Header Files</Filter>
    </ClInclude>
    <ClInclude Include="..\Core\Source\ORB\StreamInSM.h">
      <Filter>ORB\Header Files</Filter>
    </ClInclude>
    <ClInclude Include="..\Core\Source\ORB\StreamOutSM.h">
      <Filter>ORB\Header Files</Filter>
    </ClInclude>
    <ClInclude Include="..\Core\Source\ORB\IncomingRequests.h">
      <Filter>ORB\Header Files</Filter>
    </ClInclude>
    <ClInclude Include="..\Core\Source\ORB\RequestIn.h">
      <Filter>ORB\Header Files</Filter>
    </ClInclude>
    <ClInclude Include="..\Core\Source\ORB\RequestGIOP.h">
      <Filter>ORB\Header Files</Filter>
    </ClInclude>
    <ClInclude Include="..\Core\Source\ORB\CodeSetConverter.h">
      <Filter>ORB\Header Files</Filter>
    </ClInclude>
    <ClInclude Include="..\Core\Source\ORB\ORB_initterm.h">
      <Filter>ORB\Header Files</Filter>
    </ClInclude>
    <ClInclude Include="..\Core\Source\ORB\ProtDomains.h">
      <Filter>ORB\Header Files</Filter>
    </ClInclude>
    <ClInclude Include="..\Core\Source\WeakRef.h">
      <Filter>Header Files</Filter>
    </ClInclude>
    <ClInclude Include="..\Core\Source\MapUnorderedStable.h">
      <Filter>Header Files</Filter>
    </ClInclude>
    <ClInclude Include="..\Core\Source\MapOrderedUnstable.h">
      <Filter>Header Files</Filter>
    </ClInclude>
    <ClInclude Include="..\Core\Source\ORB\RequestOut.h">
      <Filter>ORB\Header Files</Filter>
    </ClInclude>
    <ClInclude Include="..\Core\Source\ORB\StreamOutSMReply.h">
      <Filter>ORB\Header Files</Filter>
    </ClInclude>
    <ClInclude Include="..\Core\Source\ORB\DomainAddress.h">
      <Filter>ORB\Header Files</Filter>
    </ClInclude>
    <ClInclude Include="..\Core\Source\ORB\OutgoingRequests.h">
      <Filter>ORB\Header Files</Filter>
    </ClInclude>
    <ClInclude Include="..\Core\Source\ORB\StreamInEncap.h">
      <Filter>ORB\Header Files</Filter>
    </ClInclude>
    <ClInclude Include="..\Core\Source\ORB\PolicyImpl.h">
      <Filter>ORB\Header Files</Filter>
    </ClInclude>
    <ClInclude Include="..\Core\Source\ORB\PortableServer_policies.h">
      <Filter>ORB\Header Files</Filter>
    </ClInclude>
    <ClInclude Include="..\Core\Source\ORB\PolicyFactory.h">
      <Filter>ORB\Header Files</Filter>
    </ClInclude>
    <ClInclude Include="..\Core\Source\ORB\ObjectKey.h">
      <Filter>ORB\Header Files</Filter>
    </ClInclude>
    <ClInclude Include="..\Core\Source\ORB\RequestInPOA.h">
      <Filter>ORB\Header Files</Filter>
    </ClInclude>
    <ClInclude Include="..\Core\Source\ORB\POAManager.h">
      <Filter>ORB\Header Files</Filter>
    </ClInclude>
    <ClInclude Include="..\Core\Source\ORB\POAManagerFactory.h">
      <Filter>ORB\Header Files</Filter>
    </ClInclude>
    <ClInclude Include="..\Core\Source\ORB\POA_Retain.h">
      <Filter>ORB\Header Files</Filter>
    </ClInclude>
    <ClInclude Include="..\Core\Source\ORB\POA_Unique.h">
      <Filter>ORB\Header Files</Filter>
    </ClInclude>
    <ClInclude Include="..\Core\Source\ORB\PortableServer_Current.h">
      <Filter>ORB\Header Files</Filter>
    </ClInclude>
    <ClInclude Include="..\Core\Source\ORB\ReferenceLocal.h">
      <Filter>ORB\Header Files</Filter>
    </ClInclude>
    <ClInclude Include="..\Core\Source\ORB\Reference.h">
      <Filter>ORB\Header Files</Filter>
    </ClInclude>
    <ClInclude Include="..\Core\Source\ORB\RequestLocalPOA.h">
      <Filter>ORB\Header Files</Filter>
    </ClInclude>
    <ClInclude Include="..\Core\Source\MapUnorderedUnstable.h">
      <Filter>Header Files</Filter>
    </ClInclude>
    <ClInclude Include="..\Core\Source\ORB\StreamOutEncap.h">
      <Filter>ORB\Header Files</Filter>
    </ClInclude>
    <ClInclude Include="..\Core\Source\ORB\RefCntProxy.h">
      <Filter>ORB\Header Files</Filter>
    </ClInclude>
    <ClInclude Include="..\Core\Source\ORB\PortableServer_Context.h">
      <Filter>ORB\Header Files</Filter>
    </ClInclude>
    <ClInclude Include="..\Core\Source\PointerSet.h">
      <Filter>Header Files</Filter>
    </ClInclude>
    <ClInclude Include="..\Core\Source\ORB\POA_Transient.h">
      <Filter>ORB\Header Files</Filter>
    </ClInclude>
    <ClInclude Include="..\Core\Source\ORB\POA_Persistent.h">
      <Filter>ORB\Header Files</Filter>
    </ClInclude>
    <ClInclude Include="..\Core\Source\ORB\POA_Activator.h">
      <Filter>ORB\Header Files</Filter>
    </ClInclude>
    <ClInclude Include="..\Core\Source\ORB\POA_Default.h">
      <Filter>ORB\Header Files</Filter>
    </ClInclude>
    <ClInclude Include="..\Core\Source\ORB\POA_Locator.h">
      <Filter>ORB\Header Files</Filter>
    </ClInclude>
    <ClInclude Include="..\Core\Source\ORB\ReferenceRemote.h">
      <Filter>ORB\Header Files</Filter>
    </ClInclude>
    <ClInclude Include="..\Core\Source\ORB\Domain.h">
      <Filter>ORB\Header Files</Filter>
    </ClInclude>
    <ClInclude Include="..\Core\Source\ORB\RemoteReferences.h">
      <Filter>ORB\Header Files</Filter>
    </ClInclude>
    <ClInclude Include="..\Core\Source\ORB\DomainRemote.h">
      <Filter>ORB\Header Files</Filter>
    </ClInclude>
    <ClInclude Include="..\Core\Source\ORB\GarbageCollector.h">
      <Filter>ORB\Header Files</Filter>
    </ClInclude>
    <ClInclude Include="..\Core\Source\ORB\LocalAddress.h">
      <Filter>ORB\Header Files</Filter>
    </ClInclude>
    <ClInclude Include="..\Core\Source\ORB\TC_IdName.h">
      <Filter>ORB\Header Files</Filter>
    </ClInclude>
    <ClInclude Include="..\Core\Source\ORB\TC_Interface.h">
      <Filter>ORB\Header Files</Filter>
    </ClInclude>
    <ClInclude Include="..\Core\Source\ORB\TC_RefBase.h">
      <Filter>ORB\Header Files</Filter>
    </ClInclude>
    <ClInclude Include="..\Core\Source\ORB\TC_Struct.h">
      <Filter>ORB\Header Files</Filter>
    </ClInclude>
    <ClInclude Include="..\Core\Source\ORB\TC_Union.h">
      <Filter>ORB\Header Files</Filter>
    </ClInclude>
    <ClInclude Include="..\Core\Source\ORB\TC_Enum.h">
      <Filter>ORB\Header Files</Filter>
    </ClInclude>
    <ClInclude Include="..\Core\Source\ORB\TC_Ref.h">
      <Filter>ORB\Header Files</Filter>
    </ClInclude>
    <ClInclude Include="..\Core\Source\ORB\TC_Impl.h">
      <Filter>ORB\Header Files</Filter>
    </ClInclude>
    <ClInclude Include="..\Core\Source\ORB\TC_String.h">
      <Filter>ORB\Header Files</Filter>
    </ClInclude>
    <ClInclude Include="..\Core\Source\ORB\TC_Sequence.h">
      <Filter>ORB\Header Files</Filter>
    </ClInclude>
    <ClInclude Include="..\Core\Source\ORB\TC_Array.h">
      <Filter>ORB\Header Files</Filter>
    </ClInclude>
    <ClInclude Include="..\Core\Source\ORB\TC_ArrayBase.h">
      <Filter>ORB\Header Files</Filter>
    </ClInclude>
    <ClInclude Include="..\Core\Source\ORB\TC_Alias.h">
      <Filter>ORB\Header Files</Filter>
    </ClInclude>
    <ClInclude Include="..\Core\Source\ORB\TC_Value.h">
      <Filter>ORB\Header Files</Filter>
    </ClInclude>
    <ClInclude Include="..\Core\Source\ORB\TC_ValueBox.h">
      <Filter>ORB\Header Files</Filter>
    </ClInclude>
    <ClInclude Include="..\Core\Source\ORB\TC_ValueBase.h">
      <Filter>ORB\Header Files</Filter>
    </ClInclude>
    <ClInclude Include="..\Core\Source\ORB\TC_Abstract.h">
      <Filter>ORB\Header Files</Filter>
    </ClInclude>
    <ClInclude Include="..\Core\Source\ORB\TC_Native.h">
      <Filter>ORB\Header Files</Filter>
    </ClInclude>
    <ClInclude Include="..\Core\Source\ORB\TC_FactoryImpl.h">
      <Filter>ORB\Header Files</Filter>
    </ClInclude>
    <ClInclude Include="..\Core\Source\ORB\TC_Recursive.h">
      <Filter>ORB\Header Files</Filter>
    </ClInclude>
    <ClInclude Include="..\Core\Source\ORB\RequestInESIOP.h">
      <Filter>ORB\Header Files</Filter>
    </ClInclude>
    <ClInclude Include="..\Core\Source\ORB\RequestOutESIOP.h">
      <Filter>ORB\Header Files</Filter>
    </ClInclude>
    <ClInclude Include="..\Core\Source\MapOrderedStable.h">
      <Filter>Header Files</Filter>
    </ClInclude>
    <ClInclude Include="..\Core\Source\ORB\ORB.h">
      <Filter>ORB\Header Files</Filter>
    </ClInclude>
    <ClInclude Include="..\Core\Source\Timer.h">
      <Filter>Header Files</Filter>
    </ClInclude>
    <ClInclude Include="..\Core\Source\TimerAsyncCall.h">
      <Filter>Header Files</Filter>
    </ClInclude>
    <ClInclude Include="..\Core\Source\ORB\PortableServer_p_native.h">
      <Filter>ORB\Header Files</Filter>
    </ClInclude>
    <ClInclude Include="..\Core\Source\ORB\PolicyMap.h">
      <Filter>ORB\Header Files</Filter>
    </ClInclude>
    <ClInclude Include="..\Core\Source\HeapAllocator.h">
      <Filter>Header Files</Filter>
    </ClInclude>
    <ClInclude Include="..\Core\Source\CoreAllocator.h">
      <Filter>Header Files</Filter>
    </ClInclude>
    <ClInclude Include="..\Core\Source\TimerEvent.h">
      <Filter>Header Files</Filter>
    </ClInclude>
    <ClInclude Include="..\Core\Source\ORB\unmarshal_object.h">
      <Filter>ORB\Header Files</Filter>
    </ClInclude>
    <ClInclude Include="..\Core\Source\ORB\tagged_seq.h">
      <Filter>ORB\Header Files</Filter>
    </ClInclude>
    <ClInclude Include="..\Core\Source\ORB\RemoteDomains.h">
      <Filter>ORB\Header Files</Filter>
    </ClInclude>
    <ClInclude Include="..\Core\Source\BinderMemory.h">
      <Filter>Header Files</Filter>
    </ClInclude>
    <ClInclude Include="..\Core\Source\ORB\SysObject.h">
      <Filter>ORB\Header Files</Filter>
    </ClInclude>
    <ClInclude Include="..\Core\Source\ORB\SysServant.h">
      <Filter>ORB\Header Files</Filter>
    </ClInclude>
    <ClInclude Include="..\Core\Source\ORB\SysServantStatic.h">
      <Filter>ORB\Header Files</Filter>
    </ClInclude>
    <ClInclude Include="..\Core\Source\ORB\RequestOutSync.h">
      <Filter>ORB\Header Files</Filter>
    </ClInclude>
    <ClInclude Include="..\Core\Source\ORB\RequestOutAsync.h">
      <Filter>ORB\Header Files</Filter>
    </ClInclude>
    <ClInclude Include="..\Core\Source\BinderObject.h">
      <Filter>Header Files</Filter>
    </ClInclude>
    <ClInclude Include="..\Core\Source\ORB\POA_DGC.h">
      <Filter>ORB\Header Files</Filter>
    </ClInclude>
    <ClInclude Include="..\Core\Source\ORB\BiDirPolicy_policies.h">
      <Filter>ORB\Header Files</Filter>
    </ClInclude>
    <ClInclude Include="..\Core\Source\ORB\FT_policies.h">
      <Filter>ORB\Header Files</Filter>
    </ClInclude>
    <ClInclude Include="..\Core\Source\ORB\Messaging_policies.h">
      <Filter>ORB\Header Files</Filter>
    </ClInclude>
    <ClInclude Include="..\Core\Source\ORB\RequestEvent.h">
      <Filter>ORB\Header Files</Filter>
    </ClInclude>
    <ClInclude Include="..\Core\Source\ORB\Nirvana_policies.h">
      <Filter>ORB\Header Files</Filter>
    </ClInclude>
    <ClInclude Include="..\Core\Source\ORB\SysObjectKey.h">
      <Filter>ORB\Header Files</Filter>
    </ClInclude>
    <ClInclude Include="..\Core\Source\ORB\system_services.h">
      <Filter>ORB\Header Files</Filter>
    </ClInclude>
    <ClInclude Include="..\Core\Source\ORB\SysAdapterActivator.h">
      <Filter>ORB\Header Files</Filter>
    </ClInclude>
    <ClInclude Include="..\Core\Source\FileAccessDirectProxy.h">
      <Filter>Header Files</Filter>
    </ClInclude>
    <ClInclude Include="..\Core\Source\deactivate_servant.h">
      <Filter>Header Files</Filter>
    </ClInclude>
    <ClInclude Include="..\Core\Source\FileAccessBuf.h">
      <Filter>Header Files</Filter>
    </ClInclude>
    <ClInclude Include="..\Core\Source\virtual_copy.h">
      <Filter>Header Files</Filter>
    </ClInclude>
    <ClInclude Include="..\Core\Source\ORB\IndirectMap.h">
      <Filter>ORB\Header Files</Filter>
    </ClInclude>
    <ClInclude Include="..\Core\Source\ORB\RequestLocalBase.h">
      <Filter>ORB\Header Files</Filter>
    </ClInclude>
    <ClInclude Include="..\Core\Source\ORB\Pollable.h">
      <Filter>ORB\Header Files</Filter>
    </ClInclude>
    <ClInclude Include="..\Core\Source\EventSyncTimeout.h">
      <Filter>Header Files</Filter>
    </ClInclude>
    <ClInclude Include="..\Core\Source\ORB\RefCnt.h">
      <Filter>ORB\Header Files</Filter>
    </ClInclude>
    <ClInclude Include="..\Core\Source\ORB\Poller.h">
      <Filter>ORB\Header Files</Filter>
    </ClInclude>
    <ClInclude Include="..\Core\Source\ORB\RequestEncap.h">
      <Filter>ORB\Header Files</Filter>
    </ClInclude>
    <ClInclude Include="..\Core\Source\ORB\CallbackRef.h">
      <Filter>ORB\Header Files</Filter>
    </ClInclude>
    <ClInclude Include="..\Core\Source\ORB\remarshal_output.h">
      <Filter>ORB\Header Files</Filter>
    </ClInclude>
    <ClInclude Include="..\Core\Source\ORB\call_handler.h">
      <Filter>ORB\Header Files</Filter>
    </ClInclude>
    <ClInclude Include="..\Core\Source\ORB\ExceptionHolder.h">
      <Filter>ORB\Header Files</Filter>
    </ClInclude>
    <ClInclude Include="..\Core\Source\PriorityQueueReorder.h">
      <Filter>Header Files</Filter>
    </ClInclude>
    <ClInclude Include="..\Core\Source\ORB\EventChannel.h">
      <Filter>ORB\Header Files</Filter>
    </ClInclude>
    <ClInclude Include="..\Core\Source\EventSync.h">
      <Filter>Header Files</Filter>
    </ClInclude>
    <ClInclude Include="..\Core\Source\Security.h">
      <Filter>Header Files</Filter>
    </ClInclude>
    <ClInclude Include="..\Core\Source\ORB\TypedEventChannel.h">
      <Filter>ORB\Header Files</Filter>
    </ClInclude>
    <ClInclude Include="..\Core\Source\pch.h">
      <Filter>Header Files</Filter>
    </ClInclude>
    <ClInclude Include="..\Core\Source\FileAccessChar.h">
      <Filter>Header Files</Filter>
    </ClInclude>
    <ClInclude Include="..\Core\Source\FileAccessCharProxy.h">
      <Filter>Header Files</Filter>
    </ClInclude>
    <ClInclude Include="..\Core\Source\AtExit.h">
      <Filter>Header Files</Filter>
    </ClInclude>
    <ClInclude Include="..\Core\Source\ORB\SystemExceptionHolder.h">
      <Filter>ORB\Header Files</Filter>
    </ClInclude>
    <ClInclude Include="..\Core\Source\NameService\Dir.h">
      <Filter>NameService\Header Files</Filter>
    </ClInclude>
    <ClInclude Include="..\Core\Source\NameService\DirIter.h">
      <Filter>NameService\Header Files</Filter>
    </ClInclude>
    <ClInclude Include="..\Core\Source\NameService\File.h">
      <Filter>NameService\Header Files</Filter>
    </ClInclude>
    <ClInclude Include="..\Core\Source\NameService\FileActivator.h">
      <Filter>NameService\Header Files</Filter>
    </ClInclude>
    <ClInclude Include="..\Core\Source\NameService\FileChar.h">
      <Filter>NameService\Header Files</Filter>
    </ClInclude>
    <ClInclude Include="..\Core\Source\NameService\FileSystem.h">
      <Filter>NameService\Header Files</Filter>
    </ClInclude>
    <ClInclude Include="..\Core\Source\NameService\Iterator.h">
      <Filter>NameService\Header Files</Filter>
    </ClInclude>
    <ClInclude Include="..\Core\Source\NameService\IteratorStack.h">
      <Filter>NameService\Header Files</Filter>
    </ClInclude>
    <ClInclude Include="..\Core\Source\NameService\NameService.h">
      <Filter>NameService\Header Files</Filter>
    </ClInclude>
    <ClInclude Include="..\Core\Source\NameService\NamingContextBase.h">
      <Filter>NameService\Header Files</Filter>
    </ClInclude>
    <ClInclude Include="..\Core\Source\NameService\NamingContextImpl.h">
      <Filter>NameService\Header Files</Filter>
    </ClInclude>
    <ClInclude Include="..\Core\Source\NameService\NamingContextRoot.h">
      <Filter>NameService\Header Files</Filter>
    </ClInclude>
    <ClInclude Include="..\Core\Source\NameService\Roots.h">
      <Filter>NameService\Header Files</Filter>
    </ClInclude>
    <ClInclude Include="..\Core\Source\System.h">
      <Filter>Header Files</Filter>
    </ClInclude>
    <ClInclude Include="..\Core\Source\Memory.h">
      <Filter>Header Files</Filter>
    </ClInclude>
    <ClInclude Include="..\Core\Source\Executable.h">
      <Filter>Header Files</Filter>
    </ClInclude>
    <ClInclude Include="..\Core\Source\Shell.h">
      <Filter>Header Files</Filter>
    </ClInclude>
    <ClInclude Include="..\Core\Source\SysManager.h">
      <Filter>Header Files</Filter>
    </ClInclude>
    <ClInclude Include="..\Core\Source\NameService\NamingContextDefault.h">
      <Filter>NameService\Header Files</Filter>
    </ClInclude>
    <ClInclude Include="..\Core\Source\FileAccessChar_impl.h">
      <Filter>Header Files</Filter>
    </ClInclude>
    <ClInclude Include="..\Core\Source\TLS_Context.h">
      <Filter>Header Files</Filter>
    </ClInclude>
    <ClInclude Include="..\Core\Source\RuntimeSupport.h">
      <Filter>Header Files</Filter>
    </ClInclude>
    <ClInclude Include="..\Core\Source\FileDescriptorsContext.h">
      <Filter>Header Files</Filter>
    </ClInclude>
    <ClInclude Include="..\Core\Source\FileDescriptors.h">
      <Filter>Header Files</Filter>
    </ClInclude>
    <ClInclude Include="..\Core\Source\CurrentDirContext.h">
      <Filter>Header Files</Filter>
    </ClInclude>
    <ClInclude Include="..\Core\Source\CurrentDir.h">
      <Filter>Header Files</Filter>
    </ClInclude>
    <ClInclude Include="..\Core\Source\DeadlinePolicyContext.h">
      <Filter>Header Files</Filter>
    </ClInclude>
    <ClInclude Include="..\Core\Source\DeadlinePolicy.h">
      <Filter>Header Files</Filter>
    </ClInclude>
    <ClInclude Include="..\Core\Source\Debugger.h">
      <Filter>Header Files</Filter>
    </ClInclude>
    <ClInclude Include="..\Core\Source\the_security.h">
      <Filter>Header Files</Filter>
    </ClInclude>
    <ClInclude Include="..\Core\Source\FileLockRanges.h">
      <Filter>Header Files</Filter>
    </ClInclude>
    <ClInclude Include="..\Core\Source\FileLockQueue.h">
      <Filter>Header Files</Filter>
    </ClInclude>
    <ClInclude Include="..\Core\Source\POSIX.h">
      <Filter>Header Files</Filter>
    </ClInclude>
    <ClInclude Include="..\Core\Source\BindError.h">
      <Filter>Header Files</Filter>
    </ClInclude>
    <ClInclude Include="..\Core\Source\packagedb.h">
      <Filter>Header Files</Filter>
    </ClInclude>
  </ItemGroup>
  <ItemGroup>
    <ClCompile Include="..\Core\Source\ExecContext.cpp">
      <Filter>Source Files</Filter>
    </ClCompile>
    <ClCompile Include="..\Core\Source\ExecDomain.cpp">
      <Filter>Source Files</Filter>
    </ClCompile>
    <ClCompile Include="..\Core\Source\Heap.cpp">
      <Filter>Source Files</Filter>
    </ClCompile>
    <ClCompile Include="..\Core\Source\HeapDirectory.cpp">
      <Filter>Source Files</Filter>
    </ClCompile>
    <ClCompile Include="..\Core\Source\ProtDomain.cpp">
      <Filter>Source Files</Filter>
    </ClCompile>
    <ClCompile Include="..\Core\Source\RandomGen.cpp">
      <Filter>Source Files</Filter>
    </ClCompile>
    <ClCompile Include="..\Core\Source\SyncDomain.cpp">
      <Filter>Source Files</Filter>
    </ClCompile>
    <ClCompile Include="..\Core\Source\Scheduler.cpp">
      <Filter>Source Files</Filter>
    </ClCompile>
    <ClCompile Include="..\Core\Source\ORB\ServantProxyLocal.cpp">
      <Filter>ORB\Source Files</Filter>
    </ClCompile>
    <ClCompile Include="..\Core\Source\ORB\ProxyManager.cpp">
      <Filter>ORB\Source Files</Filter>
    </ClCompile>
    <ClCompile Include="..\Core\Source\ORB\ServantProxyObject.cpp">
      <Filter>ORB\Source Files</Filter>
    </ClCompile>
    <ClCompile Include="..\Core\Source\ORB\ServantBase.cpp">
      <Filter>ORB\Source Files</Filter>
    </ClCompile>
    <ClCompile Include="..\Core\Source\ORB\RequestLocal.cpp">
      <Filter>ORB\Source Files</Filter>
    </ClCompile>
    <ClCompile Include="..\Core\Source\ORB\ServantProxyBase.cpp">
      <Filter>ORB\Source Files</Filter>
    </ClCompile>
    <ClCompile Include="..\Core\Source\BackOff.cpp">
      <Filter>Source Files</Filter>
    </ClCompile>
    <ClCompile Include="..\Core\Source\SkipList.cpp">
      <Filter>Source Files</Filter>
    </ClCompile>
    <ClCompile Include="..\Core\Source\ThreadWorker.cpp">
      <Filter>Source Files</Filter>
    </ClCompile>
    <ClCompile Include="..\Core\Source\SyncContext.cpp">
      <Filter>Source Files</Filter>
    </ClCompile>
    <ClCompile Include="..\Core\Source\CoreModule.cpp">
      <Filter>Source Files</Filter>
    </ClCompile>
    <ClCompile Include="..\Core\Source\Binder.cpp">
      <Filter>Source Files</Filter>
    </ClCompile>
    <ClCompile Include="..\Core\Source\Runnable.cpp">
      <Filter>Source Files</Filter>
    </ClCompile>
    <ClCompile Include="..\Core\Source\StartupProt.cpp">
      <Filter>Source Files</Filter>
    </ClCompile>
    <ClCompile Include="..\Core\Source\StartupSys.cpp">
      <Filter>Source Files</Filter>
    </ClCompile>
    <ClCompile Include="..\Core\Source\Startup.cpp">
      <Filter>Source Files</Filter>
    </ClCompile>
    <ClCompile Include="..\Core\Source\Synchronized.cpp">
      <Filter>Source Files</Filter>
    </ClCompile>
    <ClCompile Include="..\Core\Source\WaitList.cpp">
      <Filter>Source Files</Filter>
    </ClCompile>
    <ClCompile Include="..\Core\Source\WaitableRef.cpp">
      <Filter>Source Files</Filter>
    </ClCompile>
    <ClCompile Include="..\Core\Source\Module.cpp">
      <Filter>Source Files</Filter>
    </ClCompile>
    <ClCompile Include="..\Core\Source\ClassLibrary.cpp">
      <Filter>Source Files</Filter>
    </ClCompile>
    <ClCompile Include="..\Core\Source\Singleton.cpp">
      <Filter>Source Files</Filter>
    </ClCompile>
    <ClCompile Include="..\Core\Source\Event.cpp">
      <Filter>Source Files</Filter>
    </ClCompile>
    <ClCompile Include="..\Core\Source\FileAccessDirect.cpp">
      <Filter>Source Files</Filter>
    </ClCompile>
    <ClCompile Include="..\Core\Source\initterm.cpp">
      <Filter>Source Files</Filter>
    </ClCompile>
    <ClCompile Include="..\Core\Source\MemContext.cpp">
      <Filter>Source Files</Filter>
    </ClCompile>
    <ClCompile Include="..\Core\Source\ORB\RqHelper.cpp">
      <Filter>ORB\Source Files</Filter>
    </ClCompile>
    <ClCompile Include="..\Core\Source\ORB\Services.cpp">
      <Filter>ORB\Source Files</Filter>
    </ClCompile>
    <ClCompile Include="..\Core\Source\Signals.cpp">
      <Filter>Source Files</Filter>
    </ClCompile>
    <ClCompile Include="..\Core\Source\TLS.cpp">
      <Filter>Source Files</Filter>
    </ClCompile>
    <ClCompile Include="..\Core\Source\ORB\TC_Fixed.cpp">
      <Filter>ORB\Source Files</Filter>
    </ClCompile>
    <ClCompile Include="..\Core\Source\ORB\POA_Base.cpp">
      <Filter>ORB\Source Files</Filter>
    </ClCompile>
    <ClCompile Include="..\Core\Source\ORB\POA_System.cpp">
      <Filter>ORB\Source Files</Filter>
    </ClCompile>
    <ClCompile Include="..\Core\Source\ORB\POA_Implicit.cpp">
      <Filter>ORB\Source Files</Filter>
    </ClCompile>
    <ClCompile Include="..\Core\Source\ORB\StreamOutSM.cpp">
      <Filter>ORB\Source Files</Filter>
    </ClCompile>
    <ClCompile Include="..\Core\Source\ORB\StreamInSM.cpp">
      <Filter>ORB\Source Files</Filter>
    </ClCompile>
    <ClCompile Include="..\Core\Source\ORB\ESIOP.cpp">
      <Filter>ORB\Source Files</Filter>
    </ClCompile>
    <ClCompile Include="..\Core\Source\ORB\IncomingRequests.cpp">
      <Filter>ORB\Source Files</Filter>
    </ClCompile>
    <ClCompile Include="..\Core\Source\ORB\RequestGIOP.cpp">
      <Filter>ORB\Source Files</Filter>
    </ClCompile>
    <ClCompile Include="..\Core\Source\ORB\ORB_initterm.cpp">
      <Filter>ORB\Source Files</Filter>
    </ClCompile>
    <ClCompile Include="..\Core\Source\ORB\RequestIn.cpp">
      <Filter>ORB\Source Files</Filter>
    </ClCompile>
    <ClCompile Include="..\Core\Source\ORB\RequestOut.cpp">
      <Filter>ORB\Source Files</Filter>
    </ClCompile>
    <ClCompile Include="..\Core\Source\ORB\CodeSetConverter.cpp">
      <Filter>ORB\Source Files</Filter>
    </ClCompile>
    <ClCompile Include="..\Core\Source\ORB\StreamOut.cpp">
      <Filter>ORB\Source Files</Filter>
    </ClCompile>
    <ClCompile Include="..\Core\Source\ORB\StreamOutSMReply.cpp">
      <Filter>ORB\Source Files</Filter>
    </ClCompile>
    <ClCompile Include="..\Core\Source\ORB\OutgoingRequests.cpp">
      <Filter>ORB\Source Files</Filter>
    </ClCompile>
    <ClCompile Include="..\Core\Source\ORB\StreamIn.cpp">
      <Filter>ORB\Source Files</Filter>
    </ClCompile>
    <ClCompile Include="..\Core\Source\ORB\StreamInEncap.cpp">
      <Filter>ORB\Source Files</Filter>
    </ClCompile>
    <ClCompile Include="..\Core\Source\ORB\PolicyFactory.cpp">
      <Filter>ORB\Source Files</Filter>
    </ClCompile>
    <ClCompile Include="..\Core\Source\ORB\ObjectKey.cpp">
      <Filter>ORB\Source Files</Filter>
    </ClCompile>
    <ClCompile Include="..\Core\Source\ORB\POA_Root.cpp">
      <Filter>ORB\Source Files</Filter>
    </ClCompile>
    <ClCompile Include="..\Core\Source\ORB\POAManager.cpp">
      <Filter>ORB\Source Files</Filter>
    </ClCompile>
    <ClCompile Include="..\Core\Source\ORB\RequestInPOA.cpp">
      <Filter>ORB\Source Files</Filter>
    </ClCompile>
    <ClCompile Include="..\Core\Source\ORB\POA_Unique.cpp">
      <Filter>ORB\Source Files</Filter>
    </ClCompile>
    <ClCompile Include="..\Core\Source\ORB\ReferenceLocal.cpp">
      <Filter>ORB\Source Files</Filter>
    </ClCompile>
    <ClCompile Include="..\Core\Source\ORB\Reference.cpp">
      <Filter>ORB\Source Files</Filter>
    </ClCompile>
    <ClCompile Include="..\Core\Source\ORB\LocalObject.cpp">
      <Filter>ORB\Source Files</Filter>
    </ClCompile>
    <ClCompile Include="..\Core\Source\ORB\RequestLocalPOA.cpp">
      <Filter>ORB\Source Files</Filter>
    </ClCompile>
    <ClCompile Include="..\Core\Source\ORB\POAManagerFactory.cpp">
      <Filter>ORB\Source Files</Filter>
    </ClCompile>
    <ClCompile Include="..\Core\Source\ORB\StreamOutEncap.cpp">
      <Filter>ORB\Source Files</Filter>
    </ClCompile>
    <ClCompile Include="..\Core\Source\ORB\POA_Retain.cpp">
      <Filter>ORB\Source Files</Filter>
    </ClCompile>
    <ClCompile Include="..\Core\Source\ORB\RefCntProxy.cpp">
      <Filter>ORB\Source Files</Filter>
    </ClCompile>
    <ClCompile Include="..\Core\Source\ORB\POA_Transient.cpp">
      <Filter>ORB\Source Files</Filter>
    </ClCompile>
    <ClCompile Include="..\Core\Source\ORB\POA_Persistent.cpp">
      <Filter>ORB\Source Files</Filter>
    </ClCompile>
    <ClCompile Include="..\Core\Source\ORB\POA_Activator.cpp">
      <Filter>ORB\Source Files</Filter>
    </ClCompile>
    <ClCompile Include="..\Core\Source\ORB\POA_create.cpp">
      <Filter>ORB\Source Files</Filter>
    </ClCompile>
    <ClCompile Include="..\Core\Source\ORB\POA_Default.cpp">
      <Filter>ORB\Source Files</Filter>
    </ClCompile>
    <ClCompile Include="..\Core\Source\ORB\POA_Locator.cpp">
      <Filter>ORB\Source Files</Filter>
    </ClCompile>
    <ClCompile Include="..\Core\Source\ORB\Domain.cpp">
      <Filter>ORB\Source Files</Filter>
    </ClCompile>
    <ClCompile Include="..\Core\Source\ORB\ReferenceRemote.cpp">
      <Filter>ORB\Source Files</Filter>
    </ClCompile>
    <ClCompile Include="..\Core\Source\ORB\GarbageCollector.cpp">
      <Filter>ORB\Source Files</Filter>
    </ClCompile>
    <ClCompile Include="..\Core\Source\ORB\RemoteReferences.cpp">
      <Filter>ORB\Source Files</Filter>
    </ClCompile>
    <ClCompile Include="..\Core\Source\ORB\DomainProt.cpp">
      <Filter>ORB\Source Files</Filter>
    </ClCompile>
    <ClCompile Include="..\Core\Source\ORB\DomainRemote.cpp">
      <Filter>ORB\Source Files</Filter>
    </ClCompile>
    <ClCompile Include="..\Core\Source\ORB\LocalAddress.cpp">
      <Filter>ORB\Source Files</Filter>
    </ClCompile>
    <ClCompile Include="..\Core\Source\ORB\TC_Interface.cpp">
      <Filter>ORB\Source Files</Filter>
    </ClCompile>
    <ClCompile Include="..\Core\Source\ORB\TC_RefBase.cpp">
      <Filter>ORB\Source Files</Filter>
    </ClCompile>
    <ClCompile Include="..\Core\Source\ORB\TC_Struct.cpp">
      <Filter>ORB\Source Files</Filter>
    </ClCompile>
    <ClCompile Include="..\Core\Source\ORB\TC_Union.cpp">
      <Filter>ORB\Source Files</Filter>
    </ClCompile>
    <ClCompile Include="..\Core\Source\ORB\TC_Enum.cpp">
      <Filter>ORB\Source Files</Filter>
    </ClCompile>
    <ClCompile Include="..\Core\Source\ORB\TC_IdName.cpp">
      <Filter>ORB\Source Files</Filter>
    </ClCompile>
    <ClCompile Include="..\Core\Source\ORB\TC_Base.cpp">
      <Filter>ORB\Source Files</Filter>
    </ClCompile>
    <ClCompile Include="..\Core\Source\ORB\TC_Sequence.cpp">
      <Filter>ORB\Source Files</Filter>
    </ClCompile>
    <ClCompile Include="..\Core\Source\ORB\TC_Array.cpp">
      <Filter>ORB\Source Files</Filter>
    </ClCompile>
    <ClCompile Include="..\Core\Source\ORB\TC_ArrayBase.cpp">
      <Filter>ORB\Source Files</Filter>
    </ClCompile>
    <ClCompile Include="..\Core\Source\ORB\TC_Alias.cpp">
      <Filter>ORB\Source Files</Filter>
    </ClCompile>
    <ClCompile Include="..\Core\Source\ORB\TC_Value.cpp">
      <Filter>ORB\Source Files</Filter>
    </ClCompile>
    <ClCompile Include="..\Core\Source\ORB\TC_ValueBox.cpp">
      <Filter>ORB\Source Files</Filter>
    </ClCompile>
    <ClCompile Include="..\Core\Source\ORB\TC_ValueBase.cpp">
      <Filter>ORB\Source Files</Filter>
    </ClCompile>
    <ClCompile Include="..\Core\Source\ORB\TC_Abstract.cpp">
      <Filter>ORB\Source Files</Filter>
    </ClCompile>
    <ClCompile Include="..\Core\Source\ORB\TC_FactoryImpl.cpp">
      <Filter>ORB\Source Files</Filter>
    </ClCompile>
    <ClCompile Include="..\Core\Source\ORB\TC_Ref.cpp">
      <Filter>ORB\Source Files</Filter>
    </ClCompile>
    <ClCompile Include="..\Core\Source\ORB\RequestInESIOP.cpp">
      <Filter>ORB\Source Files</Filter>
    </ClCompile>
    <ClCompile Include="..\Core\Source\ORB\RequestOutESIOP.cpp">
      <Filter>ORB\Source Files</Filter>
    </ClCompile>
    <ClCompile Include="..\Core\Source\SysDomain.cpp">
      <Filter>Source Files</Filter>
    </ClCompile>
    <ClCompile Include="..\Core\Source\ThreadBackground.cpp">
      <Filter>Source Files</Filter>
    </ClCompile>
    <ClCompile Include="..\Core\Source\ORB\ORB.cpp">
      <Filter>ORB\Source Files</Filter>
    </ClCompile>
    <ClCompile Include="..\Core\Source\TimerAsyncCall.cpp">
      <Filter>Source Files</Filter>
    </ClCompile>
    <ClCompile Include="..\Core\Source\BitmapOps.cpp">
      <Filter>Source Files</Filter>
    </ClCompile>
    <ClCompile Include="..\Core\Source\TimerEvent.cpp">
      <Filter>Source Files</Filter>
    </ClCompile>
    <ClCompile Include="..\Core\Source\ORB\unmarshal_object.cpp">
      <Filter>ORB\Source Files</Filter>
    </ClCompile>
    <ClCompile Include="..\Core\Source\ORB\tagged_seq.cpp">
      <Filter>ORB\Source Files</Filter>
    </ClCompile>
    <ClCompile Include="..\Core\Source\ORB\ProtDomains.cpp">
      <Filter>ORB\Source Files</Filter>
    </ClCompile>
    <ClCompile Include="..\Core\Source\ORB\RemoteDomains.cpp">
      <Filter>ORB\Source Files</Filter>
    </ClCompile>
    <ClCompile Include="..\Core\Source\BinderMemory.cpp">
      <Filter>Source Files</Filter>
    </ClCompile>
    <ClCompile Include="..\Core\Source\ORB\SysObject.cpp">
      <Filter>ORB\Source Files</Filter>
    </ClCompile>
    <ClCompile Include="..\Core\Source\ORB\ObjectFactory.cpp">
      <Filter>ORB\Source Files</Filter>
    </ClCompile>
    <ClCompile Include="..\Core\Source\ORB\PolicyMap.cpp">
      <Filter>ORB\Source Files</Filter>
    </ClCompile>
    <ClCompile Include="..\Core\Source\ORB\POA_DGC.cpp">
      <Filter>ORB\Source Files</Filter>
    </ClCompile>
    <ClCompile Include="..\Core\Source\ORB\system_services.cpp">
      <Filter>ORB\Source Files</Filter>
    </ClCompile>
    <ClCompile Include="..\Core\Source\ORB\SysAdapterActivator.cpp">
      <Filter>Source Files</Filter>
    </ClCompile>
    <ClCompile Include="..\Core\Source\deactivate_servant.cpp">
      <Filter>Source Files</Filter>
    </ClCompile>
    <ClCompile Include="..\Core\Source\FileAccessBuf.cpp">
      <Filter>Source Files</Filter>
    </ClCompile>
    <ClCompile Include="..\Core\Source\virtual_copy.cpp">
      <Filter>Source Files</Filter>
    </ClCompile>
    <ClCompile Include="..\Core\Source\RuntimeGlobal.cpp">
      <Filter>Source Files</Filter>
    </ClCompile>
    <ClCompile Include="..\Core\Source\FileAccessDirectProxy.cpp">
      <Filter>Source Files</Filter>
    </ClCompile>
    <ClCompile Include="..\Core\Source\ORB\IndirectMap.cpp">
      <Filter>ORB\Source Files</Filter>
    </ClCompile>
    <ClCompile Include="..\Core\Source\ORB\RequestLocalBase.cpp">
      <Filter>ORB\Source Files</Filter>
    </ClCompile>
    <ClCompile Include="..\Core\Source\EventSyncTimeout.cpp">
      <Filter>Source Files</Filter>
    </ClCompile>
    <ClCompile Include="..\Core\Source\ORB\Pollable.cpp">
      <Filter>ORB\Source Files</Filter>
    </ClCompile>
    <ClCompile Include="..\Core\Source\ORB\Poller.cpp">
      <Filter>ORB\Source Files</Filter>
    </ClCompile>
    <ClCompile Include="..\Core\Source\ORB\ExceptionHolder.cpp">
      <Filter>ORB\Source Files</Filter>
    </ClCompile>
    <ClCompile Include="..\Core\Source\ORB\RequestEncap.cpp">
      <Filter>ORB\Source Files</Filter>
    </ClCompile>
    <ClCompile Include="..\Core\Source\ORB\CallbackRef.cpp">
      <Filter>ORB\Source Files</Filter>
    </ClCompile>
    <ClCompile Include="..\Core\Source\ORB\remarshal_output.cpp">
      <Filter>ORB\Source Files</Filter>
    </ClCompile>
    <ClCompile Include="..\Core\Source\ORB\call_handler.cpp">
      <Filter>ORB\Source Files</Filter>
    </ClCompile>
    <ClCompile Include="..\Core\Source\EventSync.cpp">
      <Filter>Source Files</Filter>
    </ClCompile>
    <ClCompile Include="..\Core\Source\ORB\EventChannel.cpp">
      <Filter>ORB\Source Files</Filter>
    </ClCompile>
    <ClCompile Include="..\Core\Source\ORB\TypedEventChannel.cpp">
      <Filter>ORB\Source Files</Filter>
    </ClCompile>
    <ClCompile Include="..\Core\Source\pch.cpp">
      <Filter>Source Files</Filter>
    </ClCompile>
    <ClCompile Include="..\Core\Source\FileAccessChar.cpp">
      <Filter>Source Files</Filter>
    </ClCompile>
    <ClCompile Include="..\Core\Source\Console.cpp">
      <Filter>Source Files</Filter>
    </ClCompile>
    <ClCompile Include="..\Core\Source\ORB\SystemExceptionHolder.cpp">
      <Filter>ORB\Source Files</Filter>
    </ClCompile>
    <ClCompile Include="..\Core\Source\NameService\Dir.cpp">
      <Filter>NameService\Source Files</Filter>
    </ClCompile>
    <ClCompile Include="..\Core\Source\NameService\DirIter.cpp">
      <Filter>NameService\Source Files</Filter>
    </ClCompile>
    <ClCompile Include="..\Core\Source\NameService\File.cpp">
      <Filter>NameService\Source Files</Filter>
    </ClCompile>
    <ClCompile Include="..\Core\Source\NameService\FileChar.cpp">
      <Filter>NameService\Source Files</Filter>
    </ClCompile>
    <ClCompile Include="..\Core\Source\NameService\FileSystem.cpp">
      <Filter>NameService\Source Files</Filter>
    </ClCompile>
    <ClCompile Include="..\Core\Source\NameService\Iterator.cpp">
      <Filter>NameService\Source Files</Filter>
    </ClCompile>
    <ClCompile Include="..\Core\Source\NameService\IteratorStack.cpp">
      <Filter>NameService\Source Files</Filter>
    </ClCompile>
    <ClCompile Include="..\Core\Source\NameService\NameService.cpp">
      <Filter>NameService\Source Files</Filter>
    </ClCompile>
    <ClCompile Include="..\Core\Source\NameService\NamingContextBase.cpp">
      <Filter>NameService\Source Files</Filter>
    </ClCompile>
    <ClCompile Include="..\Core\Source\NameService\NamingContextImpl.cpp">
      <Filter>NameService\Source Files</Filter>
    </ClCompile>
    <ClCompile Include="..\Core\Source\NameService\NamingContextRoot.cpp">
      <Filter>NameService\Source Files</Filter>
    </ClCompile>
    <ClCompile Include="..\Core\Source\Executable.cpp">
      <Filter>Source Files</Filter>
    </ClCompile>
    <ClCompile Include="..\Core\Source\SysManager.cpp">
      <Filter>Source Files</Filter>
    </ClCompile>
    <ClCompile Include="..\Core\Source\ORB\CCM_Cookie.cpp">
      <Filter>ORB\Source Files</Filter>
    </ClCompile>
    <ClCompile Include="..\Core\Source\IDL\BiDirPolicy.cpp">
      <Filter>Generated</Filter>
    </ClCompile>
    <ClCompile Include="..\Core\Source\IDL\CoreDomains.cpp">
      <Filter>Generated</Filter>
    </ClCompile>
    <ClCompile Include="..\Core\Source\IDL\CSI.cpp">
      <Filter>Generated</Filter>
    </ClCompile>
    <ClCompile Include="..\Core\Source\IDL\CSIIOP.cpp">
      <Filter>Generated</Filter>
    </ClCompile>
    <ClCompile Include="..\Core\Source\IDL\GIOP.cpp">
      <Filter>Generated</Filter>
    </ClCompile>
    <ClCompile Include="..\Core\Source\IDL\GSSUP.cpp">
      <Filter>Generated</Filter>
    </ClCompile>
    <ClCompile Include="..\Core\Source\IDL\IIOP.cpp">
      <Filter>Generated</Filter>
    </ClCompile>
    <ClCompile Include="..\Core\Source\IDL\TC_Factory.cpp">
      <Filter>Generated</Filter>
    </ClCompile>
    <ClCompile Include="..\Core\Source\AtExit.cpp">
      <Filter>Source Files</Filter>
    </ClCompile>
    <ClCompile Include="..\Core\Source\NameService\NamingContextDefault.cpp">
      <Filter>NameService\Source Files</Filter>
    </ClCompile>
    <ClCompile Include="..\Core\Source\Security.cpp">
      <Filter>Source Files</Filter>
    </ClCompile>
    <ClCompile Include="..\Core\Source\FileAccessCharProxy.cpp">
      <Filter>Source Files</Filter>
    </ClCompile>
    <ClCompile Include="..\Core\Source\FileDescriptorsContext.cpp">
      <Filter>Source Files</Filter>
    </ClCompile>
    <ClCompile Include="..\Core\Source\FileDescriptors.cpp">
      <Filter>Source Files</Filter>
    </ClCompile>
    <ClCompile Include="..\Core\Source\CurrentDirContext.cpp">
      <Filter>Source Files</Filter>
    </ClCompile>
    <ClCompile Include="..\Core\Source\HeapDynamic.cpp">
      <Filter>Source Files</Filter>
    </ClCompile>
    <ClCompile Include="..\Core\Source\FileLockRanges.cpp">
      <Filter>Source Files</Filter>
    </ClCompile>
    <ClCompile Include="..\Core\Source\IDL\IOP.cpp">
      <Filter>Generated</Filter>
    </ClCompile>
    <ClCompile Include="..\Core\Source\ORB\RequestOutSync.cpp">
      <Filter>ORB\Source Files</Filter>
    </ClCompile>
    <ClCompile Include="..\Core\Source\BindError.cpp">
      <Filter>Source Files</Filter>
    </ClCompile>
  </ItemGroup>
  <ItemGroup>
    <CustomBuild Include="..\..\Library.VC\Nirvana\SRC\Include\Nirvana\File.idl">
      <Filter>IDL</Filter>
    </CustomBuild>
    <CustomBuild Include="..\..\Library.VC\Nirvana\ORB\Include\CORBA\TCKind.idl">
      <Filter>ORB\IDL</Filter>
    </CustomBuild>
    <CustomBuild Include="..\..\Library.VC\Nirvana\ORB\Include\CORBA\TypeCode.idl">
      <Filter>ORB\IDL</Filter>
    </CustomBuild>
    <CustomBuild Include="..\..\Library.VC\Nirvana\ORB\Include\CORBA\PortableServer.idl">
      <Filter>ORB\IDL</Filter>
    </CustomBuild>
    <CustomBuild Include="..\..\Library.VC\Nirvana\ORB\Include\CORBA\ORB.idl">
      <Filter>ORB\IDL</Filter>
    </CustomBuild>
    <CustomBuild Include="..\..\Library.VC\Nirvana\ORB\Include\CORBA\Policy.idl">
      <Filter>ORB\IDL</Filter>
    </CustomBuild>
    <CustomBuild Include="..\..\Library.VC\Nirvana\ORB\Include\CORBA\Current.idl">
      <Filter>ORB\IDL</Filter>
    </CustomBuild>
    <CustomBuild Include="..\..\Library.VC\Nirvana\ORB\Include\CORBA\Dynamic.idl">
      <Filter>ORB\IDL</Filter>
    </CustomBuild>
    <CustomBuild Include="..\..\Library.VC\Nirvana\ORB\Include\CORBA\Messaging.idl">
      <Filter>ORB\IDL</Filter>
    </CustomBuild>
    <CustomBuild Include="..\..\Library.VC\Nirvana\ORB\Include\CORBA\Pollable.idl">
      <Filter>ORB\IDL</Filter>
    </CustomBuild>
    <CustomBuild Include="..\Core\Source\ORB\GIOP.idl">
      <Filter>ORB\IDL\Internal</Filter>
    </CustomBuild>
    <CustomBuild Include="..\Core\Source\ORB\IIOP.idl">
      <Filter>ORB\IDL\Internal</Filter>
    </CustomBuild>
    <CustomBuild Include="..\..\Library.VC\Nirvana\ORB\Include\CORBA\DomainManager.idl">
      <Filter>ORB\IDL</Filter>
    </CustomBuild>
    <CustomBuild Include="..\Core\Source\ORB\CSI.idl">
      <Filter>ORB\IDL\Internal</Filter>
    </CustomBuild>
    <CustomBuild Include="..\Core\Source\ORB\GSSUP.idl">
      <Filter>ORB\IDL\Internal</Filter>
    </CustomBuild>
    <CustomBuild Include="..\Core\Source\ORB\CSIIOP.idl">
      <Filter>ORB\IDL\Internal</Filter>
    </CustomBuild>
    <CustomBuild Include="..\Core\Source\ORB\BiDirPolicy.idl">
      <Filter>ORB\IDL\Internal</Filter>
    </CustomBuild>
    <CustomBuild Include="..\Core\Source\ORB\TC_Factory.idl">
      <Filter>ORB\IDL\Internal</Filter>
    </CustomBuild>
    <CustomBuild Include="..\..\Library.VC\Nirvana\SRC\Include\Nirvana\Domains.idl">
      <Filter>IDL</Filter>
    </CustomBuild>
    <CustomBuild Include="..\..\Library.VC\Nirvana\ORB\Include\CORBA\TimeBase.idl">
      <Filter>ORB\IDL</Filter>
    </CustomBuild>
    <CustomBuild Include="..\..\Library.VC\Nirvana\ORB\Include\CORBA\CosEventComm.idl">
      <Filter>ORB\IDL</Filter>
    </CustomBuild>
    <CustomBuild Include="..\..\Library.VC\Nirvana\ORB\Include\CORBA\CosNaming.idl">
      <Filter>ORB\IDL</Filter>
    </CustomBuild>
    <CustomBuild Include="..\..\Library.VC\Nirvana\ORB\Include\CORBA\CosTime.idl">
      <Filter>ORB\IDL</Filter>
    </CustomBuild>
    <CustomBuild Include="..\..\Library.VC\Nirvana\ORB\Include\CORBA\CosTimerEvent.idl">
      <Filter>ORB\IDL</Filter>
    </CustomBuild>
    <CustomBuild Include="..\Core\Source\CoreDomains.idl">
      <Filter>IDL</Filter>
    </CustomBuild>
    <CustomBuild Include="..\..\Library.VC\Nirvana\ORB\Include\CORBA\FT.idl">
      <Filter>ORB\IDL</Filter>
    </CustomBuild>
    <CustomBuild Include="..\..\Library.VC\Nirvana\ORB\Include\CORBA\NirvanaDGC.idl">
      <Filter>ORB\IDL</Filter>
    </CustomBuild>
    <CustomBuild Include="..\..\Library.VC\Nirvana\ORB\Include\CORBA\Request.idl">
      <Filter>ORB\IDL</Filter>
    </CustomBuild>
    <CustomBuild Include="..\..\Library.VC\Nirvana\ORB\Include\CORBA\NVList.idl">
      <Filter>ORB\IDL</Filter>
    </CustomBuild>
    <CustomBuild Include="..\..\Library.VC\Nirvana\ORB\Include\CORBA\AMI.idl">
      <Filter>ORB\IDL</Filter>
    </CustomBuild>
    <CustomBuild Include="..\Core\Source\ORB\RequestCallback.idl">
      <Filter>ORB\IDL\Internal</Filter>
    </CustomBuild>
    <CustomBuild Include="..\..\Library.VC\Nirvana\ORB\Include\CORBA\CosEventChannelAdmin.idl">
      <Filter>ORB\IDL</Filter>
    </CustomBuild>
    <CustomBuild Include="..\..\Library.VC\Nirvana\ORB\Include\CORBA\CosTypedEventChannelAdmin.idl">
      <Filter>ORB\IDL</Filter>
    </CustomBuild>
    <CustomBuild Include="..\..\Library.VC\Nirvana\ORB\Include\CORBA\CosTypedEventComm.idl">
      <Filter>ORB\IDL</Filter>
    </CustomBuild>
    <CustomBuild Include="..\..\Library.VC\Nirvana\ORB\Include\CORBA\CORBA_Stream.idl">
      <Filter>ORB\IDL</Filter>
    </CustomBuild>
    <CustomBuild Include="..\..\Library.VC\Nirvana\ORB\Include\CORBA\CORBA_types.idl">
      <Filter>ORB\IDL</Filter>
    </CustomBuild>
    <CustomBuild Include="..\..\Library.VC\Nirvana\SRC\Include\Nirvana\Shell.idl">
      <Filter>IDL</Filter>
    </CustomBuild>
    <CustomBuild Include="..\..\Library.VC\Nirvana\ORB\Include\CORBA\ccm\CCM_Base.idl">
      <Filter>ORB\IDL\CCM</Filter>
    </CustomBuild>
    <CustomBuild Include="..\..\Library.VC\Nirvana\ORB\Include\CORBA\ccm\CCM_Cookie.idl">
      <Filter>ORB\IDL\CCM</Filter>
    </CustomBuild>
    <CustomBuild Include="..\..\Library.VC\Nirvana\ORB\Include\CORBA\ccm\CCM_Events.idl">
      <Filter>ORB\IDL\CCM</Filter>
    </CustomBuild>
    <CustomBuild Include="..\..\Library.VC\Nirvana\ORB\Include\CORBA\ccm\CCM_Exceptions.idl">
      <Filter>ORB\IDL\CCM</Filter>
    </CustomBuild>
    <CustomBuild Include="..\..\Library.VC\Nirvana\ORB\Include\CORBA\ccm\CCM_Home.idl">
      <Filter>ORB\IDL\CCM</Filter>
    </CustomBuild>
    <CustomBuild Include="..\..\Library.VC\Nirvana\ORB\Include\CORBA\ccm\CCM_Navigation.idl">
      <Filter>ORB\IDL\CCM</Filter>
    </CustomBuild>
    <CustomBuild Include="..\..\Library.VC\Nirvana\ORB\Include\CORBA\ccm\CCM_Object.idl">
      <Filter>ORB\IDL\CCM</Filter>
    </CustomBuild>
    <CustomBuild Include="..\..\Library.VC\Nirvana\ORB\Include\CORBA\ccm\CCM_Receptacle.idl">
      <Filter>ORB\IDL\CCM</Filter>
    </CustomBuild>
    <CustomBuild Include="..\Core\Source\ORB\MessageRouting.idl">
      <Filter>ORB\IDL\Internal</Filter>
    </CustomBuild>
    <CustomBuild Include="..\Core\Source\ORB\IOP.idl">
      <Filter>ORB\IDL\Internal</Filter>
    </CustomBuild>
    <CustomBuild Include="..\..\Library.VC\Nirvana\SRC\Include\Nirvana\NDBC_ex.idl">
      <Filter>IDL</Filter>
    </CustomBuild>
    <CustomBuild Include="..\..\Library.VC\Nirvana\SRC\Include\Nirvana\BindError.idl">
      <Filter>IDL</Filter>
    </CustomBuild>
  </ItemGroup>
  <ItemGroup>
    <None Include="..\Core\Source\Binder.inl">
      <Filter>Header Files</Filter>
    </None>
    <None Include="..\Core\Source\ThreadBackground.inl">
      <Filter>Header Files</Filter>
    </None>
    <None Include="vcpkg.json" />
  </ItemGroup>
</Project>