<?xml version="1.0" encoding="utf-8"?>
<Project ToolsVersion="4.0" xmlns="http://schemas.microsoft.com/developer/msbuild/2003">
  <ItemGroup>
    <Filter Include="Source Files">
      <UniqueIdentifier>{4FC737F1-C7A5-4376-A066-2A32D752A2FF}</UniqueIdentifier>
      <Extensions>cpp;c;cc;cxx;def;odl;idl;hpj;bat;asm;asmx</Extensions>
    </Filter>
    <Filter Include="Header Files">
      <UniqueIdentifier>{93995380-89BD-4b04-88EB-625FBE52EBFB}</UniqueIdentifier>
      <Extensions>h;hh;hpp;hxx;hm;inl;inc;ipp;xsd</Extensions>
    </Filter>
    <Filter Include="Resource Files">
      <UniqueIdentifier>{67DA6AB6-F800-4c08-8B7A-83BB121AAD01}</UniqueIdentifier>
      <Extensions>rc;ico;cur;bmp;dlg;rc2;rct;bin;rgs;gif;jpg;jpeg;jpe;resx;tiff;tif;png;wav;mfcribbon-ms</Extensions>
    </Filter>
    <Filter Include="ORB">
      <UniqueIdentifier>{2257ae80-76b4-44c2-add2-3eb2c3e6dfc5}</UniqueIdentifier>
    </Filter>
    <Filter Include="ORB\Header Files">
      <UniqueIdentifier>{0e8342c0-94f7-4d78-ac3e-19956bd92002}</UniqueIdentifier>
      <Extensions>h;hh;hpp;hxx;hm;inl;inc;ipp;xsd</Extensions>
    </Filter>
    <Filter Include="ORB\Source Files">
      <UniqueIdentifier>{cbc529be-ae00-4986-85c3-46cb9b20d92f}</UniqueIdentifier>
      <Extensions>cpp;c;cc;cxx;def;odl;idl;hpj;bat;asm;asmx</Extensions>
    </Filter>
    <Filter Include="Legacy">
      <UniqueIdentifier>{723135ab-2232-4845-a624-a164d5c51757}</UniqueIdentifier>
    </Filter>
    <Filter Include="Legacy\Header Files">
      <UniqueIdentifier>{8f5bf123-94d3-474b-b79b-9f20c7540fc6}</UniqueIdentifier>
      <Extensions>h;hh;hpp;hxx;hm;inl;inc;ipp;xsd</Extensions>
    </Filter>
    <Filter Include="Legacy\Source Files">
      <UniqueIdentifier>{0c0884b8-d07d-4096-a8e5-69e65b9c21f7}</UniqueIdentifier>
      <Extensions>cpp;c;cc;cxx;def;odl;idl;hpj;bat;asm;asmx</Extensions>
    </Filter>
    <Filter Include="IDL">
      <UniqueIdentifier>{3b611adf-7eff-4c6d-b4bb-e8315703fea6}</UniqueIdentifier>
    </Filter>
    <Filter Include="ORB\IDL">
      <UniqueIdentifier>{bfe55d61-26c0-4016-abf6-69f7ffc3f298}</UniqueIdentifier>
    </Filter>
    <Filter Include="ORB\IDL\Proxy">
      <UniqueIdentifier>{2ac9563e-9612-47c7-982f-ba12c7460449}</UniqueIdentifier>
    </Filter>
    <Filter Include="generated">
      <UniqueIdentifier>{2b579eea-827d-46c6-97f8-8d93f751c423}</UniqueIdentifier>
    </Filter>
    <Filter Include="parallel-hashmap">
      <UniqueIdentifier>{43efe92b-a3a1-43ed-816f-170488d5d871}</UniqueIdentifier>
    </Filter>
    <Filter Include="llvm">
      <UniqueIdentifier>{363e8c04-0cde-4d74-8541-2d664680a22b}</UniqueIdentifier>
    </Filter>
    <Filter Include="llvm\BinaryFormat">
      <UniqueIdentifier>{756780f1-8516-4905-8537-8d8b5220f102}</UniqueIdentifier>
    </Filter>
    <Filter Include="ORB\generated">
      <UniqueIdentifier>{d2665d0b-605b-4e30-b036-7f3cb810060e}</UniqueIdentifier>
    </Filter>
  </ItemGroup>
  <ItemGroup>
    <ClInclude Include="..\Core\Source\BackOff.h">
      <Filter>Header Files</Filter>
    </ClInclude>
    <ClInclude Include="..\Core\Source\unrecoverable_error.h">
      <Filter>Header Files</Filter>
    </ClInclude>
    <ClInclude Include="..\Core\Source\ExecContext.h">
      <Filter>Header Files</Filter>
    </ClInclude>
    <ClInclude Include="..\Core\Source\ExecDomain.h">
      <Filter>Header Files</Filter>
    </ClInclude>
    <ClInclude Include="..\Core\Source\Heap.h">
      <Filter>Header Files</Filter>
    </ClInclude>
    <ClInclude Include="..\Core\Source\HeapDirectory.h">
      <Filter>Header Files</Filter>
    </ClInclude>
    <ClInclude Include="..\Core\Source\ObjectPool.h">
      <Filter>Header Files</Filter>
    </ClInclude>
    <ClInclude Include="..\Core\Source\PriorityQueue.h">
      <Filter>Header Files</Filter>
    </ClInclude>
    <ClInclude Include="..\Core\Source\ProtDomain.h">
      <Filter>Header Files</Filter>
    </ClInclude>
    <ClInclude Include="..\Core\Source\RandomGen.h">
      <Filter>Header Files</Filter>
    </ClInclude>
    <ClInclude Include="..\Core\Source\SchedulerImpl.h">
      <Filter>Header Files</Filter>
    </ClInclude>
    <ClInclude Include="..\Core\Source\SyncDomain.h">
      <Filter>Header Files</Filter>
    </ClInclude>
    <ClInclude Include="..\Core\Source\SysDomain.h">
      <Filter>Header Files</Filter>
    </ClInclude>
    <ClInclude Include="..\Core\Source\Thread.h">
      <Filter>Header Files</Filter>
    </ClInclude>
    <ClInclude Include="..\Core\Source\Scheduler.h">
      <Filter>Header Files</Filter>
    </ClInclude>
    <ClInclude Include="..\Core\Source\Executor.h">
      <Filter>Header Files</Filter>
    </ClInclude>
    <ClInclude Include="..\Core\Source\Allocators.h">
      <Filter>Header Files</Filter>
    </ClInclude>
    <ClInclude Include="..\Core\Source\Stack.h">
      <Filter>Header Files</Filter>
    </ClInclude>
    <ClInclude Include="..\Core\Source\TaggedPtr.h">
      <Filter>Header Files</Filter>
    </ClInclude>
    <ClInclude Include="..\Core\Source\AtomicCounter.h">
      <Filter>Header Files</Filter>
    </ClInclude>
    <ClInclude Include="..\Core\Source\Array.h">
      <Filter>Header Files</Filter>
    </ClInclude>
    <ClInclude Include="..\Core\Source\CoreInterface.h">
      <Filter>Header Files</Filter>
    </ClInclude>
    <ClInclude Include="..\Core\Source\Runnable.h">
      <Filter>Header Files</Filter>
    </ClInclude>
    <ClInclude Include="..\Core\Source\Synchronized.h">
      <Filter>Header Files</Filter>
    </ClInclude>
    <ClInclude Include="..\Core\Source\ORB\CoreImpl.h">
      <Filter>ORB\Header Files</Filter>
    </ClInclude>
    <ClInclude Include="..\Core\Source\ORB\LocalObject.h">
      <Filter>ORB\Header Files</Filter>
    </ClInclude>
    <ClInclude Include="..\Core\Source\ORB\POA.h">
      <Filter>ORB\Header Files</Filter>
    </ClInclude>
    <ClInclude Include="..\Core\Source\ORB\ProxyLocal.h">
      <Filter>ORB\Header Files</Filter>
    </ClInclude>
    <ClInclude Include="..\Core\Source\ORB\ProxyManager.h">
      <Filter>ORB\Header Files</Filter>
    </ClInclude>
    <ClInclude Include="..\Core\Source\ORB\ProxyObject.h">
      <Filter>ORB\Header Files</Filter>
    </ClInclude>
    <ClInclude Include="..\Core\Source\ORB\ReferenceCounter.h">
      <Filter>ORB\Header Files</Filter>
    </ClInclude>
    <ClInclude Include="..\Core\Source\ORB\ServantBase.h">
      <Filter>ORB\Header Files</Filter>
    </ClInclude>
    <ClInclude Include="..\Core\Source\ORB\ServantMarshaler.h">
      <Filter>ORB\Header Files</Filter>
    </ClInclude>
    <ClInclude Include="..\Core\Source\ORB\ServantProxyBase.h">
      <Filter>ORB\Header Files</Filter>
    </ClInclude>
    <ClInclude Include="..\Core\Source\SkipList.h">
      <Filter>Header Files</Filter>
    </ClInclude>
    <ClInclude Include="..\Core\Source\ORB\giop.h">
      <Filter>ORB\Header Files</Filter>
    </ClInclude>
    <ClInclude Include="..\Core\Source\ORB\iop.h">
      <Filter>ORB\Header Files</Filter>
    </ClInclude>
    <ClInclude Include="..\Core\Source\UserObject.h">
      <Filter>Header Files</Filter>
    </ClInclude>
    <ClInclude Include="..\Core\Source\RuntimeSupportImpl.h">
      <Filter>Header Files</Filter>
    </ClInclude>
    <ClInclude Include="..\Core\Source\Legacy\ThreadBackground.h">
      <Filter>Legacy\Header Files</Filter>
    </ClInclude>
    <ClInclude Include="..\Core\Source\CoreObject.h">
      <Filter>Header Files</Filter>
    </ClInclude>
    <ClInclude Include="..\Core\Source\user_memory.h">
      <Filter>Header Files</Filter>
    </ClInclude>
    <ClInclude Include="..\Core\Source\UserAllocator.h">
      <Filter>Header Files</Filter>
    </ClInclude>
    <ClInclude Include="..\Core\Source\ThreadWorker.h">
      <Filter>Header Files</Filter>
    </ClInclude>
    <ClInclude Include="..\Core\Source\SyncContext.h">
      <Filter>Header Files</Filter>
    </ClInclude>
    <ClInclude Include="..\Core\Source\Legacy\Process.h">
      <Filter>Legacy\Header Files</Filter>
    </ClInclude>
    <ClInclude Include="..\Core\Source\ORB\ObjectFactory.h">
      <Filter>ORB\Header Files</Filter>
    </ClInclude>
    <ClInclude Include="..\Core\Source\Binder.h">
      <Filter>Header Files</Filter>
    </ClInclude>
    <ClInclude Include="..\Core\Source\LifeCyclePseudo.h">
      <Filter>Header Files</Filter>
    </ClInclude>
    <ClInclude Include="..\Core\Source\WaitList.h">
      <Filter>Header Files</Filter>
    </ClInclude>
    <ClInclude Include="..\Core\Source\SkipListWithPool.h">
      <Filter>Header Files</Filter>
    </ClInclude>
    <ClInclude Include="..\Core\Source\Legacy\RuntimeSupportLegacy.h">
      <Filter>Legacy\Header Files</Filter>
    </ClInclude>
    <ClInclude Include="..\Core\Source\ORB\Message.h">
      <Filter>ORB\Header Files</Filter>
    </ClInclude>
    <ClInclude Include="..\Core\Source\StartupProt.h">
      <Filter>Header Files</Filter>
    </ClInclude>
    <ClInclude Include="..\Core\Source\StartupSys.h">
      <Filter>Header Files</Filter>
    </ClInclude>
    <ClInclude Include="..\Core\Source\Startup.h">
      <Filter>Header Files</Filter>
    </ClInclude>
    <ClInclude Include="..\Core\Source\PortableExecutable.h">
      <Filter>Header Files</Filter>
    </ClInclude>
    <ClInclude Include="..\Core\Source\Section.h">
      <Filter>Header Files</Filter>
    </ClInclude>
    <ClInclude Include="..\Core\Source\COFF.h">
      <Filter>Header Files</Filter>
    </ClInclude>
    <ClInclude Include="..\Core\Source\Module.h">
      <Filter>Header Files</Filter>
    </ClInclude>
    <ClInclude Include="..\Core\Source\initterm.h">
      <Filter>Header Files</Filter>
    </ClInclude>
    <ClInclude Include="..\Core\Source\ORB\LifeCycleNoCopy.h">
      <Filter>ORB\Header Files</Filter>
    </ClInclude>
    <ClInclude Include="..\Core\Source\ORB\LifeCycleStack.h">
      <Filter>ORB\Header Files</Filter>
    </ClInclude>
    <ClInclude Include="..\Core\Source\Legacy\Executable.h">
      <Filter>Legacy\Header Files</Filter>
    </ClInclude>
    <ClInclude Include="..\Core\Source\ORB\tc_impex.h">
      <Filter>ORB\Header Files</Filter>
    </ClInclude>
    <ClInclude Include="..\generated\Memory_s.h">
      <Filter>generated</Filter>
    </ClInclude>
    <ClInclude Include="..\generated\Module.h">
      <Filter>generated</Filter>
    </ClInclude>
    <ClInclude Include="..\generated\Module_s.h">
      <Filter>generated</Filter>
    </ClInclude>
    <ClInclude Include="..\Core\Source\WaitableRef.h">
      <Filter>Header Files</Filter>
    </ClInclude>
    <ClInclude Include="..\Core\Source\ClassLibrary.h">
      <Filter>Header Files</Filter>
    </ClInclude>
    <ClInclude Include="..\Core\Source\Singleton.h">
      <Filter>Header Files</Filter>
    </ClInclude>
    <ClInclude Include="..\Core\Source\Chrono.h">
      <Filter>Header Files</Filter>
    </ClInclude>
    <ClInclude Include="..\generated\System.h">
      <Filter>generated</Filter>
    </ClInclude>
    <ClInclude Include="..\generated\System_s.h">
      <Filter>generated</Filter>
    </ClInclude>
    <ClInclude Include="..\Core\Source\RuntimeGlobal.h">
      <Filter>Header Files</Filter>
    </ClInclude>
    <ClInclude Include="..\Core\Source\parallel-hashmap\parallel_hashmap\btree.h">
      <Filter>parallel-hashmap</Filter>
    </ClInclude>
    <ClInclude Include="..\Core\Source\parallel-hashmap\parallel_hashmap\meminfo.h">
      <Filter>parallel-hashmap</Filter>
    </ClInclude>
    <ClInclude Include="..\Core\Source\parallel-hashmap\parallel_hashmap\phmap.h">
      <Filter>parallel-hashmap</Filter>
    </ClInclude>
    <ClInclude Include="..\Core\Source\parallel-hashmap\parallel_hashmap\phmap_base.h">
      <Filter>parallel-hashmap</Filter>
    </ClInclude>
    <ClInclude Include="..\Core\Source\parallel-hashmap\parallel_hashmap\phmap_bits.h">
      <Filter>parallel-hashmap</Filter>
    </ClInclude>
    <ClInclude Include="..\Core\Source\parallel-hashmap\parallel_hashmap\phmap_config.h">
      <Filter>parallel-hashmap</Filter>
    </ClInclude>
    <ClInclude Include="..\Core\Source\parallel-hashmap\parallel_hashmap\phmap_dump.h">
      <Filter>parallel-hashmap</Filter>
    </ClInclude>
    <ClInclude Include="..\Core\Source\parallel-hashmap\parallel_hashmap\phmap_fwd_decl.h">
      <Filter>parallel-hashmap</Filter>
    </ClInclude>
    <ClInclude Include="..\Core\Source\parallel-hashmap\parallel_hashmap\phmap_utils.h">
      <Filter>parallel-hashmap</Filter>
    </ClInclude>
    <ClInclude Include="..\Core\Source\llvm\BinaryFormat\COFF.h">
      <Filter>llvm\BinaryFormat</Filter>
    </ClInclude>
    <ClInclude Include="..\Core\Source\RuntimeSupport.h">
      <Filter>Header Files</Filter>
    </ClInclude>
    <ClInclude Include="..\Core\Source\HeapDynamic.h">
      <Filter>Header Files</Filter>
    </ClInclude>
    <ClInclude Include="..\Core\Source\Event.h">
      <Filter>Header Files</Filter>
    </ClInclude>
    <ClInclude Include="..\Core\Source\IO_Request.h">
      <Filter>Header Files</Filter>
    </ClInclude>
    <ClInclude Include="..\Core\Source\FileAccessDirect.h">
      <Filter>Header Files</Filter>
    </ClInclude>
    <ClInclude Include="..\generated\File.h">
      <Filter>generated</Filter>
    </ClInclude>
    <ClInclude Include="..\generated\File_s.h">
      <Filter>generated</Filter>
    </ClInclude>
    <ClInclude Include="..\generated\RuntimeError.h">
      <Filter>generated</Filter>
    </ClInclude>
    <ClInclude Include="..\generated\RuntimeError_s.h">
      <Filter>generated</Filter>
    </ClInclude>
    <ClInclude Include="..\generated\CORBA\Marshal.h">
      <Filter>ORB\generated</Filter>
    </ClInclude>
    <ClInclude Include="..\generated\CORBA\Marshal_s.h">
      <Filter>ORB\generated</Filter>
    </ClInclude>
    <ClInclude Include="..\generated\CORBA\MarshalContext.h">
      <Filter>ORB\generated</Filter>
    </ClInclude>
    <ClInclude Include="..\generated\CORBA\MarshalContext_s.h">
      <Filter>ORB\generated</Filter>
    </ClInclude>
    <ClInclude Include="..\generated\CORBA\ObjectFactory.h">
      <Filter>ORB\generated</Filter>
    </ClInclude>
    <ClInclude Include="..\generated\CORBA\ObjectFactory_s.h">
      <Filter>ORB\generated</Filter>
    </ClInclude>
    <ClInclude Include="..\generated\CORBA\OctetSeq.h">
      <Filter>ORB\generated</Filter>
    </ClInclude>
    <ClInclude Include="..\generated\CORBA\OctetSeq_s.h">
      <Filter>ORB\generated</Filter>
    </ClInclude>
    <ClInclude Include="..\generated\CORBA\Unmarshal.h">
      <Filter>ORB\generated</Filter>
    </ClInclude>
    <ClInclude Include="..\generated\CORBA\Unmarshal_s.h">
      <Filter>ORB\generated</Filter>
    </ClInclude>
    <ClInclude Include="..\Core\Source\StaticallyAllocated.h">
      <Filter>Header Files</Filter>
    </ClInclude>
  </ItemGroup>
  <ItemGroup>
    <ClCompile Include="..\Core\Source\ExecContext.cpp">
      <Filter>Source Files</Filter>
    </ClCompile>
    <ClCompile Include="..\Core\Source\ExecDomain.cpp">
      <Filter>Source Files</Filter>
    </ClCompile>
    <ClCompile Include="..\Core\Source\Heap.cpp">
      <Filter>Source Files</Filter>
    </ClCompile>
    <ClCompile Include="..\Core\Source\HeapDirectory.cpp">
      <Filter>Source Files</Filter>
    </ClCompile>
    <ClCompile Include="..\Core\Source\ProtDomain.cpp">
      <Filter>Source Files</Filter>
    </ClCompile>
    <ClCompile Include="..\Core\Source\RandomGen.cpp">
      <Filter>Source Files</Filter>
    </ClCompile>
    <ClCompile Include="..\Core\Source\SyncDomain.cpp">
      <Filter>Source Files</Filter>
    </ClCompile>
    <ClCompile Include="..\Core\Source\Scheduler.cpp">
      <Filter>Source Files</Filter>
    </ClCompile>
    <ClCompile Include="..\Core\Source\ORB\ProxyLocal.cpp">
      <Filter>ORB\Source Files</Filter>
    </ClCompile>
    <ClCompile Include="..\Core\Source\ORB\ProxyManager.cpp">
      <Filter>ORB\Source Files</Filter>
    </ClCompile>
    <ClCompile Include="..\Core\Source\ORB\ProxyObject.cpp">
      <Filter>ORB\Source Files</Filter>
    </ClCompile>
    <ClCompile Include="..\Core\Source\ORB\ServantBase.cpp">
      <Filter>ORB\Source Files</Filter>
    </ClCompile>
    <ClCompile Include="..\Core\Source\ORB\ServantMarshaler.cpp">
      <Filter>ORB\Source Files</Filter>
    </ClCompile>
    <ClCompile Include="..\Core\Source\ORB\ServantProxyBase.cpp">
      <Filter>ORB\Source Files</Filter>
    </ClCompile>
    <ClCompile Include="..\Core\Source\BackOff.cpp">
      <Filter>Source Files</Filter>
    </ClCompile>
    <ClCompile Include="..\Core\Source\SkipList.cpp">
      <Filter>Source Files</Filter>
    </ClCompile>
    <ClCompile Include="..\Core\Source\run_in_neutral_context.cpp">
      <Filter>Source Files</Filter>
    </ClCompile>
    <ClCompile Include="..\Core\Source\Legacy\ThreadBackground.cpp">
      <Filter>Legacy\Source Files</Filter>
    </ClCompile>
    <ClCompile Include="..\Core\Source\ThreadWorker.cpp">
      <Filter>Source Files</Filter>
    </ClCompile>
    <ClCompile Include="..\Core\Source\SyncContext.cpp">
      <Filter>Source Files</Filter>
    </ClCompile>
    <ClCompile Include="..\Core\Source\ORB\ObjectFactory.cpp">
      <Filter>ORB\Source Files</Filter>
    </ClCompile>
    <ClCompile Include="..\Core\Source\CoreModule.cpp">
      <Filter>Source Files</Filter>
    </ClCompile>
    <ClCompile Include="..\Core\Source\Binder.cpp">
      <Filter>Source Files</Filter>
    </ClCompile>
    <ClCompile Include="..\Core\Source\Runnable.cpp">
      <Filter>Source Files</Filter>
    </ClCompile>
    <ClCompile Include="..\Core\Source\StartupProt.cpp">
      <Filter>Source Files</Filter>
    </ClCompile>
    <ClCompile Include="..\Core\Source\StartupSys.cpp">
      <Filter>Source Files</Filter>
    </ClCompile>
    <ClCompile Include="..\Core\Source\Startup.cpp">
      <Filter>Source Files</Filter>
    </ClCompile>
    <ClCompile Include="..\Core\Source\PortableExecutable.cpp">
      <Filter>Source Files</Filter>
    </ClCompile>
    <ClCompile Include="..\Core\Source\COFF.cpp">
      <Filter>Source Files</Filter>
    </ClCompile>
    <ClCompile Include="..\Core\Source\Legacy\Process.cpp">
      <Filter>Legacy\Source Files</Filter>
    </ClCompile>
    <ClCompile Include="..\Core\Source\Synchronized.cpp">
      <Filter>Source Files</Filter>
    </ClCompile>
    <ClCompile Include="..\Core\Source\exports.cpp">
      <Filter>Source Files</Filter>
    </ClCompile>
    <ClCompile Include="..\Core\Source\ORB\RootPOA.cpp">
      <Filter>ORB\Source Files</Filter>
    </ClCompile>
    <ClCompile Include="..\Core\Source\ORB\POA_p.cpp">
      <Filter>ORB\Source Files</Filter>
    </ClCompile>
    <ClCompile Include="..\Core\Source\ORB\tc_constants.cpp">
      <Filter>ORB\Source Files</Filter>
    </ClCompile>
    <ClCompile Include="..\Core\Source\ORB\tc_exceptions.cpp">
      <Filter>ORB\Source Files</Filter>
    </ClCompile>
    <ClCompile Include="..\Core\Source\ORB\tc_TypeCode.cpp">
      <Filter>ORB\Source Files</Filter>
    </ClCompile>
    <ClCompile Include="..\Core\Source\WaitList.cpp">
      <Filter>Source Files</Filter>
    </ClCompile>
    <ClCompile Include="..\Core\Source\WaitableRef.cpp">
      <Filter>Source Files</Filter>
    </ClCompile>
    <ClCompile Include="..\Core\Source\Module.cpp">
      <Filter>Source Files</Filter>
    </ClCompile>
    <ClCompile Include="..\Core\Source\ClassLibrary.cpp">
      <Filter>Source Files</Filter>
    </ClCompile>
    <ClCompile Include="..\Core\Source\Singleton.cpp">
      <Filter>Source Files</Filter>
    </ClCompile>
    <ClCompile Include="..\Core\Source\Legacy\Executable.cpp">
      <Filter>Legacy\Source Files</Filter>
    </ClCompile>
    <ClCompile Include="..\generated\File_p.cpp">
      <Filter>generated</Filter>
    </ClCompile>
    <ClCompile Include="..\Core\Source\Event.cpp">
      <Filter>Source Files</Filter>
    </ClCompile>
    <ClCompile Include="..\generated\RuntimeError_p.cpp">
      <Filter>generated</Filter>
    </ClCompile>
    <ClCompile Include="..\Core\Source\FileAccessDirect.cpp">
      <Filter>Source Files</Filter>
    </ClCompile>
    <ClCompile Include="..\Core\Source\Memory.cpp">
      <Filter>Source Files</Filter>
    </ClCompile>
    <ClCompile Include="..\Core\Source\System.cpp">
      <Filter>Source Files</Filter>
    </ClCompile>
    <ClCompile Include="..\generated\CORBA\OctetSeq_p.cpp">
      <Filter>ORB\generated</Filter>
    </ClCompile>
    <ClCompile Include="..\Core\Source\initterm.cpp">
      <Filter>Source Files</Filter>
    </ClCompile>
  </ItemGroup>
  <ItemGroup>
    <CustomBuild Include="..\..\Library.VC\Nirvana\SRC\Include\Nirvana\Memory.idl">
      <Filter>IDL</Filter>
    </CustomBuild>
    <CustomBuild Include="..\..\Library.VC\Nirvana\SRC\Include\Nirvana\System.idl">
      <Filter>IDL</Filter>
    </CustomBuild>
    <CustomBuild Include="..\..\Library.VC\Nirvana\SRC\Include\Nirvana\Module.idl">
      <Filter>IDL</Filter>
    </CustomBuild>
    <CustomBuild Include="..\..\Library.VC\Nirvana\ORB\Include\CORBA\Marshal.idl">
      <Filter>ORB\IDL</Filter>
    </CustomBuild>
    <CustomBuild Include="..\..\Library.VC\Nirvana\ORB\Include\CORBA\MarshalContext.idl">
      <Filter>ORB\IDL</Filter>
    </CustomBuild>
    <CustomBuild Include="..\..\Library.VC\Nirvana\ORB\Include\CORBA\Unmarshal.idl">
      <Filter>ORB\IDL</Filter>
    </CustomBuild>
    <CustomBuild Include="..\..\Library.VC\Nirvana\ORB\Include\CORBA\Proxy\IOReference.idl">
      <Filter>ORB\IDL\Proxy</Filter>
    </CustomBuild>
    <CustomBuild Include="..\..\Library.VC\Nirvana\ORB\Include\CORBA\Proxy\IORequest.idl">
      <Filter>ORB\IDL\Proxy</Filter>
    </CustomBuild>
    <CustomBuild Include="..\..\Library.VC\Nirvana\ORB\Include\CORBA\ObjectFactory.idl">
      <Filter>ORB\IDL</Filter>
    </CustomBuild>
    <CustomBuild Include="..\..\Library.VC\Nirvana\SRC\Include\Nirvana\File.idl">
      <Filter>IDL</Filter>
    </CustomBuild>
    <CustomBuild Include="..\..\Library.VC\Nirvana\SRC\Include\Nirvana\RuntimeError.idl">
      <Filter>IDL</Filter>
    </CustomBuild>
    <CustomBuild Include="..\..\Library.VC\Nirvana\ORB\Include\CORBA\OctetSeq.idl">
      <Filter>ORB\IDL</Filter>
    </CustomBuild>
  </ItemGroup>
  <ItemGroup>
    <None Include="..\Core\Source\Binder.inl">
      <Filter>Header Files</Filter>
    </None>
  </ItemGroup>
</Project>