<?xml version="1.0" encoding="utf-8"?>
<Project ToolsVersion="4.0" xmlns="http://schemas.microsoft.com/developer/msbuild/2003">
  <ItemGroup>
    <Filter Include="Source Files">
      <UniqueIdentifier>{4FC737F1-C7A5-4376-A066-2A32D752A2FF}</UniqueIdentifier>
      <Extensions>cpp;c;cc;cxx;def;odl;idl;hpj;bat;asm;asmx</Extensions>
    </Filter>
    <Filter Include="Header Files">
      <UniqueIdentifier>{93995380-89BD-4b04-88EB-625FBE52EBFB}</UniqueIdentifier>
      <Extensions>h;hh;hpp;hxx;hm;inl;inc;ipp;xsd</Extensions>
    </Filter>
    <Filter Include="Resource Files">
      <UniqueIdentifier>{67DA6AB6-F800-4c08-8B7A-83BB121AAD01}</UniqueIdentifier>
      <Extensions>rc;ico;cur;bmp;dlg;rc2;rct;bin;rgs;gif;jpg;jpeg;jpe;resx;tiff;tif;png;wav;mfcribbon-ms</Extensions>
    </Filter>
    <Filter Include="ORB">
      <UniqueIdentifier>{2257ae80-76b4-44c2-add2-3eb2c3e6dfc5}</UniqueIdentifier>
    </Filter>
    <Filter Include="ORB\Header Files">
      <UniqueIdentifier>{0e8342c0-94f7-4d78-ac3e-19956bd92002}</UniqueIdentifier>
      <Extensions>h;hh;hpp;hxx;hm;inl;inc;ipp;xsd</Extensions>
    </Filter>
    <Filter Include="ORB\Source Files">
      <UniqueIdentifier>{cbc529be-ae00-4986-85c3-46cb9b20d92f}</UniqueIdentifier>
      <Extensions>cpp;c;cc;cxx;def;odl;idl;hpj;bat;asm;asmx</Extensions>
    </Filter>
  </ItemGroup>
  <ItemGroup>
    <ClInclude Include="..\Core\Source\BackOff.h">
      <Filter>Header Files</Filter>
    </ClInclude>
    <ClInclude Include="..\Core\Source\core.h">
      <Filter>Header Files</Filter>
    </ClInclude>
    <ClInclude Include="..\Core\Source\ExecContext.h">
      <Filter>Header Files</Filter>
    </ClInclude>
    <ClInclude Include="..\Core\Source\ExecDomain.h">
      <Filter>Header Files</Filter>
    </ClInclude>
    <ClInclude Include="..\Core\Source\Heap.h">
      <Filter>Header Files</Filter>
    </ClInclude>
    <ClInclude Include="..\Core\Source\HeapDirectory.h">
      <Filter>Header Files</Filter>
    </ClInclude>
    <ClInclude Include="..\Core\Source\ObjectPool.h">
      <Filter>Header Files</Filter>
    </ClInclude>
    <ClInclude Include="..\Core\Source\PriorityQueue.h">
      <Filter>Header Files</Filter>
    </ClInclude>
    <ClInclude Include="..\Core\Source\ProtDomain.h">
      <Filter>Header Files</Filter>
    </ClInclude>
    <ClInclude Include="..\Core\Source\RandomGen.h">
      <Filter>Header Files</Filter>
    </ClInclude>
    <ClInclude Include="..\Core\Source\SchedulerImpl.h">
      <Filter>Header Files</Filter>
    </ClInclude>
    <ClInclude Include="..\Core\Source\SyncDomain.h">
      <Filter>Header Files</Filter>
    </ClInclude>
    <ClInclude Include="..\Core\Source\SysDomain.h">
      <Filter>Header Files</Filter>
    </ClInclude>
    <ClInclude Include="..\Core\Source\Thread.h">
      <Filter>Header Files</Filter>
    </ClInclude>
    <ClInclude Include="..\Core\Source\ThreadBackground.h">
      <Filter>Header Files</Filter>
    </ClInclude>
    <ClInclude Include="..\Core\Source\Scheduler.h">
      <Filter>Header Files</Filter>
    </ClInclude>
    <ClInclude Include="..\Core\Source\Executor.h">
      <Filter>Header Files</Filter>
    </ClInclude>
    <ClInclude Include="..\Core\Source\WaitablePtr.h">
      <Filter>Header Files</Filter>
    </ClInclude>
    <ClInclude Include="..\Core\Source\RWLock.h">
      <Filter>Header Files</Filter>
    </ClInclude>
    <ClInclude Include="..\Core\Source\ObjectMap.h">
      <Filter>Header Files</Filter>
    </ClInclude>
    <ClInclude Include="..\Core\Source\Allocators.h">
      <Filter>Header Files</Filter>
    </ClInclude>
    <ClInclude Include="..\Core\Source\Stack.h">
      <Filter>Header Files</Filter>
    </ClInclude>
    <ClInclude Include="..\Core\Source\TaggedPtr.h">
      <Filter>Header Files</Filter>
    </ClInclude>
    <ClInclude Include="..\Core\Source\AtomicCounter.h">
      <Filter>Header Files</Filter>
    </ClInclude>
    <ClInclude Include="..\Core\Source\Array.h">
      <Filter>Header Files</Filter>
    </ClInclude>
    <ClInclude Include="..\Core\Source\CoreInterface.h">
      <Filter>Header Files</Filter>
    </ClInclude>
    <ClInclude Include="..\Core\Source\ModuleInfo.h">
      <Filter>Header Files</Filter>
    </ClInclude>
    <ClInclude Include="..\Core\Source\Runnable.h">
      <Filter>Header Files</Filter>
    </ClInclude>
    <ClInclude Include="..\Core\Source\SynchronizationContext.h">
      <Filter>Header Files</Filter>
    </ClInclude>
    <ClInclude Include="..\Core\Source\Synchronized.h">
      <Filter>Header Files</Filter>
    </ClInclude>
    <ClInclude Include="..\Core\Source\ORB\CoreImpl.h">
      <Filter>ORB\Header Files</Filter>
    </ClInclude>
    <ClInclude Include="..\Core\Source\ORB\LocalObject.h">
      <Filter>ORB\Header Files</Filter>
    </ClInclude>
    <ClInclude Include="..\Core\Source\ORB\POA.h">
      <Filter>ORB\Header Files</Filter>
    </ClInclude>
    <ClInclude Include="..\Core\Source\ORB\ProxyLocal.h">
      <Filter>ORB\Header Files</Filter>
    </ClInclude>
    <ClInclude Include="..\Core\Source\ORB\ProxyManager.h">
      <Filter>ORB\Header Files</Filter>
    </ClInclude>
    <ClInclude Include="..\Core\Source\ORB\ProxyObject.h">
      <Filter>ORB\Header Files</Filter>
    </ClInclude>
    <ClInclude Include="..\Core\Source\ORB\ReferenceCounter.h">
      <Filter>ORB\Header Files</Filter>
    </ClInclude>
    <ClInclude Include="..\Core\Source\ORB\ServantBase.h">
      <Filter>ORB\Header Files</Filter>
    </ClInclude>
    <ClInclude Include="..\Core\Source\ORB\ServantMarshaler.h">
      <Filter>ORB\Header Files</Filter>
    </ClInclude>
    <ClInclude Include="..\Core\Source\ORB\ServantProxyBase.h">
      <Filter>ORB\Header Files</Filter>
    </ClInclude>
    <ClInclude Include="..\Core\Source\ORB\tc_impex.h">
      <Filter>ORB\Header Files</Filter>
    </ClInclude>
  </ItemGroup>
  <ItemGroup>
    <ClCompile Include="..\Core\Source\Core.cpp">
      <Filter>Source Files</Filter>
    </ClCompile>
    <ClCompile Include="..\Core\Source\ExecContext.cpp">
      <Filter>Source Files</Filter>
    </ClCompile>
    <ClCompile Include="..\Core\Source\ExecDomain.cpp">
      <Filter>Source Files</Filter>
    </ClCompile>
    <ClCompile Include="..\Core\Source\Heap.cpp">
      <Filter>Source Files</Filter>
    </ClCompile>
    <ClCompile Include="..\Core\Source\HeapDirectory.cpp">
      <Filter>Source Files</Filter>
    </ClCompile>
    <ClCompile Include="..\Core\Source\PriorityQueue.cpp">
      <Filter>Source Files</Filter>
    </ClCompile>
    <ClCompile Include="..\Core\Source\ProtDomain.cpp">
      <Filter>Source Files</Filter>
    </ClCompile>
    <ClCompile Include="..\Core\Source\RandomGen.cpp">
      <Filter>Source Files</Filter>
    </ClCompile>
    <ClCompile Include="..\Core\Source\SyncDomain.cpp">
      <Filter>Source Files</Filter>
    </ClCompile>
    <ClCompile Include="..\Core\Source\Thread.cpp">
      <Filter>Source Files</Filter>
    </ClCompile>
    <ClCompile Include="..\Core\Source\Scheduler.cpp">
      <Filter>Source Files</Filter>
    </ClCompile>
    <ClCompile Include="..\Core\Source\WaitablePtr.cpp">
      <Filter>Source Files</Filter>
    </ClCompile>
    <ClCompile Include="..\Core\Source\RWLock.cpp">
      <Filter>Source Files</Filter>
    </ClCompile>
    <ClCompile Include="..\Core\Source\ObjectMap.cpp">
      <Filter>Source Files</Filter>
    </ClCompile>
    <ClCompile Include="..\Core\Source\HeapFactoryImpl.cpp">
      <Filter>Source Files</Filter>
    </ClCompile>
    <ClCompile Include="..\Core\Source\ModuleInfo.cpp">
      <Filter>Source Files</Filter>
    </ClCompile>
    <ClCompile Include="..\Core\Source\ORB\POA.cpp">
      <Filter>ORB\Source Files</Filter>
    </ClCompile>
    <ClCompile Include="..\Core\Source\ORB\POA_p.cpp">
      <Filter>ORB\Source Files</Filter>
    </ClCompile>
    <ClCompile Include="..\Core\Source\ORB\ProxyLocal.cpp">
      <Filter>ORB\Source Files</Filter>
    </ClCompile>
    <ClCompile Include="..\Core\Source\ORB\ProxyManager.cpp">
      <Filter>ORB\Source Files</Filter>
    </ClCompile>
    <ClCompile Include="..\Core\Source\ORB\ProxyObject.cpp">
      <Filter>ORB\Source Files</Filter>
    </ClCompile>
    <ClCompile Include="..\Core\Source\ORB\ServantBase.cpp">
      <Filter>ORB\Source Files</Filter>
    </ClCompile>
    <ClCompile Include="..\Core\Source\ORB\ServantMarshaler.cpp">
      <Filter>ORB\Source Files</Filter>
    </ClCompile>
    <ClCompile Include="..\Core\Source\ORB\ServantProxyBase.cpp">
      <Filter>ORB\Source Files</Filter>
    </ClCompile>
    <ClCompile Include="..\Core\Source\ORB\tc_constants.cpp">
      <Filter>ORB\Source Files</Filter>
    </ClCompile>
    <ClCompile Include="..\Core\Source\ORB\tc_exceptions.cpp">
      <Filter>ORB\Source Files</Filter>
    </ClCompile>
    <ClCompile Include="..\Core\Source\ORB\TypeCode.cpp">
      <Filter>ORB\Source Files</Filter>
    </ClCompile>
    <ClCompile Include="..\Core\Source\BackOff.cpp">
      <Filter>Source Files</Filter>
    </ClCompile>
  </ItemGroup>
  <ItemGroup>
    <None Include="packages.config" />
  </ItemGroup>
</Project>