<?xml version="1.0" encoding="utf-8"?>
<Project ToolsVersion="4.0" xmlns="http://schemas.microsoft.com/developer/msbuild/2003">
  <ItemGroup>
    <Filter Include="Source Files">
      <UniqueIdentifier>{4FC737F1-C7A5-4376-A066-2A32D752A2FF}</UniqueIdentifier>
      <Extensions>cpp;c;cc;cxx;def;odl;idl;hpj;bat;asm;asmx</Extensions>
    </Filter>
    <Filter Include="Header Files">
      <UniqueIdentifier>{93995380-89BD-4b04-88EB-625FBE52EBFB}</UniqueIdentifier>
      <Extensions>h;hh;hpp;hxx;hm;inl;inc;ipp;xsd</Extensions>
    </Filter>
    <Filter Include="Resource Files">
      <UniqueIdentifier>{67DA6AB6-F800-4c08-8B7A-83BB121AAD01}</UniqueIdentifier>
      <Extensions>rc;ico;cur;bmp;dlg;rc2;rct;bin;rgs;gif;jpg;jpeg;jpe;resx;tiff;tif;png;wav;mfcribbon-ms</Extensions>
    </Filter>
    <Filter Include="Port">
      <UniqueIdentifier>{cfc5074f-550e-442e-8ca1-b28f0c10e11b}</UniqueIdentifier>
    </Filter>
  </ItemGroup>
  <ItemGroup>
    <ClCompile Include="..\Windows\Source\BufferPool.cpp">
      <Filter>Source Files</Filter>
    </ClCompile>
    <ClCompile Include="..\Windows\Source\Mailslot.cpp">
      <Filter>Source Files</Filter>
    </ClCompile>
    <ClCompile Include="..\Windows\Source\MailslotReader.cpp">
      <Filter>Source Files</Filter>
    </ClCompile>
    <ClCompile Include="..\Windows\Source\ExecContext.cpp">
      <Filter>Source Files</Filter>
    </ClCompile>
    <ClCompile Include="..\Windows\Source\ProtDomain.cpp">
      <Filter>Source Files</Filter>
    </ClCompile>
    <ClCompile Include="..\Windows\Source\Scheduler.cpp">
      <Filter>Source Files</Filter>
    </ClCompile>
    <ClCompile Include="..\Windows\Source\ThreadBackground.cpp">
      <Filter>Source Files</Filter>
    </ClCompile>
    <ClCompile Include="..\Windows\Source\ThreadWorker.cpp">
      <Filter>Source Files</Filter>
    </ClCompile>
    <ClCompile Include="..\Windows\Source\Thread.cpp">
      <Filter>Source Files</Filter>
    </ClCompile>
    <ClCompile Include="..\Windows\Source\unrecoverable_error.cpp">
      <Filter>Source Files</Filter>
    </ClCompile>
    <ClCompile Include="..\Windows\Source\SystemInfo.cpp">
      <Filter>Source Files</Filter>
    </ClCompile>
    <ClCompile Include="..\Windows\Source\CompletionPort.cpp">
      <Filter>Source Files</Filter>
    </ClCompile>
    <ClCompile Include="..\Windows\Source\SchedulerMaster.cpp">
      <Filter>Source Files</Filter>
    </ClCompile>
    <ClCompile Include="..\Windows\Source\SchedulerSlave.cpp">
      <Filter>Source Files</Filter>
    </ClCompile>
    <ClCompile Include="..\Windows\Source\ThreadPostman.cpp">
      <Filter>Source Files</Filter>
    </ClCompile>
    <ClCompile Include="..\Windows\Source\MailslotName.cpp">
      <Filter>Source Files</Filter>
    </ClCompile>
    <ClCompile Include="..\Windows\Source\WorkerSemaphore.cpp">
      <Filter>Source Files</Filter>
    </ClCompile>
    <ClCompile Include="..\Windows\Source\Memory.cpp">
      <Filter>Source Files</Filter>
    </ClCompile>
    <ClCompile Include="..\Windows\Source\MessageBroker.cpp">
      <Filter>Source Files</Filter>
    </ClCompile>
    <ClCompile Include="..\Windows\Source\shutdown.cpp">
      <Filter>Source Files</Filter>
    </ClCompile>
    <ClCompile Include="..\Windows\Source\ErrConsole.cpp">
      <Filter>Source Files</Filter>
    </ClCompile>
    <ClCompile Include="..\Windows\Source\nirvana.cpp">
      <Filter>Source Files</Filter>
    </ClCompile>
    <ClCompile Include="..\Windows\Source\gtest_sys.cpp">
      <Filter>Source Files</Filter>
    </ClCompile>
    <ClCompile Include="..\Windows\Source\Module.cpp">
      <Filter>Source Files</Filter>
    </ClCompile>
    <ClCompile Include="..\Windows\Source\Chrono.cpp">
      <Filter>Source Files</Filter>
    </ClCompile>
    <ClCompile Include="..\Windows\Source\FileAccess.cpp">
      <Filter>Source Files</Filter>
    </ClCompile>
    <ClCompile Include="..\Windows\Source\error2errno.cpp">
      <Filter>Source Files</Filter>
    </ClCompile>
    <ClCompile Include="..\Windows\Source\Debugger.cpp">
      <Filter>Source Files</Filter>
    </ClCompile>
    <ClCompile Include="..\Windows\Source\Console.cpp">
      <Filter>Source Files</Filter>
    </ClCompile>
    <ClCompile Include="..\Windows\Source\ex2signal.cpp">
      <Filter>Source Files</Filter>
    </ClCompile>
    <ClCompile Include="..\Windows\Source\ESIOP.cpp">
      <Filter>Source Files</Filter>
    </ClCompile>
    <ClCompile Include="..\Windows\Source\OtherDomain.cpp">
      <Filter>Source Files</Filter>
    </ClCompile>
    <ClCompile Include="..\Windows\Source\rewolf-wow64ext\src\wow64ext.cpp">
      <Filter>Source Files</Filter>
    </ClCompile>
    <ClCompile Include="..\Windows\Source\app_data.cpp">
      <Filter>Source Files</Filter>
    </ClCompile>
    <ClCompile Include="..\Windows\Source\ProcessWatchdog.cpp">
      <Filter>Source Files</Filter>
    </ClCompile>
    <ClCompile Include="..\Windows\Source\PostOffice.cpp">
      <Filter>Source Files</Filter>
    </ClCompile>
  </ItemGroup>
  <ItemGroup>
    <ClInclude Include="..\Windows\Source\AddressSpace.h">
      <Filter>Header Files</Filter>
    </ClInclude>
    <ClInclude Include="..\Windows\Source\BufferPool.h">
      <Filter>Header Files</Filter>
    </ClInclude>
    <ClInclude Include="..\Windows\Source\CompletionPortReceiver.h">
      <Filter>Header Files</Filter>
    </ClInclude>
    <ClInclude Include="..\Windows\Source\Mailslot.h">
      <Filter>Header Files</Filter>
    </ClInclude>
    <ClInclude Include="..\Windows\Source\MailslotReader.h">
      <Filter>Header Files</Filter>
    </ClInclude>
    <ClInclude Include="..\Windows\Source\PostOffice.h">
      <Filter>Header Files</Filter>
    </ClInclude>
    <ClInclude Include="..\Windows\Source\ThreadPool.h">
      <Filter>Header Files</Filter>
    </ClInclude>
    <ClInclude Include="..\Windows\Source\win32.h">
      <Filter>Header Files</Filter>
    </ClInclude>
    <ClInclude Include="..\Windows\Source\WorkerThreads.h">
      <Filter>Header Files</Filter>
    </ClInclude>
    <ClInclude Include="..\Windows\Port\BackOff.h">
      <Filter>Port</Filter>
    </ClInclude>
    <ClInclude Include="..\Windows\Port\ExecContext.h">
      <Filter>Port</Filter>
    </ClInclude>
    <ClInclude Include="..\Windows\Port\ProtDomain.h">
      <Filter>Port</Filter>
    </ClInclude>
    <ClInclude Include="..\Windows\Port\ThreadBackground.h">
      <Filter>Port</Filter>
    </ClInclude>
    <ClInclude Include="..\Windows\Port\Scheduler.h">
      <Filter>Port</Filter>
    </ClInclude>
    <ClInclude Include="..\Windows\Source\SchedulerAbstract.h">
      <Filter>Header Files</Filter>
    </ClInclude>
    <ClInclude Include="..\Windows\Port\config.h">
      <Filter>Port</Filter>
    </ClInclude>
    <ClInclude Include="..\Windows\Source\LockableHandle.h">
      <Filter>Header Files</Filter>
    </ClInclude>
    <ClInclude Include="..\Windows\Port\Thread.h">
      <Filter>Port</Filter>
    </ClInclude>
    <ClInclude Include="..\Windows\Source\CompletionPort.h">
      <Filter>Header Files</Filter>
    </ClInclude>
    <ClInclude Include="..\Windows\Port\SystemInfo.h">
      <Filter>Port</Filter>
    </ClInclude>
    <ClInclude Include="..\Windows\Source\Thread.inl">
      <Filter>Header Files</Filter>
    </ClInclude>
    <ClInclude Include="..\Windows\Source\SchedulerMaster.h">
      <Filter>Header Files</Filter>
    </ClInclude>
    <ClInclude Include="..\Windows\Source\SchedulerSlave.h">
      <Filter>Header Files</Filter>
    </ClInclude>
    <ClInclude Include="..\Windows\Source\ThreadPostman.h">
      <Filter>Header Files</Filter>
    </ClInclude>
    <ClInclude Include="..\Windows\Source\MessageBroker.h">
      <Filter>Header Files</Filter>
    </ClInclude>
    <ClInclude Include="..\Windows\Source\SchedulerMessage.h">
      <Filter>Header Files</Filter>
    </ClInclude>
    <ClInclude Include="..\Windows\Source\MailslotName.h">
      <Filter>Header Files</Filter>
    </ClInclude>
    <ClInclude Include="..\Windows\Source\WorkerSemaphore.h">
      <Filter>Header Files</Filter>
    </ClInclude>
    <ClInclude Include="..\Windows\Source\ThreadWorker.h">
      <Filter>Header Files</Filter>
    </ClInclude>
    <ClInclude Include="..\Windows\Source\ExecContext.inl">
      <Filter>Header Files</Filter>
    </ClInclude>
    <ClInclude Include="..\Windows\Source\SchedulerBase.h">
      <Filter>Header Files</Filter>
    </ClInclude>
    <ClInclude Include="..\Windows\Port\Memory.h">
      <Filter>Port</Filter>
    </ClInclude>
    <ClInclude Include="..\Windows\Source\Memory.inl">
      <Filter>Header Files</Filter>
    </ClInclude>
    <ClInclude Include="..\Windows\Source\shutdown.h">
      <Filter>Header Files</Filter>
    </ClInclude>
    <ClInclude Include="..\Windows\Source\ErrConsole.h">
      <Filter>Header Files</Filter>
    </ClInclude>
    <ClInclude Include="..\Windows\Source\initialize.h">
      <Filter>Header Files</Filter>
    </ClInclude>
    <ClInclude Include="..\Windows\Source\start.h">
      <Filter>Header Files</Filter>
    </ClInclude>
    <ClInclude Include="..\Windows\Source\CmdLineParser.h">
      <Filter>Header Files</Filter>
    </ClInclude>
    <ClInclude Include="..\Windows\Port\Module.h">
      <Filter>Port</Filter>
    </ClInclude>
    <ClInclude Include="..\Windows\Port\Chrono.h">
      <Filter>Port</Filter>
    </ClInclude>
    <ClInclude Include="..\Windows\Source\WinWChar.h">
      <Filter>Header Files</Filter>
    </ClInclude>
    <ClInclude Include="..\Windows\Port\FileAccess.h">
      <Filter>Port</Filter>
    </ClInclude>
    <ClInclude Include="..\Windows\Source\error2errno.h">
      <Filter>Header Files</Filter>
    </ClInclude>
    <ClInclude Include="..\Windows\Port\Debugger.h">
      <Filter>Port</Filter>
    </ClInclude>
    <ClInclude Include="..\Windows\Port\Console.h">
      <Filter>Port</Filter>
    </ClInclude>
    <ClInclude Include="..\Windows\Source\ex2signal.h">
      <Filter>Header Files</Filter>
    </ClInclude>
    <ClInclude Include="..\Windows\Port\ESIOP.h">
      <Filter>Port</Filter>
    </ClInclude>
    <ClInclude Include="..\Windows\Port\OtherDomain.h">
      <Filter>Port</Filter>
    </ClInclude>
    <ClInclude Include="..\Windows\Source\AddressSpace.inl">
      <Filter>Header Files</Filter>
    </ClInclude>
    <ClInclude Include="..\Windows\Source\OtherSpace.h">
      <Filter>Header Files</Filter>
    </ClInclude>
    <ClInclude Include="..\Windows\Source\ProcessWatchdog.h">
      <Filter>Header Files</Filter>
    </ClInclude>
    <ClInclude Include="..\Windows\Source\app_data.h">
      <Filter>Header Files</Filter>
    </ClInclude>
    <ClInclude Include="..\Windows\Port\PostOffice.h">
      <Filter>Port</Filter>
    </ClInclude>
  </ItemGroup>
  <ItemGroup>
    <None Include="..\Windows\Source\OtherSpace.inl">
      <Filter>Header Files</Filter>
    </None>
  </ItemGroup>
</Project>