<?xml version="1.0" encoding="utf-8"?>
<Project ToolsVersion="4.0" xmlns="http://schemas.microsoft.com/developer/msbuild/2003">
  <ItemGroup>
    <Filter Include="Source Files">
      <UniqueIdentifier>{4FC737F1-C7A5-4376-A066-2A32D752A2FF}</UniqueIdentifier>
      <Extensions>cpp;c;cc;cxx;c++;cppm;ixx;def;odl;idl;hpj;bat;asm;asmx</Extensions>
    </Filter>
    <Filter Include="Header Files">
      <UniqueIdentifier>{93995380-89BD-4b04-88EB-625FBE52EBFB}</UniqueIdentifier>
      <Extensions>h;hh;hpp;hxx;h++;hm;inl;inc;ipp;xsd</Extensions>
    </Filter>
    <Filter Include="Resource Files">
      <UniqueIdentifier>{67DA6AB6-F800-4c08-8B7A-83BB121AAD01}</UniqueIdentifier>
      <Extensions>rc;ico;cur;bmp;dlg;rc2;rct;bin;rgs;gif;jpg;jpeg;jpe;resx;tiff;tif;png;wav;mfcribbon-ms</Extensions>
    </Filter>
    <Filter Include="CoreObjects">
      <UniqueIdentifier>{b120a8c0-d1b1-48c7-8d57-f05ffe357249}</UniqueIdentifier>
    </Filter>
    <Filter Include="CoreObjects\ORB">
      <UniqueIdentifier>{a26fd4c7-bf8a-4f4f-89ee-89fd158a50e8}</UniqueIdentifier>
    </Filter>
  </ItemGroup>
  <ItemGroup>
    <ClCompile Include="..\Core\Test\TestSystem\TestSystem.cpp">
      <Filter>Source Files</Filter>
    </ClCompile>
    <ClCompile Include="..\Core\Objects\g_memory.cpp">
      <Filter>CoreObjects</Filter>
    </ClCompile>
    <ClCompile Include="..\Core\Objects\g_runtime_support.cpp">
      <Filter>CoreObjects</Filter>
    </ClCompile>
    <ClCompile Include="..\Core\Objects\ORB\POA.cpp">
      <Filter>CoreObjects\ORB</Filter>
    </ClCompile>
    <ClCompile Include="..\Core\Objects\ORB\POA_p.cpp">
      <Filter>CoreObjects\ORB</Filter>
    </ClCompile>
    <ClCompile Include="..\Core\Objects\ORB\tc_constants.cpp">
      <Filter>CoreObjects\ORB</Filter>
    </ClCompile>
    <ClCompile Include="..\Core\Objects\ORB\tc_exceptions.cpp">
      <Filter>CoreObjects\ORB</Filter>
    </ClCompile>
    <ClCompile Include="..\Core\Objects\ORB\TypeCode.cpp">
      <Filter>CoreObjects\ORB</Filter>
    </ClCompile>
  </ItemGroup>
  <ItemGroup>
    <ClInclude Include="..\Core\Objects\ORB\tc_impex.h">
      <Filter>CoreObjects\ORB</Filter>
    </ClInclude>
  </ItemGroup>
</Project>