<?xml version="1.0" encoding="utf-8"?>
<Project ToolsVersion="4.0" xmlns="http://schemas.microsoft.com/developer/msbuild/2003">
  <ItemGroup>
    <Filter Include="Source Files">
      <UniqueIdentifier>{4FC737F1-C7A5-4376-A066-2A32D752A2FF}</UniqueIdentifier>
      <Extensions>cpp;c;cc;cxx;def;odl;idl;hpj;bat;asm;asmx</Extensions>
    </Filter>
    <Filter Include="Header Files">
      <UniqueIdentifier>{93995380-89BD-4b04-88EB-625FBE52EBFB}</UniqueIdentifier>
      <Extensions>h;hh;hpp;hxx;hm;inl;inc;ipp;xsd</Extensions>
    </Filter>
    <Filter Include="Resource Files">
      <UniqueIdentifier>{67DA6AB6-F800-4c08-8B7A-83BB121AAD01}</UniqueIdentifier>
      <Extensions>rc;ico;cur;bmp;dlg;rc2;rct;bin;rgs;gif;jpg;jpeg;jpe;resx;tiff;tif;png;wav;mfcribbon-ms</Extensions>
    </Filter>
    <Filter Include="Source Files\Generated">
      <UniqueIdentifier>{b703fa1a-e05c-4e31-a7eb-bafb62d028da}</UniqueIdentifier>
    </Filter>
  </ItemGroup>
  <ItemGroup>
    <ClCompile Include="..\Core\Exports\exports.cpp">
      <Filter>Source Files</Filter>
    </ClCompile>
    <ClCompile Include="..\Core\Exports\g_memory.cpp">
      <Filter>Source Files</Filter>
    </ClCompile>
    <ClCompile Include="..\Core\Exports\g_system.cpp">
      <Filter>Source Files</Filter>
    </ClCompile>
    <ClCompile Include="..\Core\Exports\g_ORB.cpp">
      <Filter>Source Files</Filter>
    </ClCompile>
    <ClCompile Include="..\Core\Exports\g_factory.cpp">
      <Filter>Source Files</Filter>
    </ClCompile>
    <ClCompile Include="..\Core\Exports\Launcher.cpp">
      <Filter>Source Files</Filter>
    </ClCompile>
    <ClCompile Include="..\Core\Exports\g_object_factory.cpp">
      <Filter>Source Files</Filter>
    </ClCompile>
    <ClCompile Include="..\Core\Exports\IDL\BiDirPolicy.cpp">
      <Filter>Source Files\Generated</Filter>
    </ClCompile>
    <ClCompile Include="..\Core\Exports\IDL\BiDirPolicy_p.cpp">
      <Filter>Source Files\Generated</Filter>
    </ClCompile>
    <ClCompile Include="..\Core\Exports\IDL\CoreDomains.cpp">
      <Filter>Source Files\Generated</Filter>
    </ClCompile>
    <ClCompile Include="..\Core\Exports\IDL\CoreDomains_p.cpp">
      <Filter>Source Files\Generated</Filter>
    </ClCompile>
    <ClCompile Include="..\Core\Exports\IDL\CosEventComm_p.cpp">
      <Filter>Source Files\Generated</Filter>
    </ClCompile>
    <ClCompile Include="..\Core\Exports\IDL\CosNaming_p.cpp">
      <Filter>Source Files\Generated</Filter>
    </ClCompile>
    <ClCompile Include="..\Core\Exports\IDL\CosTime_p.cpp">
      <Filter>Source Files\Generated</Filter>
    </ClCompile>
    <ClCompile Include="..\Core\Exports\IDL\CosTimerEvent_p.cpp">
      <Filter>Source Files\Generated</Filter>
    </ClCompile>
    <ClCompile Include="..\Core\Exports\IDL\CSI.cpp">
      <Filter>Source Files\Generated</Filter>
    </ClCompile>
    <ClCompile Include="..\Core\Exports\IDL\CSIIOP.cpp">
      <Filter>Source Files\Generated</Filter>
    </ClCompile>
    <ClCompile Include="..\Core\Exports\IDL\Current_p.cpp">
      <Filter>Source Files\Generated</Filter>
    </ClCompile>
    <ClCompile Include="..\Core\Exports\IDL\DomainManager_p.cpp">
      <Filter>Source Files\Generated</Filter>
    </ClCompile>
    <ClCompile Include="..\Core\Exports\IDL\Domains_p.cpp">
      <Filter>Source Files\Generated</Filter>
    </ClCompile>
    <ClCompile Include="..\Core\Exports\IDL\Dynamic_p.cpp">
      <Filter>Source Files\Generated</Filter>
    </ClCompile>
    <ClCompile Include="..\Core\Exports\IDL\File_p.cpp">
      <Filter>Source Files\Generated</Filter>
    </ClCompile>
    <ClCompile Include="..\Core\Exports\IDL\GIOP.cpp">
      <Filter>Source Files\Generated</Filter>
    </ClCompile>
    <ClCompile Include="..\Core\Exports\IDL\GSSUP.cpp">
      <Filter>Source Files\Generated</Filter>
    </ClCompile>
    <ClCompile Include="..\Core\Exports\IDL\IIOP.cpp">
      <Filter>Source Files\Generated</Filter>
    </ClCompile>
    <ClCompile Include="..\Core\Exports\IDL\InterfaceRepository_p.cpp">
      <Filter>Source Files\Generated</Filter>
    </ClCompile>
    <ClCompile Include="..\Core\Exports\IDL\Legacy_Process_p.cpp">
      <Filter>Source Files\Generated</Filter>
    </ClCompile>
    <ClCompile Include="..\Core\Exports\IDL\Messaging_p.cpp">
      <Filter>Source Files\Generated</Filter>
    </ClCompile>
    <ClCompile Include="..\Core\Exports\IDL\ORB_p.cpp">
      <Filter>Source Files\Generated</Filter>
    </ClCompile>
    <ClCompile Include="..\Core\Exports\IDL\Policy_p.cpp">
      <Filter>Source Files\Generated</Filter>
    </ClCompile>
    <ClCompile Include="..\Core\Exports\IDL\Pollable_p.cpp">
      <Filter>Source Files\Generated</Filter>
    </ClCompile>
    <ClCompile Include="..\Core\Exports\IDL\PortableServer_p.cpp">
      <Filter>Source Files\Generated</Filter>
    </ClCompile>
    <ClCompile Include="..\Core\Exports\IDL\RuntimeError_p.cpp">
      <Filter>Source Files\Generated</Filter>
    </ClCompile>
    <ClCompile Include="..\Core\Exports\IDL\TC_Factory.cpp">
      <Filter>Source Files\Generated</Filter>
    </ClCompile>
    <ClCompile Include="..\Core\Exports\IDL\TC_Factory_p.cpp">
      <Filter>Source Files\Generated</Filter>
    </ClCompile>
    <ClCompile Include="..\Core\Exports\IDL\TCKind_p.cpp">
      <Filter>Source Files\Generated</Filter>
    </ClCompile>
    <ClCompile Include="..\Core\Exports\IDL\TimeBase_p.cpp">
      <Filter>Source Files\Generated</Filter>
    </ClCompile>
    <ClCompile Include="..\Core\Exports\IDL\TypeCode_p.cpp">
      <Filter>Source Files\Generated</Filter>
    </ClCompile>
    <ClCompile Include="..\Core\Exports\IDL\FT_p.cpp">
      <Filter>Source Files\Generated</Filter>
    </ClCompile>
    <ClCompile Include="..\Core\Exports\IDL\NirvanaDGC_p.cpp">
      <Filter>Source Files\Generated</Filter>
    </ClCompile>
  </ItemGroup>
</Project>